Microsoft Visual Studio Solution File, Format Version 12.00
# Visual Studio 2013
VisualStudioVersion = 12.0.40629.0
MinimumVisualStudioVersion = 10.0.40219.1
Project("{FAE04EC0-301F-11D3-BF4B-00C04F79EFBC}") = "BrainSimulator", "Platform\BrainSimulator\BrainSimulator.csproj", "{E45FA5B2-15E6-49E5-ABE5-18FE9A7D027D}"
EndProject
Project("{FAE04EC0-301F-11D3-BF4B-00C04F79EFBC}") = "Core", "Platform\Core\Core.csproj", "{91324E64-9B84-4312-9E55-5A77DF07DA1B}"
EndProject
Project("{FAE04EC0-301F-11D3-BF4B-00C04F79EFBC}") = "BasicNodes", "Modules\BasicNodes\Module\BasicNodes.csproj", "{C8A4992F-F2CB-40E7-92AA-7D4239653517}"
	ProjectSection(ProjectDependencies) = postProject
		{72423431-4A15-4E8D-B987-8E684BD730FE} = {72423431-4A15-4E8D-B987-8E684BD730FE}
	EndProjectSection
EndProject
Project("{8BC9CEB8-8B4A-11D0-8D11-00A0C91BC942}") = "BasicNodesCuda", "Modules\BasicNodes\Cuda\BasicNodesCuda.vcxproj", "{72423431-4A15-4E8D-B987-8E684BD730FE}"
EndProject
Project("{FAE04EC0-301F-11D3-BF4B-00C04F79EFBC}") = "MNIST", "Modules\MNIST\Module\MNIST.csproj", "{EDC96485-A8A9-414C-A7D9-65EC0B817732}"
EndProject
Project("{FAE04EC0-301F-11D3-BF4B-00C04F79EFBC}") = "XmlFeedForwardNet", "Modules\XmlFeedForwardNet\Module\XmlFeedForwardNet.csproj", "{D2A13F94-2024-4E44-B25E-8ED038A59CE2}"
EndProject
Project("{8BC9CEB8-8B4A-11D0-8D11-00A0C91BC942}") = "XmlFeedForwardNetCuda", "Modules\XmlFeedForwardNet\Cuda\XmlFeedForwardNetCuda.vcxproj", "{3FCE570F-5623-4F2F-9AA5-641747EC7BFB}"
EndProject
Project("{FAE04EC0-301F-11D3-BF4B-00C04F79EFBC}") = "SoundWorld", "Modules\SoundWorld\Module\SoundWorld.csproj", "{A0084F22-B436-4068-8F18-EC182EE78927}"
EndProject
Project("{2150E333-8FDC-42A3-9474-1A3956D46DE8}") = "Tests", "Tests", "{772FEA22-0714-4097-9D81-8BE4D607E6E7}"
EndProject
Project("{FAE04EC0-301F-11D3-BF4B-00C04F79EFBC}") = "CoreTests", "CoreTests\CoreTests.csproj", "{7D292A38-6B3B-4DF3-A2EB-E2056FE36CEE}"
EndProject
Project("{2150E333-8FDC-42A3-9474-1A3956D46DE8}") = ".nuget", ".nuget", "{DD234EF1-5B73-4712-8BA5-8EF290E4D7DD}"
	ProjectSection(SolutionItems) = preProject
		.nuget\NuGet.Config = .nuget\NuGet.Config
		.nuget\NuGet.exe = .nuget\NuGet.exe
		.nuget\NuGet.targets = .nuget\NuGet.targets
	EndProjectSection
EndProject
Project("{FAE04EC0-301F-11D3-BF4B-00C04F79EFBC}") = "CLIWrapper", "CLIWrapper\CLIWrapper.csproj", "{0E37A51B-FA28-42A1-ADB3-0A7DBA655D48}"
EndProject
Project("{FAE04EC0-301F-11D3-BF4B-00C04F79EFBC}") = "CLIProgram", "CLIProgram\CLIProgram.csproj", "{18DB0A95-F3A0-4B44-BC90-BB43DE0FDB96}"
EndProject
Project("{FAE04EC0-301F-11D3-BF4B-00C04F79EFBC}") = "CLIUnitsTests", "CLIUnitTests\CLIUnitsTests.csproj", "{99B243CD-7E7A-4A08-B8B4-42E52051F867}"
EndProject
Global
	GlobalSection(SolutionConfigurationPlatforms) = preSolution
		Debug|Any CPU = Debug|Any CPU
		Debug|Any CPU (skip CUDA) = Debug|Any CPU (skip CUDA)
		Debug|Any CPU (x64 CUDA) = Debug|Any CPU (x64 CUDA)
		Debug|Mixed Platforms = Debug|Mixed Platforms
		Release|Any CPU = Release|Any CPU
		Release|Any CPU (skip CUDA) = Release|Any CPU (skip CUDA)
		Release|Any CPU (x64 CUDA) = Release|Any CPU (x64 CUDA)
		Release|Mixed Platforms = Release|Mixed Platforms
	EndGlobalSection
	GlobalSection(ProjectConfigurationPlatforms) = postSolution
		{E45FA5B2-15E6-49E5-ABE5-18FE9A7D027D}.Debug|Any CPU.ActiveCfg = Debug|Any CPU
		{E45FA5B2-15E6-49E5-ABE5-18FE9A7D027D}.Debug|Any CPU.Build.0 = Debug|Any CPU
		{E45FA5B2-15E6-49E5-ABE5-18FE9A7D027D}.Debug|Any CPU (skip CUDA).ActiveCfg = Debug|Any CPU
		{E45FA5B2-15E6-49E5-ABE5-18FE9A7D027D}.Debug|Any CPU (skip CUDA).Build.0 = Debug|Any CPU
		{E45FA5B2-15E6-49E5-ABE5-18FE9A7D027D}.Debug|Any CPU (x64 CUDA).ActiveCfg = Debug|Any CPU
		{E45FA5B2-15E6-49E5-ABE5-18FE9A7D027D}.Debug|Any CPU (x64 CUDA).Build.0 = Debug|Any CPU
		{E45FA5B2-15E6-49E5-ABE5-18FE9A7D027D}.Debug|Mixed Platforms.ActiveCfg = Debug|Any CPU
		{E45FA5B2-15E6-49E5-ABE5-18FE9A7D027D}.Debug|Mixed Platforms.Build.0 = Debug|Any CPU
		{E45FA5B2-15E6-49E5-ABE5-18FE9A7D027D}.Release|Any CPU.ActiveCfg = Release|Any CPU
		{E45FA5B2-15E6-49E5-ABE5-18FE9A7D027D}.Release|Any CPU.Build.0 = Release|Any CPU
		{E45FA5B2-15E6-49E5-ABE5-18FE9A7D027D}.Release|Any CPU (skip CUDA).ActiveCfg = Release|Any CPU
		{E45FA5B2-15E6-49E5-ABE5-18FE9A7D027D}.Release|Any CPU (skip CUDA).Build.0 = Release|Any CPU
		{E45FA5B2-15E6-49E5-ABE5-18FE9A7D027D}.Release|Any CPU (x64 CUDA).ActiveCfg = Release|Any CPU
		{E45FA5B2-15E6-49E5-ABE5-18FE9A7D027D}.Release|Any CPU (x64 CUDA).Build.0 = Release|Any CPU
		{E45FA5B2-15E6-49E5-ABE5-18FE9A7D027D}.Release|Mixed Platforms.ActiveCfg = Release|Any CPU
		{E45FA5B2-15E6-49E5-ABE5-18FE9A7D027D}.Release|Mixed Platforms.Build.0 = Release|Any CPU
		{91324E64-9B84-4312-9E55-5A77DF07DA1B}.Debug|Any CPU.ActiveCfg = Debug|Any CPU
		{91324E64-9B84-4312-9E55-5A77DF07DA1B}.Debug|Any CPU.Build.0 = Debug|Any CPU
		{91324E64-9B84-4312-9E55-5A77DF07DA1B}.Debug|Any CPU (skip CUDA).ActiveCfg = Debug|Any CPU
		{91324E64-9B84-4312-9E55-5A77DF07DA1B}.Debug|Any CPU (skip CUDA).Build.0 = Debug|Any CPU
		{91324E64-9B84-4312-9E55-5A77DF07DA1B}.Debug|Any CPU (x64 CUDA).ActiveCfg = Debug|Any CPU
		{91324E64-9B84-4312-9E55-5A77DF07DA1B}.Debug|Any CPU (x64 CUDA).Build.0 = Debug|Any CPU
		{91324E64-9B84-4312-9E55-5A77DF07DA1B}.Debug|Mixed Platforms.ActiveCfg = Debug|Any CPU
		{91324E64-9B84-4312-9E55-5A77DF07DA1B}.Debug|Mixed Platforms.Build.0 = Debug|Any CPU
		{91324E64-9B84-4312-9E55-5A77DF07DA1B}.Release|Any CPU.ActiveCfg = Release|Any CPU
		{91324E64-9B84-4312-9E55-5A77DF07DA1B}.Release|Any CPU.Build.0 = Release|Any CPU
		{91324E64-9B84-4312-9E55-5A77DF07DA1B}.Release|Any CPU (skip CUDA).ActiveCfg = Release|Any CPU
		{91324E64-9B84-4312-9E55-5A77DF07DA1B}.Release|Any CPU (skip CUDA).Build.0 = Release|Any CPU
		{91324E64-9B84-4312-9E55-5A77DF07DA1B}.Release|Any CPU (x64 CUDA).ActiveCfg = Release|Any CPU
		{91324E64-9B84-4312-9E55-5A77DF07DA1B}.Release|Any CPU (x64 CUDA).Build.0 = Release|Any CPU
		{91324E64-9B84-4312-9E55-5A77DF07DA1B}.Release|Mixed Platforms.ActiveCfg = Release|Any CPU
		{91324E64-9B84-4312-9E55-5A77DF07DA1B}.Release|Mixed Platforms.Build.0 = Release|Any CPU
		{C8A4992F-F2CB-40E7-92AA-7D4239653517}.Debug|Any CPU.ActiveCfg = Debug|Any CPU
		{C8A4992F-F2CB-40E7-92AA-7D4239653517}.Debug|Any CPU.Build.0 = Debug|Any CPU
		{C8A4992F-F2CB-40E7-92AA-7D4239653517}.Debug|Any CPU (skip CUDA).ActiveCfg = Debug|Any CPU
		{C8A4992F-F2CB-40E7-92AA-7D4239653517}.Debug|Any CPU (skip CUDA).Build.0 = Debug|Any CPU
		{C8A4992F-F2CB-40E7-92AA-7D4239653517}.Debug|Any CPU (x64 CUDA).ActiveCfg = Debug|Any CPU
		{C8A4992F-F2CB-40E7-92AA-7D4239653517}.Debug|Any CPU (x64 CUDA).Build.0 = Debug|Any CPU
		{C8A4992F-F2CB-40E7-92AA-7D4239653517}.Debug|Mixed Platforms.ActiveCfg = Debug|x86
		{C8A4992F-F2CB-40E7-92AA-7D4239653517}.Debug|Mixed Platforms.Build.0 = Debug|x86
		{C8A4992F-F2CB-40E7-92AA-7D4239653517}.Release|Any CPU.ActiveCfg = Release|Any CPU
		{C8A4992F-F2CB-40E7-92AA-7D4239653517}.Release|Any CPU.Build.0 = Release|Any CPU
		{C8A4992F-F2CB-40E7-92AA-7D4239653517}.Release|Any CPU (skip CUDA).ActiveCfg = Release|Any CPU
		{C8A4992F-F2CB-40E7-92AA-7D4239653517}.Release|Any CPU (skip CUDA).Build.0 = Release|Any CPU
		{C8A4992F-F2CB-40E7-92AA-7D4239653517}.Release|Any CPU (x64 CUDA).ActiveCfg = Release|Any CPU
		{C8A4992F-F2CB-40E7-92AA-7D4239653517}.Release|Any CPU (x64 CUDA).Build.0 = Release|Any CPU
		{C8A4992F-F2CB-40E7-92AA-7D4239653517}.Release|Mixed Platforms.ActiveCfg = Release|x86
		{C8A4992F-F2CB-40E7-92AA-7D4239653517}.Release|Mixed Platforms.Build.0 = Release|x86
		{72423431-4A15-4E8D-B987-8E684BD730FE}.Debug|Any CPU.ActiveCfg = Debug|x64
		{72423431-4A15-4E8D-B987-8E684BD730FE}.Debug|Any CPU (skip CUDA).ActiveCfg = Debug|x64
		{72423431-4A15-4E8D-B987-8E684BD730FE}.Debug|Any CPU (x64 CUDA).ActiveCfg = Debug|x64
		{72423431-4A15-4E8D-B987-8E684BD730FE}.Debug|Any CPU (x64 CUDA).Build.0 = Debug|x64
		{72423431-4A15-4E8D-B987-8E684BD730FE}.Debug|Mixed Platforms.ActiveCfg = Debug|Win32
		{72423431-4A15-4E8D-B987-8E684BD730FE}.Debug|Mixed Platforms.Build.0 = Debug|Win32
		{72423431-4A15-4E8D-B987-8E684BD730FE}.Release|Any CPU.ActiveCfg = Release|Win32
		{72423431-4A15-4E8D-B987-8E684BD730FE}.Release|Any CPU (skip CUDA).ActiveCfg = Release|x64
		{72423431-4A15-4E8D-B987-8E684BD730FE}.Release|Any CPU (x64 CUDA).ActiveCfg = Release|x64
		{72423431-4A15-4E8D-B987-8E684BD730FE}.Release|Any CPU (x64 CUDA).Build.0 = Release|x64
		{72423431-4A15-4E8D-B987-8E684BD730FE}.Release|Mixed Platforms.ActiveCfg = Release|Win32
		{72423431-4A15-4E8D-B987-8E684BD730FE}.Release|Mixed Platforms.Build.0 = Release|Win32
		{EDC96485-A8A9-414C-A7D9-65EC0B817732}.Debug|Any CPU.ActiveCfg = Debug|Any CPU
		{EDC96485-A8A9-414C-A7D9-65EC0B817732}.Debug|Any CPU.Build.0 = Debug|Any CPU
		{EDC96485-A8A9-414C-A7D9-65EC0B817732}.Debug|Any CPU (skip CUDA).ActiveCfg = Debug|Any CPU
		{EDC96485-A8A9-414C-A7D9-65EC0B817732}.Debug|Any CPU (skip CUDA).Build.0 = Debug|Any CPU
		{EDC96485-A8A9-414C-A7D9-65EC0B817732}.Debug|Any CPU (x64 CUDA).ActiveCfg = Debug|Any CPU
		{EDC96485-A8A9-414C-A7D9-65EC0B817732}.Debug|Any CPU (x64 CUDA).Build.0 = Debug|Any CPU
		{EDC96485-A8A9-414C-A7D9-65EC0B817732}.Debug|Mixed Platforms.ActiveCfg = Debug|Any CPU
		{EDC96485-A8A9-414C-A7D9-65EC0B817732}.Debug|Mixed Platforms.Build.0 = Debug|Any CPU
		{EDC96485-A8A9-414C-A7D9-65EC0B817732}.Release|Any CPU.ActiveCfg = Release|Any CPU
		{EDC96485-A8A9-414C-A7D9-65EC0B817732}.Release|Any CPU.Build.0 = Release|Any CPU
		{EDC96485-A8A9-414C-A7D9-65EC0B817732}.Release|Any CPU (skip CUDA).ActiveCfg = Release|Any CPU
		{EDC96485-A8A9-414C-A7D9-65EC0B817732}.Release|Any CPU (skip CUDA).Build.0 = Release|Any CPU
		{EDC96485-A8A9-414C-A7D9-65EC0B817732}.Release|Any CPU (x64 CUDA).ActiveCfg = Release|Any CPU
		{EDC96485-A8A9-414C-A7D9-65EC0B817732}.Release|Any CPU (x64 CUDA).Build.0 = Release|Any CPU
		{EDC96485-A8A9-414C-A7D9-65EC0B817732}.Release|Mixed Platforms.ActiveCfg = Release|Any CPU
		{EDC96485-A8A9-414C-A7D9-65EC0B817732}.Release|Mixed Platforms.Build.0 = Release|Any CPU
		{D2A13F94-2024-4E44-B25E-8ED038A59CE2}.Debug|Any CPU.ActiveCfg = Debug|Any CPU
		{D2A13F94-2024-4E44-B25E-8ED038A59CE2}.Debug|Any CPU.Build.0 = Debug|Any CPU
		{D2A13F94-2024-4E44-B25E-8ED038A59CE2}.Debug|Any CPU (skip CUDA).ActiveCfg = Debug|Any CPU
		{D2A13F94-2024-4E44-B25E-8ED038A59CE2}.Debug|Any CPU (skip CUDA).Build.0 = Debug|Any CPU
		{D2A13F94-2024-4E44-B25E-8ED038A59CE2}.Debug|Any CPU (x64 CUDA).ActiveCfg = Debug|Any CPU
		{D2A13F94-2024-4E44-B25E-8ED038A59CE2}.Debug|Any CPU (x64 CUDA).Build.0 = Debug|Any CPU
		{D2A13F94-2024-4E44-B25E-8ED038A59CE2}.Debug|Mixed Platforms.ActiveCfg = Debug|Any CPU
		{D2A13F94-2024-4E44-B25E-8ED038A59CE2}.Debug|Mixed Platforms.Build.0 = Debug|Any CPU
		{D2A13F94-2024-4E44-B25E-8ED038A59CE2}.Release|Any CPU.ActiveCfg = Release|Any CPU
		{D2A13F94-2024-4E44-B25E-8ED038A59CE2}.Release|Any CPU.Build.0 = Release|Any CPU
		{D2A13F94-2024-4E44-B25E-8ED038A59CE2}.Release|Any CPU (skip CUDA).ActiveCfg = Release|Any CPU
		{D2A13F94-2024-4E44-B25E-8ED038A59CE2}.Release|Any CPU (skip CUDA).Build.0 = Release|Any CPU
		{D2A13F94-2024-4E44-B25E-8ED038A59CE2}.Release|Any CPU (x64 CUDA).ActiveCfg = Release|Any CPU
		{D2A13F94-2024-4E44-B25E-8ED038A59CE2}.Release|Any CPU (x64 CUDA).Build.0 = Release|Any CPU
		{D2A13F94-2024-4E44-B25E-8ED038A59CE2}.Release|Mixed Platforms.ActiveCfg = Release|Any CPU
		{D2A13F94-2024-4E44-B25E-8ED038A59CE2}.Release|Mixed Platforms.Build.0 = Release|Any CPU
		{3FCE570F-5623-4F2F-9AA5-641747EC7BFB}.Debug|Any CPU.ActiveCfg = Debug|x64
		{3FCE570F-5623-4F2F-9AA5-641747EC7BFB}.Debug|Any CPU (skip CUDA).ActiveCfg = Debug|x64
		{3FCE570F-5623-4F2F-9AA5-641747EC7BFB}.Debug|Any CPU (x64 CUDA).ActiveCfg = Debug|x64
		{3FCE570F-5623-4F2F-9AA5-641747EC7BFB}.Debug|Any CPU (x64 CUDA).Build.0 = Debug|x64
		{3FCE570F-5623-4F2F-9AA5-641747EC7BFB}.Debug|Mixed Platforms.ActiveCfg = Debug|Win32
		{3FCE570F-5623-4F2F-9AA5-641747EC7BFB}.Debug|Mixed Platforms.Build.0 = Debug|Win32
		{3FCE570F-5623-4F2F-9AA5-641747EC7BFB}.Release|Any CPU.ActiveCfg = Release|Win32
		{3FCE570F-5623-4F2F-9AA5-641747EC7BFB}.Release|Any CPU (skip CUDA).ActiveCfg = Release|x64
		{3FCE570F-5623-4F2F-9AA5-641747EC7BFB}.Release|Any CPU (x64 CUDA).ActiveCfg = Release|x64
		{3FCE570F-5623-4F2F-9AA5-641747EC7BFB}.Release|Any CPU (x64 CUDA).Build.0 = Release|x64
		{3FCE570F-5623-4F2F-9AA5-641747EC7BFB}.Release|Mixed Platforms.ActiveCfg = Release|Win32
		{3FCE570F-5623-4F2F-9AA5-641747EC7BFB}.Release|Mixed Platforms.Build.0 = Release|Win32
		{A0084F22-B436-4068-8F18-EC182EE78927}.Debug|Any CPU.ActiveCfg = Debug|Any CPU
		{A0084F22-B436-4068-8F18-EC182EE78927}.Debug|Any CPU.Build.0 = Debug|Any CPU
		{A0084F22-B436-4068-8F18-EC182EE78927}.Debug|Any CPU (skip CUDA).ActiveCfg = Debug|Any CPU
		{A0084F22-B436-4068-8F18-EC182EE78927}.Debug|Any CPU (skip CUDA).Build.0 = Debug|Any CPU
		{A0084F22-B436-4068-8F18-EC182EE78927}.Debug|Any CPU (x64 CUDA).ActiveCfg = Debug|Any CPU
		{A0084F22-B436-4068-8F18-EC182EE78927}.Debug|Any CPU (x64 CUDA).Build.0 = Debug|Any CPU
		{A0084F22-B436-4068-8F18-EC182EE78927}.Debug|Mixed Platforms.ActiveCfg = Debug|Any CPU
		{A0084F22-B436-4068-8F18-EC182EE78927}.Debug|Mixed Platforms.Build.0 = Debug|Any CPU
		{A0084F22-B436-4068-8F18-EC182EE78927}.Release|Any CPU.ActiveCfg = Release|Any CPU
		{A0084F22-B436-4068-8F18-EC182EE78927}.Release|Any CPU.Build.0 = Release|Any CPU
		{A0084F22-B436-4068-8F18-EC182EE78927}.Release|Any CPU (skip CUDA).ActiveCfg = Release|Any CPU
		{A0084F22-B436-4068-8F18-EC182EE78927}.Release|Any CPU (skip CUDA).Build.0 = Release|Any CPU
		{A0084F22-B436-4068-8F18-EC182EE78927}.Release|Any CPU (x64 CUDA).ActiveCfg = Release|Any CPU
		{A0084F22-B436-4068-8F18-EC182EE78927}.Release|Any CPU (x64 CUDA).Build.0 = Release|Any CPU
		{A0084F22-B436-4068-8F18-EC182EE78927}.Release|Mixed Platforms.ActiveCfg = Release|Any CPU
		{A0084F22-B436-4068-8F18-EC182EE78927}.Release|Mixed Platforms.Build.0 = Release|Any CPU
		{7D292A38-6B3B-4DF3-A2EB-E2056FE36CEE}.Debug|Any CPU.ActiveCfg = Debug|Any CPU
		{7D292A38-6B3B-4DF3-A2EB-E2056FE36CEE}.Debug|Any CPU.Build.0 = Debug|Any CPU
		{7D292A38-6B3B-4DF3-A2EB-E2056FE36CEE}.Debug|Any CPU (skip CUDA).ActiveCfg = Debug|Any CPU
		{7D292A38-6B3B-4DF3-A2EB-E2056FE36CEE}.Debug|Any CPU (x64 CUDA).ActiveCfg = Debug|Any CPU
		{7D292A38-6B3B-4DF3-A2EB-E2056FE36CEE}.Debug|Mixed Platforms.ActiveCfg = Debug|Any CPU
		{7D292A38-6B3B-4DF3-A2EB-E2056FE36CEE}.Debug|Mixed Platforms.Build.0 = Debug|Any CPU
		{7D292A38-6B3B-4DF3-A2EB-E2056FE36CEE}.Release|Any CPU.ActiveCfg = Release|Any CPU
		{7D292A38-6B3B-4DF3-A2EB-E2056FE36CEE}.Release|Any CPU.Build.0 = Release|Any CPU
		{7D292A38-6B3B-4DF3-A2EB-E2056FE36CEE}.Release|Any CPU (skip CUDA).ActiveCfg = Release|Any CPU
		{7D292A38-6B3B-4DF3-A2EB-E2056FE36CEE}.Release|Any CPU (x64 CUDA).ActiveCfg = Release|Any CPU
		{7D292A38-6B3B-4DF3-A2EB-E2056FE36CEE}.Release|Mixed Platforms.ActiveCfg = Release|Any CPU
		{7D292A38-6B3B-4DF3-A2EB-E2056FE36CEE}.Release|Mixed Platforms.Build.0 = Release|Any CPU
		{0E37A51B-FA28-42A1-ADB3-0A7DBA655D48}.Debug|Any CPU.ActiveCfg = Debug|Any CPU
		{0E37A51B-FA28-42A1-ADB3-0A7DBA655D48}.Debug|Any CPU.Build.0 = Debug|Any CPU
		{0E37A51B-FA28-42A1-ADB3-0A7DBA655D48}.Debug|Any CPU (skip CUDA).ActiveCfg = Debug|Any CPU
		{0E37A51B-FA28-42A1-ADB3-0A7DBA655D48}.Debug|Any CPU (skip CUDA).Build.0 = Debug|Any CPU
		{0E37A51B-FA28-42A1-ADB3-0A7DBA655D48}.Debug|Any CPU (x64 CUDA).ActiveCfg = Debug|Any CPU
		{0E37A51B-FA28-42A1-ADB3-0A7DBA655D48}.Debug|Any CPU (x64 CUDA).Build.0 = Debug|Any CPU
		{0E37A51B-FA28-42A1-ADB3-0A7DBA655D48}.Debug|Mixed Platforms.ActiveCfg = Debug|Any CPU
		{0E37A51B-FA28-42A1-ADB3-0A7DBA655D48}.Debug|Mixed Platforms.Build.0 = Debug|Any CPU
		{0E37A51B-FA28-42A1-ADB3-0A7DBA655D48}.Release|Any CPU.ActiveCfg = Release|Any CPU
		{0E37A51B-FA28-42A1-ADB3-0A7DBA655D48}.Release|Any CPU.Build.0 = Release|Any CPU
		{0E37A51B-FA28-42A1-ADB3-0A7DBA655D48}.Release|Any CPU (skip CUDA).ActiveCfg = Release|Any CPU
		{0E37A51B-FA28-42A1-ADB3-0A7DBA655D48}.Release|Any CPU (x64 CUDA).ActiveCfg = Release|Any CPU
		{0E37A51B-FA28-42A1-ADB3-0A7DBA655D48}.Release|Mixed Platforms.ActiveCfg = Release|Any CPU
		{0E37A51B-FA28-42A1-ADB3-0A7DBA655D48}.Release|Mixed Platforms.Build.0 = Release|Any CPU
		{18DB0A95-F3A0-4B44-BC90-BB43DE0FDB96}.Debug|Any CPU.ActiveCfg = Debug|Any CPU
		{18DB0A95-F3A0-4B44-BC90-BB43DE0FDB96}.Debug|Any CPU.Build.0 = Debug|Any CPU
		{18DB0A95-F3A0-4B44-BC90-BB43DE0FDB96}.Debug|Any CPU (skip CUDA).ActiveCfg = Debug|Any CPU
		{18DB0A95-F3A0-4B44-BC90-BB43DE0FDB96}.Debug|Any CPU (skip CUDA).Build.0 = Debug|Any CPU
		{18DB0A95-F3A0-4B44-BC90-BB43DE0FDB96}.Debug|Any CPU (x64 CUDA).ActiveCfg = Debug|Any CPU
		{18DB0A95-F3A0-4B44-BC90-BB43DE0FDB96}.Debug|Any CPU (x64 CUDA).Build.0 = Debug|Any CPU
		{18DB0A95-F3A0-4B44-BC90-BB43DE0FDB96}.Debug|Mixed Platforms.ActiveCfg = Debug|Any CPU
		{18DB0A95-F3A0-4B44-BC90-BB43DE0FDB96}.Debug|Mixed Platforms.Build.0 = Debug|Any CPU
		{18DB0A95-F3A0-4B44-BC90-BB43DE0FDB96}.Release|Any CPU.ActiveCfg = Release|Any CPU
		{18DB0A95-F3A0-4B44-BC90-BB43DE0FDB96}.Release|Any CPU.Build.0 = Release|Any CPU
		{18DB0A95-F3A0-4B44-BC90-BB43DE0FDB96}.Release|Any CPU (skip CUDA).ActiveCfg = Release|Any CPU
		{18DB0A95-F3A0-4B44-BC90-BB43DE0FDB96}.Release|Any CPU (x64 CUDA).ActiveCfg = Release|Any CPU
		{18DB0A95-F3A0-4B44-BC90-BB43DE0FDB96}.Release|Mixed Platforms.ActiveCfg = Release|Any CPU
		{18DB0A95-F3A0-4B44-BC90-BB43DE0FDB96}.Release|Mixed Platforms.Build.0 = Release|Any CPU
		{99B243CD-7E7A-4A08-B8B4-42E52051F867}.Debug|Any CPU.ActiveCfg = Debug|Any CPU
		{99B243CD-7E7A-4A08-B8B4-42E52051F867}.Debug|Any CPU.Build.0 = Debug|Any CPU
		{99B243CD-7E7A-4A08-B8B4-42E52051F867}.Debug|Any CPU (skip CUDA).ActiveCfg = Debug|Any CPU
		{99B243CD-7E7A-4A08-B8B4-42E52051F867}.Debug|Any CPU (skip CUDA).Build.0 = Debug|Any CPU
		{99B243CD-7E7A-4A08-B8B4-42E52051F867}.Debug|Any CPU (x64 CUDA).ActiveCfg = Debug|Any CPU
		{99B243CD-7E7A-4A08-B8B4-42E52051F867}.Debug|Any CPU (x64 CUDA).Build.0 = Debug|Any CPU
		{99B243CD-7E7A-4A08-B8B4-42E52051F867}.Debug|Mixed Platforms.ActiveCfg = Debug|Any CPU
		{99B243CD-7E7A-4A08-B8B4-42E52051F867}.Debug|Mixed Platforms.Build.0 = Debug|Any CPU
		{99B243CD-7E7A-4A08-B8B4-42E52051F867}.Release|Any CPU.ActiveCfg = Release|Any CPU
		{99B243CD-7E7A-4A08-B8B4-42E52051F867}.Release|Any CPU.Build.0 = Release|Any CPU
		{99B243CD-7E7A-4A08-B8B4-42E52051F867}.Release|Any CPU (skip CUDA).ActiveCfg = Release|Any CPU
		{99B243CD-7E7A-4A08-B8B4-42E52051F867}.Release|Any CPU (x64 CUDA).ActiveCfg = Release|Any CPU
		{99B243CD-7E7A-4A08-B8B4-42E52051F867}.Release|Mixed Platforms.ActiveCfg = Release|Any CPU
		{99B243CD-7E7A-4A08-B8B4-42E52051F867}.Release|Mixed Platforms.Build.0 = Release|Any CPU
	EndGlobalSection
	GlobalSection(SolutionProperties) = preSolution
		HideSolutionNode = FALSE
	EndGlobalSection
	GlobalSection(NestedProjects) = preSolution
		{7D292A38-6B3B-4DF3-A2EB-E2056FE36CEE} = {772FEA22-0714-4097-9D81-8BE4D607E6E7}
	EndGlobalSection
EndGlobal
