Microsoft Visual Studio Solution File, Format Version 12.00
# Visual Studio 2013
VisualStudioVersion = 12.0.40629.0
MinimumVisualStudioVersion = 10.0.40219.1
Project("{FAE04EC0-301F-11D3-BF4B-00C04F79EFBC}") = "BrainSimulator", "Platform\BrainSimulator\BrainSimulator.csproj", "{E45FA5B2-15E6-49E5-ABE5-18FE9A7D027D}"
	ProjectSection(ProjectDependencies) = postProject
		{C8A4992F-F2CB-40E7-92AA-7D4239653517} = {C8A4992F-F2CB-40E7-92AA-7D4239653517}
	EndProjectSection
EndProject
Project("{FAE04EC0-301F-11D3-BF4B-00C04F79EFBC}") = "Core", "Platform\Core\Core.csproj", "{91324E64-9B84-4312-9E55-5A77DF07DA1B}"
	ProjectSection(ProjectDependencies) = postProject
		{F1C4D174-C948-4D18-A125-F6855EF55683} = {F1C4D174-C948-4D18-A125-F6855EF55683}
	EndProjectSection
EndProject
Project("{FAE04EC0-301F-11D3-BF4B-00C04F79EFBC}") = "BasicNodes", "Modules\BasicNodes\Module\BasicNodes.csproj", "{C8A4992F-F2CB-40E7-92AA-7D4239653517}"
	ProjectSection(ProjectDependencies) = postProject
		{72423431-4A15-4E8D-B987-8E684BD730FE} = {72423431-4A15-4E8D-B987-8E684BD730FE}
	EndProjectSection
EndProject
Project("{8BC9CEB8-8B4A-11D0-8D11-00A0C91BC942}") = "BasicNodesCuda", "Modules\BasicNodes\Cuda\BasicNodesCuda.vcxproj", "{72423431-4A15-4E8D-B987-8E684BD730FE}"
EndProject
Project("{FAE04EC0-301F-11D3-BF4B-00C04F79EFBC}") = "MNIST", "Modules\MNIST\Module\MNIST.csproj", "{EDC96485-A8A9-414C-A7D9-65EC0B817732}"
EndProject
Project("{FAE04EC0-301F-11D3-BF4B-00C04F79EFBC}") = "SoundWorld", "Modules\SoundWorld\Module\SoundWorld.csproj", "{A0084F22-B436-4068-8F18-EC182EE78927}"
EndProject
Project("{2150E333-8FDC-42A3-9474-1A3956D46DE8}") = "Tests", "Tests", "{772FEA22-0714-4097-9D81-8BE4D607E6E7}"
EndProject
Project("{FAE04EC0-301F-11D3-BF4B-00C04F79EFBC}") = "CoreTests", "Platform\CoreTests\CoreTests.csproj", "{7D292A38-6B3B-4DF3-A2EB-E2056FE36CEE}"
EndProject
Project("{2150E333-8FDC-42A3-9474-1A3956D46DE8}") = ".nuget", ".nuget", "{DD234EF1-5B73-4712-8BA5-8EF290E4D7DD}"
	ProjectSection(SolutionItems) = preProject
		.nuget\NuGet.Config = .nuget\NuGet.Config
		.nuget\NuGet.exe = .nuget\NuGet.exe
		.nuget\NuGet.targets = .nuget\NuGet.targets
	EndProjectSection
EndProject
Project("{FAE04EC0-301F-11D3-BF4B-00C04F79EFBC}") = "BasicNodesTests", "Modules\BasicNodes\Tests\BasicNodesTests.csproj", "{C72FCA86-AFA8-408B-9EFD-07C2C89CA2BB}"
EndProject
Project("{FAE04EC0-301F-11D3-BF4B-00C04F79EFBC}") = "CoreRunner", "Platform\CoreRunner\CoreRunner.csproj", "{18DB0A95-F3A0-4B44-BC90-BB43DE0FDB96}"
EndProject
Project("{2150E333-8FDC-42A3-9474-1A3956D46DE8}") = "Libs", "Libs", "{D1D0B4A9-9F7F-452D-872A-05FFFBFA40C6}"
EndProject
Project("{FAE04EC0-301F-11D3-BF4B-00C04F79EFBC}") = "Graph", "Libs\3rd\Graph\Graph.csproj", "{E4CC63D8-127D-4BC9-80E0-CCB3E9DA06DC}"
EndProject
Project("{FAE04EC0-301F-11D3-BF4B-00C04F79EFBC}") = "WinFormsUI", "Libs\3rd\WinFormsUI\WinFormsUI.csproj", "{C75532C4-765B-418E-B09B-46D36B2ABDB1}"
EndProject
Project("{FAE04EC0-301F-11D3-BF4B-00C04F79EFBC}") = "YAXLib", "Libs\3rd\YAXLib\YAXLib\YAXLib.csproj", "{F1C4D174-C948-4D18-A125-F6855EF55683}"
EndProject
Project("{FAE04EC0-301F-11D3-BF4B-00C04F79EFBC}") = "YAXLibTests", "Libs\3rd\YAXLib\YAXLibTests\YAXLibTests.csproj", "{4F012F71-C259-481B-A112-EC24D3AF24AC}"
EndProject
Project("{FAE04EC0-301F-11D3-BF4B-00C04F79EFBC}") = "BrainTestRunner", "Tests\BrainTestRunner\BrainTestRunner.csproj", "{8C1728EC-DB23-44DC-B89F-39CE612FEDB0}"
EndProject
Global
	GlobalSection(SolutionConfigurationPlatforms) = preSolution
		Debug|0 Default (x64 CUDA) = Debug|0 Default (x64 CUDA)
		Debug|1 Skip CUDA = Debug|1 Skip CUDA
		Release|0 Default (x64 CUDA) = Release|0 Default (x64 CUDA)
		Release|1 Skip CUDA = Release|1 Skip CUDA
	EndGlobalSection
	GlobalSection(ProjectConfigurationPlatforms) = postSolution
		{E45FA5B2-15E6-49E5-ABE5-18FE9A7D027D}.Debug|0 Default (x64 CUDA).ActiveCfg = Debug|Any CPU
		{E45FA5B2-15E6-49E5-ABE5-18FE9A7D027D}.Debug|0 Default (x64 CUDA).Build.0 = Debug|Any CPU
		{E45FA5B2-15E6-49E5-ABE5-18FE9A7D027D}.Debug|1 Skip CUDA.ActiveCfg = Debug|Any CPU
		{E45FA5B2-15E6-49E5-ABE5-18FE9A7D027D}.Debug|1 Skip CUDA.Build.0 = Debug|Any CPU
		{E45FA5B2-15E6-49E5-ABE5-18FE9A7D027D}.Release|0 Default (x64 CUDA).ActiveCfg = Release|Any CPU
		{E45FA5B2-15E6-49E5-ABE5-18FE9A7D027D}.Release|0 Default (x64 CUDA).Build.0 = Release|Any CPU
		{E45FA5B2-15E6-49E5-ABE5-18FE9A7D027D}.Release|1 Skip CUDA.ActiveCfg = Release|Any CPU
		{E45FA5B2-15E6-49E5-ABE5-18FE9A7D027D}.Release|1 Skip CUDA.Build.0 = Release|Any CPU
		{91324E64-9B84-4312-9E55-5A77DF07DA1B}.Debug|0 Default (x64 CUDA).ActiveCfg = Debug|Any CPU
		{91324E64-9B84-4312-9E55-5A77DF07DA1B}.Debug|0 Default (x64 CUDA).Build.0 = Debug|Any CPU
		{91324E64-9B84-4312-9E55-5A77DF07DA1B}.Debug|1 Skip CUDA.ActiveCfg = Debug|Any CPU
		{91324E64-9B84-4312-9E55-5A77DF07DA1B}.Debug|1 Skip CUDA.Build.0 = Debug|Any CPU
		{91324E64-9B84-4312-9E55-5A77DF07DA1B}.Release|0 Default (x64 CUDA).ActiveCfg = Release|Any CPU
		{91324E64-9B84-4312-9E55-5A77DF07DA1B}.Release|0 Default (x64 CUDA).Build.0 = Release|Any CPU
		{91324E64-9B84-4312-9E55-5A77DF07DA1B}.Release|1 Skip CUDA.ActiveCfg = Release|Any CPU
		{91324E64-9B84-4312-9E55-5A77DF07DA1B}.Release|1 Skip CUDA.Build.0 = Release|Any CPU
		{C8A4992F-F2CB-40E7-92AA-7D4239653517}.Debug|0 Default (x64 CUDA).ActiveCfg = Debug|Any CPU
		{C8A4992F-F2CB-40E7-92AA-7D4239653517}.Debug|0 Default (x64 CUDA).Build.0 = Debug|Any CPU
		{C8A4992F-F2CB-40E7-92AA-7D4239653517}.Debug|1 Skip CUDA.ActiveCfg = Debug|Any CPU
		{C8A4992F-F2CB-40E7-92AA-7D4239653517}.Debug|1 Skip CUDA.Build.0 = Debug|Any CPU
		{C8A4992F-F2CB-40E7-92AA-7D4239653517}.Release|0 Default (x64 CUDA).ActiveCfg = Release|Any CPU
		{C8A4992F-F2CB-40E7-92AA-7D4239653517}.Release|0 Default (x64 CUDA).Build.0 = Release|Any CPU
		{C8A4992F-F2CB-40E7-92AA-7D4239653517}.Release|1 Skip CUDA.ActiveCfg = Release|Any CPU
		{C8A4992F-F2CB-40E7-92AA-7D4239653517}.Release|1 Skip CUDA.Build.0 = Release|Any CPU
		{72423431-4A15-4E8D-B987-8E684BD730FE}.Debug|0 Default (x64 CUDA).ActiveCfg = Debug|x64
		{72423431-4A15-4E8D-B987-8E684BD730FE}.Debug|0 Default (x64 CUDA).Build.0 = Debug|x64
		{72423431-4A15-4E8D-B987-8E684BD730FE}.Debug|1 Skip CUDA.ActiveCfg = Debug|x64
		{72423431-4A15-4E8D-B987-8E684BD730FE}.Release|0 Default (x64 CUDA).ActiveCfg = Release|x64
		{72423431-4A15-4E8D-B987-8E684BD730FE}.Release|0 Default (x64 CUDA).Build.0 = Release|x64
		{72423431-4A15-4E8D-B987-8E684BD730FE}.Release|1 Skip CUDA.ActiveCfg = Release|x64
		{EDC96485-A8A9-414C-A7D9-65EC0B817732}.Debug|0 Default (x64 CUDA).ActiveCfg = Debug|Any CPU
		{EDC96485-A8A9-414C-A7D9-65EC0B817732}.Debug|0 Default (x64 CUDA).Build.0 = Debug|Any CPU
		{EDC96485-A8A9-414C-A7D9-65EC0B817732}.Debug|1 Skip CUDA.ActiveCfg = Debug|Any CPU
		{EDC96485-A8A9-414C-A7D9-65EC0B817732}.Debug|1 Skip CUDA.Build.0 = Debug|Any CPU
		{EDC96485-A8A9-414C-A7D9-65EC0B817732}.Release|0 Default (x64 CUDA).ActiveCfg = Release|Any CPU
		{EDC96485-A8A9-414C-A7D9-65EC0B817732}.Release|0 Default (x64 CUDA).Build.0 = Release|Any CPU
		{EDC96485-A8A9-414C-A7D9-65EC0B817732}.Release|1 Skip CUDA.ActiveCfg = Release|Any CPU
		{EDC96485-A8A9-414C-A7D9-65EC0B817732}.Release|1 Skip CUDA.Build.0 = Release|Any CPU
		{A0084F22-B436-4068-8F18-EC182EE78927}.Debug|0 Default (x64 CUDA).ActiveCfg = Debug|Any CPU
		{A0084F22-B436-4068-8F18-EC182EE78927}.Debug|0 Default (x64 CUDA).Build.0 = Debug|Any CPU
		{A0084F22-B436-4068-8F18-EC182EE78927}.Debug|1 Skip CUDA.ActiveCfg = Debug|Any CPU
		{A0084F22-B436-4068-8F18-EC182EE78927}.Debug|1 Skip CUDA.Build.0 = Debug|Any CPU
		{A0084F22-B436-4068-8F18-EC182EE78927}.Release|0 Default (x64 CUDA).ActiveCfg = Release|Any CPU
		{A0084F22-B436-4068-8F18-EC182EE78927}.Release|0 Default (x64 CUDA).Build.0 = Release|Any CPU
		{A0084F22-B436-4068-8F18-EC182EE78927}.Release|1 Skip CUDA.ActiveCfg = Release|Any CPU
		{A0084F22-B436-4068-8F18-EC182EE78927}.Release|1 Skip CUDA.Build.0 = Release|Any CPU
		{7D292A38-6B3B-4DF3-A2EB-E2056FE36CEE}.Debug|0 Default (x64 CUDA).ActiveCfg = Debug|Any CPU
		{7D292A38-6B3B-4DF3-A2EB-E2056FE36CEE}.Debug|0 Default (x64 CUDA).Build.0 = Debug|Any CPU
		{7D292A38-6B3B-4DF3-A2EB-E2056FE36CEE}.Debug|1 Skip CUDA.ActiveCfg = Debug|Any CPU
		{7D292A38-6B3B-4DF3-A2EB-E2056FE36CEE}.Debug|1 Skip CUDA.Build.0 = Debug|Any CPU
		{7D292A38-6B3B-4DF3-A2EB-E2056FE36CEE}.Release|0 Default (x64 CUDA).ActiveCfg = Release|Any CPU
		{7D292A38-6B3B-4DF3-A2EB-E2056FE36CEE}.Release|1 Skip CUDA.ActiveCfg = Release|Any CPU
		{C72FCA86-AFA8-408B-9EFD-07C2C89CA2BB}.Debug|0 Default (x64 CUDA).ActiveCfg = Debug|Any CPU
		{C72FCA86-AFA8-408B-9EFD-07C2C89CA2BB}.Debug|0 Default (x64 CUDA).Build.0 = Debug|Any CPU
		{C72FCA86-AFA8-408B-9EFD-07C2C89CA2BB}.Debug|1 Skip CUDA.ActiveCfg = Debug|Any CPU
		{C72FCA86-AFA8-408B-9EFD-07C2C89CA2BB}.Debug|1 Skip CUDA.Build.0 = Debug|Any CPU
		{C72FCA86-AFA8-408B-9EFD-07C2C89CA2BB}.Release|0 Default (x64 CUDA).ActiveCfg = Release|Any CPU
		{C72FCA86-AFA8-408B-9EFD-07C2C89CA2BB}.Release|1 Skip CUDA.ActiveCfg = Release|Any CPU
		{18DB0A95-F3A0-4B44-BC90-BB43DE0FDB96}.Debug|0 Default (x64 CUDA).ActiveCfg = Debug|Any CPU
		{18DB0A95-F3A0-4B44-BC90-BB43DE0FDB96}.Debug|0 Default (x64 CUDA).Build.0 = Debug|Any CPU
		{18DB0A95-F3A0-4B44-BC90-BB43DE0FDB96}.Debug|1 Skip CUDA.ActiveCfg = Debug|Any CPU
		{18DB0A95-F3A0-4B44-BC90-BB43DE0FDB96}.Debug|1 Skip CUDA.Build.0 = Debug|Any CPU
		{18DB0A95-F3A0-4B44-BC90-BB43DE0FDB96}.Release|0 Default (x64 CUDA).ActiveCfg = Release|Any CPU
		{18DB0A95-F3A0-4B44-BC90-BB43DE0FDB96}.Release|0 Default (x64 CUDA).Build.0 = Release|Any CPU
		{18DB0A95-F3A0-4B44-BC90-BB43DE0FDB96}.Release|1 Skip CUDA.ActiveCfg = Release|Any CPU
		{18DB0A95-F3A0-4B44-BC90-BB43DE0FDB96}.Release|1 Skip CUDA.Build.0 = Release|Any CPU
		{E4CC63D8-127D-4BC9-80E0-CCB3E9DA06DC}.Debug|0 Default (x64 CUDA).ActiveCfg = Debug|Any CPU
		{E4CC63D8-127D-4BC9-80E0-CCB3E9DA06DC}.Debug|0 Default (x64 CUDA).Build.0 = Debug|Any CPU
		{E4CC63D8-127D-4BC9-80E0-CCB3E9DA06DC}.Debug|1 Skip CUDA.ActiveCfg = Debug|Any CPU
		{E4CC63D8-127D-4BC9-80E0-CCB3E9DA06DC}.Debug|1 Skip CUDA.Build.0 = Debug|Any CPU
		{E4CC63D8-127D-4BC9-80E0-CCB3E9DA06DC}.Release|0 Default (x64 CUDA).ActiveCfg = Release|Any CPU
		{E4CC63D8-127D-4BC9-80E0-CCB3E9DA06DC}.Release|0 Default (x64 CUDA).Build.0 = Release|Any CPU
		{E4CC63D8-127D-4BC9-80E0-CCB3E9DA06DC}.Release|1 Skip CUDA.ActiveCfg = Release|Any CPU
		{E4CC63D8-127D-4BC9-80E0-CCB3E9DA06DC}.Release|1 Skip CUDA.Build.0 = Release|Any CPU
		{C75532C4-765B-418E-B09B-46D36B2ABDB1}.Debug|0 Default (x64 CUDA).ActiveCfg = Debug|Any CPU
		{C75532C4-765B-418E-B09B-46D36B2ABDB1}.Debug|0 Default (x64 CUDA).Build.0 = Debug|Any CPU
		{C75532C4-765B-418E-B09B-46D36B2ABDB1}.Debug|1 Skip CUDA.ActiveCfg = Debug|Any CPU
		{C75532C4-765B-418E-B09B-46D36B2ABDB1}.Debug|1 Skip CUDA.Build.0 = Debug|Any CPU
		{C75532C4-765B-418E-B09B-46D36B2ABDB1}.Release|0 Default (x64 CUDA).ActiveCfg = Release|Any CPU
		{C75532C4-765B-418E-B09B-46D36B2ABDB1}.Release|0 Default (x64 CUDA).Build.0 = Release|Any CPU
		{C75532C4-765B-418E-B09B-46D36B2ABDB1}.Release|1 Skip CUDA.ActiveCfg = Release|Any CPU
		{C75532C4-765B-418E-B09B-46D36B2ABDB1}.Release|1 Skip CUDA.Build.0 = Release|Any CPU
		{F1C4D174-C948-4D18-A125-F6855EF55683}.Debug|0 Default (x64 CUDA).ActiveCfg = Debug|Any CPU
		{F1C4D174-C948-4D18-A125-F6855EF55683}.Debug|0 Default (x64 CUDA).Build.0 = Debug|Any CPU
		{F1C4D174-C948-4D18-A125-F6855EF55683}.Debug|1 Skip CUDA.ActiveCfg = Debug|Any CPU
		{F1C4D174-C948-4D18-A125-F6855EF55683}.Debug|1 Skip CUDA.Build.0 = Debug|Any CPU
		{F1C4D174-C948-4D18-A125-F6855EF55683}.Release|0 Default (x64 CUDA).ActiveCfg = Release|Any CPU
		{F1C4D174-C948-4D18-A125-F6855EF55683}.Release|0 Default (x64 CUDA).Build.0 = Release|Any CPU
		{F1C4D174-C948-4D18-A125-F6855EF55683}.Release|1 Skip CUDA.ActiveCfg = Release|Any CPU
		{F1C4D174-C948-4D18-A125-F6855EF55683}.Release|1 Skip CUDA.Build.0 = Release|Any CPU
		{4F012F71-C259-481B-A112-EC24D3AF24AC}.Debug|0 Default (x64 CUDA).ActiveCfg = Debug|Any CPU
		{4F012F71-C259-481B-A112-EC24D3AF24AC}.Debug|0 Default (x64 CUDA).Build.0 = Debug|Any CPU
		{4F012F71-C259-481B-A112-EC24D3AF24AC}.Debug|1 Skip CUDA.ActiveCfg = Debug|Any CPU
		{4F012F71-C259-481B-A112-EC24D3AF24AC}.Debug|1 Skip CUDA.Build.0 = Debug|Any CPU
		{4F012F71-C259-481B-A112-EC24D3AF24AC}.Release|0 Default (x64 CUDA).ActiveCfg = Release|Any CPU
		{4F012F71-C259-481B-A112-EC24D3AF24AC}.Release|1 Skip CUDA.ActiveCfg = Release|Any CPU
		{8C1728EC-DB23-44DC-B89F-39CE612FEDB0}.Debug|0 Default (x64 CUDA).ActiveCfg = Debug|Any CPU
		{8C1728EC-DB23-44DC-B89F-39CE612FEDB0}.Debug|0 Default (x64 CUDA).Build.0 = Debug|Any CPU
		{8C1728EC-DB23-44DC-B89F-39CE612FEDB0}.Debug|1 Skip CUDA.ActiveCfg = Debug|Any CPU
		{8C1728EC-DB23-44DC-B89F-39CE612FEDB0}.Debug|1 Skip CUDA.Build.0 = Debug|Any CPU
		{8C1728EC-DB23-44DC-B89F-39CE612FEDB0}.Release|0 Default (x64 CUDA).ActiveCfg = Release|Any CPU
		{8C1728EC-DB23-44DC-B89F-39CE612FEDB0}.Release|1 Skip CUDA.ActiveCfg = Release|Any CPU
	EndGlobalSection
	GlobalSection(SolutionProperties) = preSolution
		HideSolutionNode = FALSE
	EndGlobalSection
	GlobalSection(NestedProjects) = preSolution
		{7D292A38-6B3B-4DF3-A2EB-E2056FE36CEE} = {772FEA22-0714-4097-9D81-8BE4D607E6E7}
		{C72FCA86-AFA8-408B-9EFD-07C2C89CA2BB} = {772FEA22-0714-4097-9D81-8BE4D607E6E7}
		{E4CC63D8-127D-4BC9-80E0-CCB3E9DA06DC} = {D1D0B4A9-9F7F-452D-872A-05FFFBFA40C6}
		{C75532C4-765B-418E-B09B-46D36B2ABDB1} = {D1D0B4A9-9F7F-452D-872A-05FFFBFA40C6}
		{F1C4D174-C948-4D18-A125-F6855EF55683} = {D1D0B4A9-9F7F-452D-872A-05FFFBFA40C6}
		{4F012F71-C259-481B-A112-EC24D3AF24AC} = {772FEA22-0714-4097-9D81-8BE4D607E6E7}
		{8C1728EC-DB23-44DC-B89F-39CE612FEDB0} = {772FEA22-0714-4097-9D81-8BE4D607E6E7}
	EndGlobalSection
EndGlobal
