
Microsoft Visual Studio Solution File, Format Version 12.00
# Visual Studio 2013
VisualStudioVersion = 12.0.40629.0
MinimumVisualStudioVersion = 12.0.31101.0
Project("{FAE04EC0-301F-11D3-BF4B-00C04F79EFBC}") = "BrainSimulator", "Platform\BrainSimulator\BrainSimulator.csproj", "{E45FA5B2-15E6-49E5-ABE5-18FE9A7D027D}"
EndProject
Project("{FAE04EC0-301F-11D3-BF4B-00C04F79EFBC}") = "MNIST", "Modules\MNIST\Module\MNIST.csproj", "{EDC96485-A8A9-414C-A7D9-65EC0B817732}"
EndProject
Project("{FAE04EC0-301F-11D3-BF4B-00C04F79EFBC}") = "InstallerAction", "Installer\InstallerAction\InstallerAction.csproj", "{04AF2BAD-2E94-49B1-88CB-18EBEB2219F7}"
	ProjectSection(ProjectDependencies) = postProject
		{C8A4992F-F2CB-40E7-92AA-7D4239653517} = {C8A4992F-F2CB-40E7-92AA-7D4239653517}
		{72423431-4A15-4E8D-B987-8E684BD730FE} = {72423431-4A15-4E8D-B987-8E684BD730FE}
	EndProjectSection
EndProject
Project("{FAE04EC0-301F-11D3-BF4B-00C04F79EFBC}") = "Core", "Platform\Core\Core.csproj", "{91324E64-9B84-4312-9E55-5A77DF07DA1B}"
EndProject
Project("{8BC9CEB8-8B4A-11D0-8D11-00A0C91BC942}") = "BasicNodesCuda", "Modules\BasicNodes\Cuda\BasicNodesCuda.vcxproj", "{72423431-4A15-4E8D-B987-8E684BD730FE}"
EndProject
Project("{FAE04EC0-301F-11D3-BF4B-00C04F79EFBC}") = "BasicNodes", "Modules\BasicNodes\Module\BasicNodes.csproj", "{C8A4992F-F2CB-40E7-92AA-7D4239653517}"
	ProjectSection(ProjectDependencies) = postProject
		{72423431-4A15-4E8D-B987-8E684BD730FE} = {72423431-4A15-4E8D-B987-8E684BD730FE}
	EndProjectSection
EndProject
Project("{54435603-DBB4-11D2-8724-00A0C9A8B90C}") = "BrainSimInstaller", "Installer\BrainSimInstaller\BrainSimInstaller.vdproj", "{AD1E4348-A13A-4877-B764-A7944E70F4FE}"
EndProject
Project("{FAE04EC0-301F-11D3-BF4B-00C04F79EFBC}") = "SoundWorld", "Modules\SoundWorld\Module\SoundWorld.csproj", "{A0084F22-B436-4068-8F18-EC182EE78927}"
EndProject
Project("{2150E333-8FDC-42A3-9474-1A3956D46DE8}") = "Tools", "Tools", "{F5B00C80-45C5-45C2-BAE8-D64C4DFBA9CE}"
	ProjectSection(SolutionItems) = preProject
		Installer\Tools\sign-installer.cmd = Installer\Tools\sign-installer.cmd
	EndProjectSection
EndProject
Project("{FAE04EC0-301F-11D3-BF4B-00C04F79EFBC}") = "PythonModule", "Modules\PythonModule\Module\PythonModule.csproj", "{4A1DEA51-60CD-4358-9D52-465A3841E3B1}"
EndProject
Global
	GlobalSection(SolutionConfigurationPlatforms) = preSolution
		Debug|0 Default (x64 CUDA) = Debug|0 Default (x64 CUDA)
		Release|0 Default (x64 CUDA) = Release|0 Default (x64 CUDA)
	EndGlobalSection
	GlobalSection(ProjectConfigurationPlatforms) = postSolution
		{E45FA5B2-15E6-49E5-ABE5-18FE9A7D027D}.Debug|0 Default (x64 CUDA).ActiveCfg = Debug|Any CPU
		{E45FA5B2-15E6-49E5-ABE5-18FE9A7D027D}.Debug|0 Default (x64 CUDA).Build.0 = Debug|Any CPU
		{E45FA5B2-15E6-49E5-ABE5-18FE9A7D027D}.Release|0 Default (x64 CUDA).ActiveCfg = Release|Any CPU
		{E45FA5B2-15E6-49E5-ABE5-18FE9A7D027D}.Release|0 Default (x64 CUDA).Build.0 = Release|Any CPU
		{EDC96485-A8A9-414C-A7D9-65EC0B817732}.Debug|0 Default (x64 CUDA).ActiveCfg = Debug|Any CPU
		{EDC96485-A8A9-414C-A7D9-65EC0B817732}.Debug|0 Default (x64 CUDA).Build.0 = Debug|Any CPU
		{EDC96485-A8A9-414C-A7D9-65EC0B817732}.Release|0 Default (x64 CUDA).ActiveCfg = Release|Any CPU
		{EDC96485-A8A9-414C-A7D9-65EC0B817732}.Release|0 Default (x64 CUDA).Build.0 = Release|Any CPU
		{04AF2BAD-2E94-49B1-88CB-18EBEB2219F7}.Debug|0 Default (x64 CUDA).ActiveCfg = Debug|Any CPU
		{04AF2BAD-2E94-49B1-88CB-18EBEB2219F7}.Debug|0 Default (x64 CUDA).Build.0 = Debug|Any CPU
		{04AF2BAD-2E94-49B1-88CB-18EBEB2219F7}.Release|0 Default (x64 CUDA).ActiveCfg = Release|Any CPU
		{04AF2BAD-2E94-49B1-88CB-18EBEB2219F7}.Release|0 Default (x64 CUDA).Build.0 = Release|Any CPU
		{91324E64-9B84-4312-9E55-5A77DF07DA1B}.Debug|0 Default (x64 CUDA).ActiveCfg = Debug|Any CPU
		{91324E64-9B84-4312-9E55-5A77DF07DA1B}.Debug|0 Default (x64 CUDA).Build.0 = Debug|Any CPU
		{91324E64-9B84-4312-9E55-5A77DF07DA1B}.Release|0 Default (x64 CUDA).ActiveCfg = Release|Any CPU
		{91324E64-9B84-4312-9E55-5A77DF07DA1B}.Release|0 Default (x64 CUDA).Build.0 = Release|Any CPU
		{72423431-4A15-4E8D-B987-8E684BD730FE}.Debug|0 Default (x64 CUDA).ActiveCfg = Debug|x64
		{72423431-4A15-4E8D-B987-8E684BD730FE}.Debug|0 Default (x64 CUDA).Build.0 = Debug|x64
		{72423431-4A15-4E8D-B987-8E684BD730FE}.Release|0 Default (x64 CUDA).ActiveCfg = Release|x64
		{72423431-4A15-4E8D-B987-8E684BD730FE}.Release|0 Default (x64 CUDA).Build.0 = Release|x64
		{C8A4992F-F2CB-40E7-92AA-7D4239653517}.Debug|0 Default (x64 CUDA).ActiveCfg = Debug|Any CPU
		{C8A4992F-F2CB-40E7-92AA-7D4239653517}.Debug|0 Default (x64 CUDA).Build.0 = Debug|Any CPU
		{C8A4992F-F2CB-40E7-92AA-7D4239653517}.Release|0 Default (x64 CUDA).ActiveCfg = Release|Any CPU
		{C8A4992F-F2CB-40E7-92AA-7D4239653517}.Release|0 Default (x64 CUDA).Build.0 = Release|Any CPU
		{AD1E4348-A13A-4877-B764-A7944E70F4FE}.Debug|0 Default (x64 CUDA).ActiveCfg = Debug
		{AD1E4348-A13A-4877-B764-A7944E70F4FE}.Debug|0 Default (x64 CUDA).Build.0 = Debug
		{AD1E4348-A13A-4877-B764-A7944E70F4FE}.Release|0 Default (x64 CUDA).ActiveCfg = Release
		{AD1E4348-A13A-4877-B764-A7944E70F4FE}.Release|0 Default (x64 CUDA).Build.0 = Release
		{A0084F22-B436-4068-8F18-EC182EE78927}.Debug|0 Default (x64 CUDA).ActiveCfg = Debug|Any CPU
		{A0084F22-B436-4068-8F18-EC182EE78927}.Debug|0 Default (x64 CUDA).Build.0 = Debug|Any CPU
		{A0084F22-B436-4068-8F18-EC182EE78927}.Release|0 Default (x64 CUDA).ActiveCfg = Release|Any CPU
		{A0084F22-B436-4068-8F18-EC182EE78927}.Release|0 Default (x64 CUDA).Build.0 = Release|Any CPU
		{4A1DEA51-60CD-4358-9D52-465A3841E3B1}.Debug|0 Default (x64 CUDA).ActiveCfg = Debug|Any CPU
		{4A1DEA51-60CD-4358-9D52-465A3841E3B1}.Release|0 Default (x64 CUDA).ActiveCfg = Release|Any CPU
		{4A1DEA51-60CD-4358-9D52-465A3841E3B1}.Release|0 Default (x64 CUDA).Build.0 = Release|Any CPU
	EndGlobalSection
	GlobalSection(SolutionProperties) = preSolution
		HideSolutionNode = FALSE
	EndGlobalSection
EndGlobal
