
Microsoft Visual Studio Solution File, Format Version 12.00
# Visual Studio 2013
VisualStudioVersion = 12.0.40629.0
MinimumVisualStudioVersion = 12.0.31101.0
Project("{FAE04EC0-301F-11D3-BF4B-00C04F79EFBC}") = "BrainSimulator", "Platform\BrainSimulator\BrainSimulator.csproj", "{E45FA5B2-15E6-49E5-ABE5-18FE9A7D027D}"
EndProject
Project("{FAE04EC0-301F-11D3-BF4B-00C04F79EFBC}") = "MNIST", "Modules\MNIST\Module\MNIST.csproj", "{EDC96485-A8A9-414C-A7D9-65EC0B817732}"
EndProject
Project("{FAE04EC0-301F-11D3-BF4B-00C04F79EFBC}") = "InstallerAction", "Installer\InstallerAction\InstallerAction.csproj", "{04AF2BAD-2E94-49B1-88CB-18EBEB2219F7}"
	ProjectSection(ProjectDependencies) = postProject
		{C8A4992F-F2CB-40E7-92AA-7D4239653517} = {C8A4992F-F2CB-40E7-92AA-7D4239653517}
		{72423431-4A15-4E8D-B987-8E684BD730FE} = {72423431-4A15-4E8D-B987-8E684BD730FE}
	EndProjectSection
EndProject
Project("{FAE04EC0-301F-11D3-BF4B-00C04F79EFBC}") = "Core", "Platform\Core\Core.csproj", "{91324E64-9B84-4312-9E55-5A77DF07DA1B}"
EndProject
Project("{8BC9CEB8-8B4A-11D0-8D11-00A0C91BC942}") = "BasicNodesCuda", "Modules\BasicNodes\Cuda\BasicNodesCuda.vcxproj", "{72423431-4A15-4E8D-B987-8E684BD730FE}"
EndProject
Project("{FAE04EC0-301F-11D3-BF4B-00C04F79EFBC}") = "BasicNodes", "Modules\BasicNodes\Module\BasicNodes.csproj", "{C8A4992F-F2CB-40E7-92AA-7D4239653517}"
	ProjectSection(ProjectDependencies) = postProject
		{72423431-4A15-4E8D-B987-8E684BD730FE} = {72423431-4A15-4E8D-B987-8E684BD730FE}
	EndProjectSection
EndProject
Project("{54435603-DBB4-11D2-8724-00A0C9A8B90C}") = "BrainSimInstaller", "Installer\BrainSimInstaller\BrainSimInstaller.vdproj", "{AD1E4348-A13A-4877-B764-A7944E70F4FE}"
EndProject
Project("{FAE04EC0-301F-11D3-BF4B-00C04F79EFBC}") = "SoundWorld", "Modules\SoundWorld\Module\SoundWorld.csproj", "{A0084F22-B436-4068-8F18-EC182EE78927}"
EndProject
Project("{2150E333-8FDC-42A3-9474-1A3956D46DE8}") = "Tools", "Tools", "{F5B00C80-45C5-45C2-BAE8-D64C4DFBA9CE}"
	ProjectSection(SolutionItems) = preProject
		Installer\Tools\sign-installer.cmd = Installer\Tools\sign-installer.cmd
	EndProjectSection
EndProject
Project("{FAE04EC0-301F-11D3-BF4B-00C04F79EFBC}") = "PythonModule", "Modules\PythonModule\Module\PythonModule.csproj", "{4A1DEA51-60CD-4358-9D52-465A3841E3B1}"
EndProject
Project("{2150E333-8FDC-42A3-9474-1A3956D46DE8}") = "Libs", "Libs", "{EC58194B-6A5F-4E25-97BE-8DE4C2A29286}"
EndProject
Project("{FAE04EC0-301F-11D3-BF4B-00C04F79EFBC}") = "Graph", "Libs\3rd\Graph\Graph.csproj", "{E4CC63D8-127D-4BC9-80E0-CCB3E9DA06DC}"
EndProject
Project("{FAE04EC0-301F-11D3-BF4B-00C04F79EFBC}") = "WinFormsUI", "Libs\3rd\WinFormsUI\WinFormsUI.csproj", "{C75532C4-765B-418E-B09B-46D36B2ABDB1}"
EndProject
Project("{FAE04EC0-301F-11D3-BF4B-00C04F79EFBC}") = "YAXLib", "Libs\3rd\YAXLib\YAXLib\YAXLib.csproj", "{F1C4D174-C948-4D18-A125-F6855EF55683}"
EndProject
Global
	GlobalSection(SolutionConfigurationPlatforms) = preSolution
		Debug|0 Default (x64 CUDA) = Debug|0 Default (x64 CUDA)
		Debug|Any CPU = Debug|Any CPU
		Debug|Mixed Platforms = Debug|Mixed Platforms
		Debug|x86 = Debug|x86
		Release|0 Default (x64 CUDA) = Release|0 Default (x64 CUDA)
		Release|Any CPU = Release|Any CPU
		Release|Mixed Platforms = Release|Mixed Platforms
		Release|x86 = Release|x86
	EndGlobalSection
	GlobalSection(ProjectConfigurationPlatforms) = postSolution
		{E45FA5B2-15E6-49E5-ABE5-18FE9A7D027D}.Debug|0 Default (x64 CUDA).ActiveCfg = Debug|Any CPU
		{E45FA5B2-15E6-49E5-ABE5-18FE9A7D027D}.Debug|0 Default (x64 CUDA).Build.0 = Debug|Any CPU
		{E45FA5B2-15E6-49E5-ABE5-18FE9A7D027D}.Debug|Any CPU.ActiveCfg = Debug|Any CPU
		{E45FA5B2-15E6-49E5-ABE5-18FE9A7D027D}.Debug|Any CPU.Build.0 = Debug|Any CPU
		{E45FA5B2-15E6-49E5-ABE5-18FE9A7D027D}.Debug|Mixed Platforms.ActiveCfg = Debug|Any CPU
		{E45FA5B2-15E6-49E5-ABE5-18FE9A7D027D}.Debug|Mixed Platforms.Build.0 = Debug|Any CPU
		{E45FA5B2-15E6-49E5-ABE5-18FE9A7D027D}.Debug|x86.ActiveCfg = Debug|Any CPU
		{E45FA5B2-15E6-49E5-ABE5-18FE9A7D027D}.Release|0 Default (x64 CUDA).ActiveCfg = Release|Any CPU
		{E45FA5B2-15E6-49E5-ABE5-18FE9A7D027D}.Release|0 Default (x64 CUDA).Build.0 = Release|Any CPU
		{E45FA5B2-15E6-49E5-ABE5-18FE9A7D027D}.Release|Any CPU.ActiveCfg = Release|Any CPU
		{E45FA5B2-15E6-49E5-ABE5-18FE9A7D027D}.Release|Any CPU.Build.0 = Release|Any CPU
		{E45FA5B2-15E6-49E5-ABE5-18FE9A7D027D}.Release|Mixed Platforms.ActiveCfg = Release|Any CPU
		{E45FA5B2-15E6-49E5-ABE5-18FE9A7D027D}.Release|Mixed Platforms.Build.0 = Release|Any CPU
		{E45FA5B2-15E6-49E5-ABE5-18FE9A7D027D}.Release|x86.ActiveCfg = Release|Any CPU
		{EDC96485-A8A9-414C-A7D9-65EC0B817732}.Debug|0 Default (x64 CUDA).ActiveCfg = Debug|Any CPU
		{EDC96485-A8A9-414C-A7D9-65EC0B817732}.Debug|0 Default (x64 CUDA).Build.0 = Debug|Any CPU
		{EDC96485-A8A9-414C-A7D9-65EC0B817732}.Debug|Any CPU.ActiveCfg = Debug|Any CPU
		{EDC96485-A8A9-414C-A7D9-65EC0B817732}.Debug|Any CPU.Build.0 = Debug|Any CPU
		{EDC96485-A8A9-414C-A7D9-65EC0B817732}.Debug|Mixed Platforms.ActiveCfg = Debug|Any CPU
		{EDC96485-A8A9-414C-A7D9-65EC0B817732}.Debug|Mixed Platforms.Build.0 = Debug|Any CPU
		{EDC96485-A8A9-414C-A7D9-65EC0B817732}.Debug|x86.ActiveCfg = Debug|Any CPU
		{EDC96485-A8A9-414C-A7D9-65EC0B817732}.Release|0 Default (x64 CUDA).ActiveCfg = Release|Any CPU
		{EDC96485-A8A9-414C-A7D9-65EC0B817732}.Release|0 Default (x64 CUDA).Build.0 = Release|Any CPU
		{EDC96485-A8A9-414C-A7D9-65EC0B817732}.Release|Any CPU.ActiveCfg = Release|Any CPU
		{EDC96485-A8A9-414C-A7D9-65EC0B817732}.Release|Any CPU.Build.0 = Release|Any CPU
		{EDC96485-A8A9-414C-A7D9-65EC0B817732}.Release|Mixed Platforms.ActiveCfg = Release|Any CPU
		{EDC96485-A8A9-414C-A7D9-65EC0B817732}.Release|Mixed Platforms.Build.0 = Release|Any CPU
		{EDC96485-A8A9-414C-A7D9-65EC0B817732}.Release|x86.ActiveCfg = Release|Any CPU
		{04AF2BAD-2E94-49B1-88CB-18EBEB2219F7}.Debug|0 Default (x64 CUDA).ActiveCfg = Debug|Any CPU
		{04AF2BAD-2E94-49B1-88CB-18EBEB2219F7}.Debug|0 Default (x64 CUDA).Build.0 = Debug|Any CPU
		{04AF2BAD-2E94-49B1-88CB-18EBEB2219F7}.Debug|Any CPU.ActiveCfg = Debug|Any CPU
		{04AF2BAD-2E94-49B1-88CB-18EBEB2219F7}.Debug|Any CPU.Build.0 = Debug|Any CPU
		{04AF2BAD-2E94-49B1-88CB-18EBEB2219F7}.Debug|Mixed Platforms.ActiveCfg = Debug|Any CPU
		{04AF2BAD-2E94-49B1-88CB-18EBEB2219F7}.Debug|Mixed Platforms.Build.0 = Debug|Any CPU
		{04AF2BAD-2E94-49B1-88CB-18EBEB2219F7}.Debug|x86.ActiveCfg = Debug|Any CPU
		{04AF2BAD-2E94-49B1-88CB-18EBEB2219F7}.Release|0 Default (x64 CUDA).ActiveCfg = Release|Any CPU
		{04AF2BAD-2E94-49B1-88CB-18EBEB2219F7}.Release|0 Default (x64 CUDA).Build.0 = Release|Any CPU
		{04AF2BAD-2E94-49B1-88CB-18EBEB2219F7}.Release|Any CPU.ActiveCfg = Release|Any CPU
		{04AF2BAD-2E94-49B1-88CB-18EBEB2219F7}.Release|Any CPU.Build.0 = Release|Any CPU
		{04AF2BAD-2E94-49B1-88CB-18EBEB2219F7}.Release|Mixed Platforms.ActiveCfg = Release|Any CPU
		{04AF2BAD-2E94-49B1-88CB-18EBEB2219F7}.Release|Mixed Platforms.Build.0 = Release|Any CPU
		{04AF2BAD-2E94-49B1-88CB-18EBEB2219F7}.Release|x86.ActiveCfg = Release|Any CPU
		{91324E64-9B84-4312-9E55-5A77DF07DA1B}.Debug|0 Default (x64 CUDA).ActiveCfg = Debug|Any CPU
		{91324E64-9B84-4312-9E55-5A77DF07DA1B}.Debug|0 Default (x64 CUDA).Build.0 = Debug|Any CPU
		{91324E64-9B84-4312-9E55-5A77DF07DA1B}.Debug|Any CPU.ActiveCfg = Debug|Any CPU
		{91324E64-9B84-4312-9E55-5A77DF07DA1B}.Debug|Any CPU.Build.0 = Debug|Any CPU
		{91324E64-9B84-4312-9E55-5A77DF07DA1B}.Debug|Mixed Platforms.ActiveCfg = Debug|Any CPU
		{91324E64-9B84-4312-9E55-5A77DF07DA1B}.Debug|Mixed Platforms.Build.0 = Debug|Any CPU
		{91324E64-9B84-4312-9E55-5A77DF07DA1B}.Debug|x86.ActiveCfg = Debug|Any CPU
		{91324E64-9B84-4312-9E55-5A77DF07DA1B}.Release|0 Default (x64 CUDA).ActiveCfg = Release|Any CPU
		{91324E64-9B84-4312-9E55-5A77DF07DA1B}.Release|0 Default (x64 CUDA).Build.0 = Release|Any CPU
		{91324E64-9B84-4312-9E55-5A77DF07DA1B}.Release|Any CPU.ActiveCfg = Release|Any CPU
		{91324E64-9B84-4312-9E55-5A77DF07DA1B}.Release|Any CPU.Build.0 = Release|Any CPU
		{91324E64-9B84-4312-9E55-5A77DF07DA1B}.Release|Mixed Platforms.ActiveCfg = Release|Any CPU
		{91324E64-9B84-4312-9E55-5A77DF07DA1B}.Release|Mixed Platforms.Build.0 = Release|Any CPU
		{91324E64-9B84-4312-9E55-5A77DF07DA1B}.Release|x86.ActiveCfg = Release|Any CPU
		{72423431-4A15-4E8D-B987-8E684BD730FE}.Debug|0 Default (x64 CUDA).ActiveCfg = Debug|x64
		{72423431-4A15-4E8D-B987-8E684BD730FE}.Debug|0 Default (x64 CUDA).Build.0 = Debug|x64
		{72423431-4A15-4E8D-B987-8E684BD730FE}.Debug|Any CPU.ActiveCfg = Debug|Win32
		{72423431-4A15-4E8D-B987-8E684BD730FE}.Debug|Mixed Platforms.ActiveCfg = Debug|Win32
		{72423431-4A15-4E8D-B987-8E684BD730FE}.Debug|Mixed Platforms.Build.0 = Debug|Win32
		{72423431-4A15-4E8D-B987-8E684BD730FE}.Debug|x86.ActiveCfg = Debug|Win32
		{72423431-4A15-4E8D-B987-8E684BD730FE}.Debug|x86.Build.0 = Debug|Win32
		{72423431-4A15-4E8D-B987-8E684BD730FE}.Release|0 Default (x64 CUDA).ActiveCfg = Release|x64
		{72423431-4A15-4E8D-B987-8E684BD730FE}.Release|0 Default (x64 CUDA).Build.0 = Release|x64
		{72423431-4A15-4E8D-B987-8E684BD730FE}.Release|Any CPU.ActiveCfg = Release|Win32
		{72423431-4A15-4E8D-B987-8E684BD730FE}.Release|Mixed Platforms.ActiveCfg = Release|Win32
		{72423431-4A15-4E8D-B987-8E684BD730FE}.Release|Mixed Platforms.Build.0 = Release|Win32
		{72423431-4A15-4E8D-B987-8E684BD730FE}.Release|x86.ActiveCfg = Release|Win32
		{72423431-4A15-4E8D-B987-8E684BD730FE}.Release|x86.Build.0 = Release|Win32
		{C8A4992F-F2CB-40E7-92AA-7D4239653517}.Debug|0 Default (x64 CUDA).ActiveCfg = Debug|Any CPU
		{C8A4992F-F2CB-40E7-92AA-7D4239653517}.Debug|0 Default (x64 CUDA).Build.0 = Debug|Any CPU
		{C8A4992F-F2CB-40E7-92AA-7D4239653517}.Debug|Any CPU.ActiveCfg = Debug|Any CPU
		{C8A4992F-F2CB-40E7-92AA-7D4239653517}.Debug|Any CPU.Build.0 = Debug|Any CPU
		{C8A4992F-F2CB-40E7-92AA-7D4239653517}.Debug|Mixed Platforms.ActiveCfg = Debug|x86
		{C8A4992F-F2CB-40E7-92AA-7D4239653517}.Debug|Mixed Platforms.Build.0 = Debug|x86
		{C8A4992F-F2CB-40E7-92AA-7D4239653517}.Debug|x86.ActiveCfg = Debug|x86
		{C8A4992F-F2CB-40E7-92AA-7D4239653517}.Debug|x86.Build.0 = Debug|x86
		{C8A4992F-F2CB-40E7-92AA-7D4239653517}.Release|0 Default (x64 CUDA).ActiveCfg = Release|Any CPU
		{C8A4992F-F2CB-40E7-92AA-7D4239653517}.Release|0 Default (x64 CUDA).Build.0 = Release|Any CPU
		{C8A4992F-F2CB-40E7-92AA-7D4239653517}.Release|Any CPU.ActiveCfg = Release|Any CPU
		{C8A4992F-F2CB-40E7-92AA-7D4239653517}.Release|Any CPU.Build.0 = Release|Any CPU
		{C8A4992F-F2CB-40E7-92AA-7D4239653517}.Release|Mixed Platforms.ActiveCfg = Release|x86
		{C8A4992F-F2CB-40E7-92AA-7D4239653517}.Release|Mixed Platforms.Build.0 = Release|x86
		{C8A4992F-F2CB-40E7-92AA-7D4239653517}.Release|x86.ActiveCfg = Release|x86
		{C8A4992F-F2CB-40E7-92AA-7D4239653517}.Release|x86.Build.0 = Release|x86
		{AD1E4348-A13A-4877-B764-A7944E70F4FE}.Debug|0 Default (x64 CUDA).ActiveCfg = Debug
		{AD1E4348-A13A-4877-B764-A7944E70F4FE}.Debug|0 Default (x64 CUDA).Build.0 = Debug
		{AD1E4348-A13A-4877-B764-A7944E70F4FE}.Debug|Any CPU.ActiveCfg = Debug
		{AD1E4348-A13A-4877-B764-A7944E70F4FE}.Debug|Any CPU.Build.0 = Debug
		{AD1E4348-A13A-4877-B764-A7944E70F4FE}.Debug|Mixed Platforms.ActiveCfg = Debug
		{AD1E4348-A13A-4877-B764-A7944E70F4FE}.Debug|Mixed Platforms.Build.0 = Debug
		{AD1E4348-A13A-4877-B764-A7944E70F4FE}.Debug|x86.ActiveCfg = Debug
		{AD1E4348-A13A-4877-B764-A7944E70F4FE}.Debug|x86.Build.0 = Debug
		{AD1E4348-A13A-4877-B764-A7944E70F4FE}.Release|0 Default (x64 CUDA).ActiveCfg = Release
		{AD1E4348-A13A-4877-B764-A7944E70F4FE}.Release|0 Default (x64 CUDA).Build.0 = Release
		{AD1E4348-A13A-4877-B764-A7944E70F4FE}.Release|Any CPU.ActiveCfg = Release
		{AD1E4348-A13A-4877-B764-A7944E70F4FE}.Release|Any CPU.Build.0 = Release
		{AD1E4348-A13A-4877-B764-A7944E70F4FE}.Release|Mixed Platforms.ActiveCfg = Release
		{AD1E4348-A13A-4877-B764-A7944E70F4FE}.Release|Mixed Platforms.Build.0 = Release
		{AD1E4348-A13A-4877-B764-A7944E70F4FE}.Release|x86.ActiveCfg = Release
		{AD1E4348-A13A-4877-B764-A7944E70F4FE}.Release|x86.Build.0 = Release
		{A0084F22-B436-4068-8F18-EC182EE78927}.Debug|0 Default (x64 CUDA).ActiveCfg = Debug|Any CPU
		{A0084F22-B436-4068-8F18-EC182EE78927}.Debug|0 Default (x64 CUDA).Build.0 = Debug|Any CPU
		{A0084F22-B436-4068-8F18-EC182EE78927}.Debug|Any CPU.ActiveCfg = Debug|Any CPU
		{A0084F22-B436-4068-8F18-EC182EE78927}.Debug|Any CPU.Build.0 = Debug|Any CPU
		{A0084F22-B436-4068-8F18-EC182EE78927}.Debug|Mixed Platforms.ActiveCfg = Debug|Any CPU
		{A0084F22-B436-4068-8F18-EC182EE78927}.Debug|Mixed Platforms.Build.0 = Debug|Any CPU
		{A0084F22-B436-4068-8F18-EC182EE78927}.Debug|x86.ActiveCfg = Debug|Any CPU
		{A0084F22-B436-4068-8F18-EC182EE78927}.Release|0 Default (x64 CUDA).ActiveCfg = Release|Any CPU
		{A0084F22-B436-4068-8F18-EC182EE78927}.Release|0 Default (x64 CUDA).Build.0 = Release|Any CPU
		{A0084F22-B436-4068-8F18-EC182EE78927}.Release|Any CPU.ActiveCfg = Release|Any CPU
		{A0084F22-B436-4068-8F18-EC182EE78927}.Release|Any CPU.Build.0 = Release|Any CPU
		{A0084F22-B436-4068-8F18-EC182EE78927}.Release|Mixed Platforms.ActiveCfg = Release|Any CPU
		{A0084F22-B436-4068-8F18-EC182EE78927}.Release|Mixed Platforms.Build.0 = Release|Any CPU
		{A0084F22-B436-4068-8F18-EC182EE78927}.Release|x86.ActiveCfg = Release|Any CPU
		{4A1DEA51-60CD-4358-9D52-465A3841E3B1}.Debug|0 Default (x64 CUDA).ActiveCfg = Debug|Any CPU
		{4A1DEA51-60CD-4358-9D52-465A3841E3B1}.Debug|Any CPU.ActiveCfg = Debug|Any CPU
		{4A1DEA51-60CD-4358-9D52-465A3841E3B1}.Debug|Any CPU.Build.0 = Debug|Any CPU
		{4A1DEA51-60CD-4358-9D52-465A3841E3B1}.Debug|Mixed Platforms.ActiveCfg = Debug|Any CPU
		{4A1DEA51-60CD-4358-9D52-465A3841E3B1}.Debug|Mixed Platforms.Build.0 = Debug|Any CPU
		{4A1DEA51-60CD-4358-9D52-465A3841E3B1}.Debug|x86.ActiveCfg = Debug|Any CPU
		{4A1DEA51-60CD-4358-9D52-465A3841E3B1}.Release|0 Default (x64 CUDA).ActiveCfg = Release|Any CPU
		{4A1DEA51-60CD-4358-9D52-465A3841E3B1}.Release|0 Default (x64 CUDA).Build.0 = Release|Any CPU
		{4A1DEA51-60CD-4358-9D52-465A3841E3B1}.Release|Any CPU.ActiveCfg = Release|Any CPU
		{4A1DEA51-60CD-4358-9D52-465A3841E3B1}.Release|Any CPU.Build.0 = Release|Any CPU
		{4A1DEA51-60CD-4358-9D52-465A3841E3B1}.Release|Mixed Platforms.ActiveCfg = Release|Any CPU
		{4A1DEA51-60CD-4358-9D52-465A3841E3B1}.Release|Mixed Platforms.Build.0 = Release|Any CPU
		{4A1DEA51-60CD-4358-9D52-465A3841E3B1}.Release|x86.ActiveCfg = Release|Any CPU
		{E4CC63D8-127D-4BC9-80E0-CCB3E9DA06DC}.Debug|0 Default (x64 CUDA).ActiveCfg = Debug|Any CPU
		{E4CC63D8-127D-4BC9-80E0-CCB3E9DA06DC}.Debug|Any CPU.ActiveCfg = Debug|Any CPU
		{E4CC63D8-127D-4BC9-80E0-CCB3E9DA06DC}.Debug|Any CPU.Build.0 = Debug|Any CPU
		{E4CC63D8-127D-4BC9-80E0-CCB3E9DA06DC}.Debug|Mixed Platforms.ActiveCfg = Debug|x86
		{E4CC63D8-127D-4BC9-80E0-CCB3E9DA06DC}.Debug|Mixed Platforms.Build.0 = Debug|x86
		{E4CC63D8-127D-4BC9-80E0-CCB3E9DA06DC}.Debug|x86.ActiveCfg = Debug|x86
		{E4CC63D8-127D-4BC9-80E0-CCB3E9DA06DC}.Debug|x86.Build.0 = Debug|x86
		{E4CC63D8-127D-4BC9-80E0-CCB3E9DA06DC}.Release|0 Default (x64 CUDA).ActiveCfg = Release|Any CPU
		{E4CC63D8-127D-4BC9-80E0-CCB3E9DA06DC}.Release|Any CPU.ActiveCfg = Release|Any CPU
		{E4CC63D8-127D-4BC9-80E0-CCB3E9DA06DC}.Release|Any CPU.Build.0 = Release|Any CPU
		{E4CC63D8-127D-4BC9-80E0-CCB3E9DA06DC}.Release|Mixed Platforms.ActiveCfg = Release|x86
		{E4CC63D8-127D-4BC9-80E0-CCB3E9DA06DC}.Release|Mixed Platforms.Build.0 = Release|x86
		{E4CC63D8-127D-4BC9-80E0-CCB3E9DA06DC}.Release|x86.ActiveCfg = Release|x86
		{E4CC63D8-127D-4BC9-80E0-CCB3E9DA06DC}.Release|x86.Build.0 = Release|x86
		{C75532C4-765B-418E-B09B-46D36B2ABDB1}.Debug|0 Default (x64 CUDA).ActiveCfg = Debug|Any CPU
		{C75532C4-765B-418E-B09B-46D36B2ABDB1}.Debug|Any CPU.ActiveCfg = Debug|Any CPU
		{C75532C4-765B-418E-B09B-46D36B2ABDB1}.Debug|Any CPU.Build.0 = Debug|Any CPU
		{C75532C4-765B-418E-B09B-46D36B2ABDB1}.Debug|Mixed Platforms.ActiveCfg = Debug|Any CPU
		{C75532C4-765B-418E-B09B-46D36B2ABDB1}.Debug|Mixed Platforms.Build.0 = Debug|Any CPU
		{C75532C4-765B-418E-B09B-46D36B2ABDB1}.Debug|x86.ActiveCfg = Debug|Any CPU
		{C75532C4-765B-418E-B09B-46D36B2ABDB1}.Release|0 Default (x64 CUDA).ActiveCfg = Release|Any CPU
		{C75532C4-765B-418E-B09B-46D36B2ABDB1}.Release|Any CPU.ActiveCfg = Release|Any CPU
		{C75532C4-765B-418E-B09B-46D36B2ABDB1}.Release|Any CPU.Build.0 = Release|Any CPU
		{C75532C4-765B-418E-B09B-46D36B2ABDB1}.Release|Mixed Platforms.ActiveCfg = Release|Any CPU
		{C75532C4-765B-418E-B09B-46D36B2ABDB1}.Release|Mixed Platforms.Build.0 = Release|Any CPU
		{C75532C4-765B-418E-B09B-46D36B2ABDB1}.Release|x86.ActiveCfg = Release|Any CPU
		{F1C4D174-C948-4D18-A125-F6855EF55683}.Debug|0 Default (x64 CUDA).ActiveCfg = Debug|Any CPU
		{F1C4D174-C948-4D18-A125-F6855EF55683}.Debug|Any CPU.ActiveCfg = Debug|Any CPU
		{F1C4D174-C948-4D18-A125-F6855EF55683}.Debug|Any CPU.Build.0 = Debug|Any CPU
		{F1C4D174-C948-4D18-A125-F6855EF55683}.Debug|Mixed Platforms.ActiveCfg = Debug|Any CPU
		{F1C4D174-C948-4D18-A125-F6855EF55683}.Debug|Mixed Platforms.Build.0 = Debug|Any CPU
		{F1C4D174-C948-4D18-A125-F6855EF55683}.Debug|x86.ActiveCfg = Debug|Any CPU
		{F1C4D174-C948-4D18-A125-F6855EF55683}.Release|0 Default (x64 CUDA).ActiveCfg = Release|Any CPU
		{F1C4D174-C948-4D18-A125-F6855EF55683}.Release|Any CPU.ActiveCfg = Release|Any CPU
		{F1C4D174-C948-4D18-A125-F6855EF55683}.Release|Any CPU.Build.0 = Release|Any CPU
		{F1C4D174-C948-4D18-A125-F6855EF55683}.Release|Mixed Platforms.ActiveCfg = Release|Any CPU
		{F1C4D174-C948-4D18-A125-F6855EF55683}.Release|Mixed Platforms.Build.0 = Release|Any CPU
		{F1C4D174-C948-4D18-A125-F6855EF55683}.Release|x86.ActiveCfg = Release|Any CPU
	EndGlobalSection
	GlobalSection(SolutionProperties) = preSolution
		HideSolutionNode = FALSE
	EndGlobalSection
	GlobalSection(NestedProjects) = preSolution
		{E4CC63D8-127D-4BC9-80E0-CCB3E9DA06DC} = {EC58194B-6A5F-4E25-97BE-8DE4C2A29286}
		{C75532C4-765B-418E-B09B-46D36B2ABDB1} = {EC58194B-6A5F-4E25-97BE-8DE4C2A29286}
		{F1C4D174-C948-4D18-A125-F6855EF55683} = {EC58194B-6A5F-4E25-97BE-8DE4C2A29286}
	EndGlobalSection
EndGlobal
