
Microsoft Visual Studio Solution File, Format Version 12.00
# Visual Studio 2013
VisualStudioVersion = 12.0.40629.0
MinimumVisualStudioVersion = 10.0.40219.1
Project("{2150E333-8FDC-42A3-9474-1A3956D46DE8}") = "TW Core", "TW Core", "{91CAB9D9-3DFD-48E9-B2D1-1287AB378D9B}"
EndProject
Project("{2150E333-8FDC-42A3-9474-1A3956D46DE8}") = ".nuget", ".nuget", "{2262019C-35C4-466B-B39E-627DD24C0CD2}"
	ProjectSection(SolutionItems) = preProject
		.nuget\NuGet.Config = .nuget\NuGet.Config
	EndProjectSection
EndProject
Project("{FAE04EC0-301F-11D3-BF4B-00C04F79EFBC}") = "Render", "Render\Render.csproj", "{C1527127-DD8C-4076-A0A7-39EB2EF23787}"
EndProject
Project("{FAE04EC0-301F-11D3-BF4B-00C04F79EFBC}") = "Utils", "Utils\Utils.csproj", "{772B1188-A00D-45FC-B352-834227ADAE96}"
EndProject
Project("{FAE04EC0-301F-11D3-BF4B-00C04F79EFBC}") = "ToyWorldAPI", "ToyWorldAPI\ToyWorldAPI.csproj", "{8C381B5A-3FD7-4311-9C42-F8115587E5FD}"
EndProject
Project("{FAE04EC0-301F-11D3-BF4B-00C04F79EFBC}") = "World", "World\World.csproj", "{3831266C-24FE-4DD6-A4CC-39D0EF33C299}"
EndProject
Project("{FAE04EC0-301F-11D3-BF4B-00C04F79EFBC}") = "Physics", "Physics\Physics.csproj", "{06DAAD7F-AC1C-417E-A903-55FFB859E761}"
EndProject
Project("{FAE04EC0-301F-11D3-BF4B-00C04F79EFBC}") = "Game", "Game\Game.csproj", "{C61DB58A-5374-48F3-9457-025A1693C8CC}"
EndProject
Project("{FAE04EC0-301F-11D3-BF4B-00C04F79EFBC}") = "GUI", "GUI\GUI.csproj", "{48D1D233-B871-41B9-88D8-3667B93DA461}"
EndProject
Project("{FAE04EC0-301F-11D3-BF4B-00C04F79EFBC}") = "ToyWorldTests", "ToyWorldTests\ToyWorldTests.csproj", "{29936884-7FC6-4159-95C0-6E9B3C0D028A}"
EndProject
Project("{FAE04EC0-301F-11D3-BF4B-00C04F79EFBC}") = "ToyWorldFactory", "ToyWorldFactory\ToyWorldFactory.csproj", "{F59C62C1-A4E9-4CE7-B1C8-17375D4491D6}"
EndProject
Project("{2150E333-8FDC-42A3-9474-1A3956D46DE8}") = "TW API", "TW API", "{FF7EF011-D33E-4B6E-9117-DBF85E17EE40}"
EndProject
Project("{FAE04EC0-301F-11D3-BF4B-00C04F79EFBC}") = "TmxMapSerializer", "TmxUtilities\TmxMapSerializer\TmxMapSerializer\TmxMapSerializer.csproj", "{7A4D6FA1-E44B-40E2-9DE8-3606DBC657D9}"
EndProject
Project("{2150E333-8FDC-42A3-9474-1A3956D46DE8}") = "TW Misc", "TW Misc", "{D484651D-9F00-4A5D-9F83-E8FFD456077A}"
EndProject
Project("{2150E333-8FDC-42A3-9474-1A3956D46DE8}") = "Libs", "Libs", "{C584E9B6-86A6-497D-BB24-3219496DCB59}"
EndProject
Project("{FAE04EC0-301F-11D3-BF4B-00C04F79EFBC}") = "TypeMap", "..\..\..\Libs\TypeMap\TypeMap\TypeMap.csproj", "{86955C47-2A02-41A4-AB32-C9E592EB2971}"
EndProject
Global
	GlobalSection(SolutionConfigurationPlatforms) = preSolution
		Debug|1 TW GUI = Debug|1 TW GUI
		Release|1 TW GUI = Release|1 TW GUI
	EndGlobalSection
	GlobalSection(ProjectConfigurationPlatforms) = postSolution
		{C1527127-DD8C-4076-A0A7-39EB2EF23787}.Debug|1 TW GUI.ActiveCfg = Debug|x64
		{C1527127-DD8C-4076-A0A7-39EB2EF23787}.Debug|1 TW GUI.Build.0 = Debug|x64
		{C1527127-DD8C-4076-A0A7-39EB2EF23787}.Release|1 TW GUI.ActiveCfg = Release|x64
		{C1527127-DD8C-4076-A0A7-39EB2EF23787}.Release|1 TW GUI.Build.0 = Release|x64
		{772B1188-A00D-45FC-B352-834227ADAE96}.Debug|1 TW GUI.ActiveCfg = Debug|x64
		{772B1188-A00D-45FC-B352-834227ADAE96}.Debug|1 TW GUI.Build.0 = Debug|x64
		{772B1188-A00D-45FC-B352-834227ADAE96}.Release|1 TW GUI.ActiveCfg = Release|x64
		{772B1188-A00D-45FC-B352-834227ADAE96}.Release|1 TW GUI.Build.0 = Release|x64
		{8C381B5A-3FD7-4311-9C42-F8115587E5FD}.Debug|1 TW GUI.ActiveCfg = Debug|x64
		{8C381B5A-3FD7-4311-9C42-F8115587E5FD}.Debug|1 TW GUI.Build.0 = Debug|x64
		{8C381B5A-3FD7-4311-9C42-F8115587E5FD}.Release|1 TW GUI.ActiveCfg = Release|x64
		{8C381B5A-3FD7-4311-9C42-F8115587E5FD}.Release|1 TW GUI.Build.0 = Release|x64
		{3831266C-24FE-4DD6-A4CC-39D0EF33C299}.Debug|1 TW GUI.ActiveCfg = Debug|x64
		{3831266C-24FE-4DD6-A4CC-39D0EF33C299}.Debug|1 TW GUI.Build.0 = Debug|x64
		{3831266C-24FE-4DD6-A4CC-39D0EF33C299}.Release|1 TW GUI.ActiveCfg = Release|x64
		{3831266C-24FE-4DD6-A4CC-39D0EF33C299}.Release|1 TW GUI.Build.0 = Release|x64
		{06DAAD7F-AC1C-417E-A903-55FFB859E761}.Debug|1 TW GUI.ActiveCfg = Debug|x64
		{06DAAD7F-AC1C-417E-A903-55FFB859E761}.Debug|1 TW GUI.Build.0 = Debug|x64
		{06DAAD7F-AC1C-417E-A903-55FFB859E761}.Release|1 TW GUI.ActiveCfg = Release|x64
		{06DAAD7F-AC1C-417E-A903-55FFB859E761}.Release|1 TW GUI.Build.0 = Release|x64
		{C61DB58A-5374-48F3-9457-025A1693C8CC}.Debug|1 TW GUI.ActiveCfg = Debug|x64
		{C61DB58A-5374-48F3-9457-025A1693C8CC}.Debug|1 TW GUI.Build.0 = Debug|x64
		{C61DB58A-5374-48F3-9457-025A1693C8CC}.Release|1 TW GUI.ActiveCfg = Release|x64
		{C61DB58A-5374-48F3-9457-025A1693C8CC}.Release|1 TW GUI.Build.0 = Release|x64
		{48D1D233-B871-41B9-88D8-3667B93DA461}.Debug|1 TW GUI.ActiveCfg = Debug|x64
		{48D1D233-B871-41B9-88D8-3667B93DA461}.Debug|1 TW GUI.Build.0 = Debug|x64
		{48D1D233-B871-41B9-88D8-3667B93DA461}.Release|1 TW GUI.ActiveCfg = Release|x64
		{48D1D233-B871-41B9-88D8-3667B93DA461}.Release|1 TW GUI.Build.0 = Release|x64
		{29936884-7FC6-4159-95C0-6E9B3C0D028A}.Debug|1 TW GUI.ActiveCfg = Debug|x64
		{29936884-7FC6-4159-95C0-6E9B3C0D028A}.Debug|1 TW GUI.Build.0 = Debug|x64
		{29936884-7FC6-4159-95C0-6E9B3C0D028A}.Release|1 TW GUI.ActiveCfg = Release|x64
		{29936884-7FC6-4159-95C0-6E9B3C0D028A}.Release|1 TW GUI.Build.0 = Release|x64
		{F59C62C1-A4E9-4CE7-B1C8-17375D4491D6}.Debug|1 TW GUI.ActiveCfg = Debug|x64
		{F59C62C1-A4E9-4CE7-B1C8-17375D4491D6}.Debug|1 TW GUI.Build.0 = Debug|x64
		{F59C62C1-A4E9-4CE7-B1C8-17375D4491D6}.Release|1 TW GUI.ActiveCfg = Release|x64
		{F59C62C1-A4E9-4CE7-B1C8-17375D4491D6}.Release|1 TW GUI.Build.0 = Release|x64
		{7A4D6FA1-E44B-40E2-9DE8-3606DBC657D9}.Debug|1 TW GUI.ActiveCfg = Debug|x64
		{7A4D6FA1-E44B-40E2-9DE8-3606DBC657D9}.Debug|1 TW GUI.Build.0 = Debug|x64
		{7A4D6FA1-E44B-40E2-9DE8-3606DBC657D9}.Release|1 TW GUI.ActiveCfg = Release|x64
		{7A4D6FA1-E44B-40E2-9DE8-3606DBC657D9}.Release|1 TW GUI.Build.0 = Release|x64
		{86955C47-2A02-41A4-AB32-C9E592EB2971}.Debug|1 TW GUI.ActiveCfg = Debug|Any CPU
		{86955C47-2A02-41A4-AB32-C9E592EB2971}.Debug|1 TW GUI.Build.0 = Debug|Any CPU
		{86955C47-2A02-41A4-AB32-C9E592EB2971}.Release|1 TW GUI.ActiveCfg = Release|Any CPU
		{86955C47-2A02-41A4-AB32-C9E592EB2971}.Release|1 TW GUI.Build.0 = Release|Any CPU
	EndGlobalSection
	GlobalSection(SolutionProperties) = preSolution
		HideSolutionNode = FALSE
	EndGlobalSection
	GlobalSection(NestedProjects) = preSolution
		{C1527127-DD8C-4076-A0A7-39EB2EF23787} = {91CAB9D9-3DFD-48E9-B2D1-1287AB378D9B}
		{772B1188-A00D-45FC-B352-834227ADAE96} = {91CAB9D9-3DFD-48E9-B2D1-1287AB378D9B}
		{8C381B5A-3FD7-4311-9C42-F8115587E5FD} = {FF7EF011-D33E-4B6E-9117-DBF85E17EE40}
		{3831266C-24FE-4DD6-A4CC-39D0EF33C299} = {91CAB9D9-3DFD-48E9-B2D1-1287AB378D9B}
		{06DAAD7F-AC1C-417E-A903-55FFB859E761} = {91CAB9D9-3DFD-48E9-B2D1-1287AB378D9B}
		{C61DB58A-5374-48F3-9457-025A1693C8CC} = {91CAB9D9-3DFD-48E9-B2D1-1287AB378D9B}
		{48D1D233-B871-41B9-88D8-3667B93DA461} = {91CAB9D9-3DFD-48E9-B2D1-1287AB378D9B}
		{29936884-7FC6-4159-95C0-6E9B3C0D028A} = {D484651D-9F00-4A5D-9F83-E8FFD456077A}
		{F59C62C1-A4E9-4CE7-B1C8-17375D4491D6} = {FF7EF011-D33E-4B6E-9117-DBF85E17EE40}
		{7A4D6FA1-E44B-40E2-9DE8-3606DBC657D9} = {D484651D-9F00-4A5D-9F83-E8FFD456077A}
		{86955C47-2A02-41A4-AB32-C9E592EB2971} = {C584E9B6-86A6-497D-BB24-3219496DCB59}
	EndGlobalSection
EndGlobal
