
Microsoft Visual Studio Solution File, Format Version 12.00
# Visual Studio 2013
VisualStudioVersion = 12.0.31101.0
MinimumVisualStudioVersion = 10.0.40219.1
Project("{2150E333-8FDC-42A3-9474-1A3956D46DE8}") = "BrainSim", "BrainSim", "{E347A1BF-B4F0-4C85-8905-CC4E3ADA0964}"
EndProject
Project("{2150E333-8FDC-42A3-9474-1A3956D46DE8}") = "TW", "TW", "{91CAB9D9-3DFD-48E9-B2D1-1287AB378D9B}"
EndProject
Project("{FAE04EC0-301F-11D3-BF4B-00C04F79EFBC}") = "BrainSimulator", "..\..\..\Platform\BrainSimulator\BrainSimulator.csproj", "{E45FA5B2-15E6-49E5-ABE5-18FE9A7D027D}"
EndProject
Project("{FAE04EC0-301F-11D3-BF4B-00C04F79EFBC}") = "Core", "..\..\..\Platform\Core\Core.csproj", "{91324E64-9B84-4312-9E55-5A77DF07DA1B}"
	ProjectSection(ProjectDependencies) = postProject
		{C75532C4-765B-418E-B09B-46D36B2ABDB1} = {C75532C4-765B-418E-B09B-46D36B2ABDB1}
		{E4CC63D8-127D-4BC9-80E0-CCB3E9DA06DC} = {E4CC63D8-127D-4BC9-80E0-CCB3E9DA06DC}
	EndProjectSection
EndProject
Project("{2150E333-8FDC-42A3-9474-1A3956D46DE8}") = "Solution Items", "Solution Items", "{9C8174E7-F1C5-46EE-B64B-CCD59600506E}"
	ProjectSection(SolutionItems) = preProject
		README.md = README.md
	EndProjectSection
EndProject
Project("{FAE04EC0-301F-11D3-BF4B-00C04F79EFBC}") = "BasicNodes", "..\..\BasicNodes\Module\BasicNodes.csproj", "{C8A4992F-F2CB-40E7-92AA-7D4239653517}"
EndProject
Project("{8BC9CEB8-8B4A-11D0-8D11-00A0C91BC942}") = "BasicNodesCuda", "..\..\BasicNodes\Cuda\BasicNodesCuda.vcxproj", "{72423431-4A15-4E8D-B987-8E684BD730FE}"
EndProject
Project("{2150E333-8FDC-42A3-9474-1A3956D46DE8}") = ".nuget", ".nuget", "{2262019C-35C4-466B-B39E-627DD24C0CD2}"
	ProjectSection(SolutionItems) = preProject
		.nuget\NuGet.Config = .nuget\NuGet.Config
	EndProjectSection
EndProject
Project("{FAE04EC0-301F-11D3-BF4B-00C04F79EFBC}") = "Render", "Render\Render.csproj", "{C1527127-DD8C-4076-A0A7-39EB2EF23787}"
EndProject
Project("{FAE04EC0-301F-11D3-BF4B-00C04F79EFBC}") = "Utils", "Utils\Utils.csproj", "{772B1188-A00D-45FC-B352-834227ADAE96}"
EndProject
Project("{FAE04EC0-301F-11D3-BF4B-00C04F79EFBC}") = "ToyWorldAPI", "ToyWorldAPI\ToyWorldAPI.csproj", "{8C381B5A-3FD7-4311-9C42-F8115587E5FD}"
EndProject
Project("{FAE04EC0-301F-11D3-BF4B-00C04F79EFBC}") = "World", "World\World.csproj", "{3831266C-24FE-4DD6-A4CC-39D0EF33C299}"
EndProject
Project("{FAE04EC0-301F-11D3-BF4B-00C04F79EFBC}") = "Physics", "Physics\Physics.csproj", "{06DAAD7F-AC1C-417E-A903-55FFB859E761}"
EndProject
Project("{FAE04EC0-301F-11D3-BF4B-00C04F79EFBC}") = "Game", "Game\Game.csproj", "{C61DB58A-5374-48F3-9457-025A1693C8CC}"
EndProject
Project("{FAE04EC0-301F-11D3-BF4B-00C04F79EFBC}") = "GUI", "GUI\GUI.csproj", "{48D1D233-B871-41B9-88D8-3667B93DA461}"
EndProject
Project("{FAE04EC0-301F-11D3-BF4B-00C04F79EFBC}") = "InternalNodes", "..\..\InternalNodes\Module\InternalNodes.csproj", "{89A6291D-FBE8-418B-84A0-94C688168513}"
EndProject
Project("{FAE04EC0-301F-11D3-BF4B-00C04F79EFBC}") = "YAXLib", "..\..\..\Libs\3rd\YAXLib\YAXLib\YAXLib.csproj", "{F1C4D174-C948-4D18-A125-F6855EF55683}"
EndProject
Project("{FAE04EC0-301F-11D3-BF4B-00C04F79EFBC}") = "WinFormsUI", "..\..\..\Libs\3rd\WinFormsUI\WinFormsUI.csproj", "{C75532C4-765B-418E-B09B-46D36B2ABDB1}"
EndProject
Project("{FAE04EC0-301F-11D3-BF4B-00C04F79EFBC}") = "Graph", "..\..\..\Libs\3rd\Graph\Graph.csproj", "{E4CC63D8-127D-4BC9-80E0-CCB3E9DA06DC}"
EndProject
Project("{FAE04EC0-301F-11D3-BF4B-00C04F79EFBC}") = "TypeMap", "..\..\..\Libs\TypeMap\TypeMap\TypeMap.csproj", "{86955C47-2A02-41A4-AB32-C9E592EB2971}"
EndProject
Project("{2150E333-8FDC-42A3-9474-1A3956D46DE8}") = "Libs", "Libs", "{990B0A8D-6BF6-4618-AC1F-06D9D2D7D35C}"
EndProject
Global
	GlobalSection(SolutionConfigurationPlatforms) = preSolution
		Debug|0 Default (x64 CUDA) = Debug|0 Default (x64 CUDA)
		Debug|1 Skip CUDA = Debug|1 Skip CUDA
		Debug|2 TW GUI = Debug|2 TW GUI
		Release|0 Default (x64 CUDA) = Release|0 Default (x64 CUDA)
		Release|1 Skip CUDA = Release|1 Skip CUDA
		Release|2 TW GUI = Release|2 TW GUI
	EndGlobalSection
	GlobalSection(ProjectConfigurationPlatforms) = postSolution
		{E45FA5B2-15E6-49E5-ABE5-18FE9A7D027D}.Debug|0 Default (x64 CUDA).ActiveCfg = Debug|x64
		{E45FA5B2-15E6-49E5-ABE5-18FE9A7D027D}.Debug|0 Default (x64 CUDA).Build.0 = Debug|x64
		{E45FA5B2-15E6-49E5-ABE5-18FE9A7D027D}.Debug|1 Skip CUDA.ActiveCfg = Debug|x64
		{E45FA5B2-15E6-49E5-ABE5-18FE9A7D027D}.Debug|1 Skip CUDA.Build.0 = Debug|x64
		{E45FA5B2-15E6-49E5-ABE5-18FE9A7D027D}.Debug|2 TW GUI.ActiveCfg = Debug|x64
		{E45FA5B2-15E6-49E5-ABE5-18FE9A7D027D}.Release|0 Default (x64 CUDA).ActiveCfg = Release|x64
		{E45FA5B2-15E6-49E5-ABE5-18FE9A7D027D}.Release|0 Default (x64 CUDA).Build.0 = Release|x64
		{E45FA5B2-15E6-49E5-ABE5-18FE9A7D027D}.Release|1 Skip CUDA.ActiveCfg = Release|x64
		{E45FA5B2-15E6-49E5-ABE5-18FE9A7D027D}.Release|1 Skip CUDA.Build.0 = Release|x64
		{E45FA5B2-15E6-49E5-ABE5-18FE9A7D027D}.Release|2 TW GUI.ActiveCfg = Release|x64
		{91324E64-9B84-4312-9E55-5A77DF07DA1B}.Debug|0 Default (x64 CUDA).ActiveCfg = Debug|x64
		{91324E64-9B84-4312-9E55-5A77DF07DA1B}.Debug|0 Default (x64 CUDA).Build.0 = Debug|x64
		{91324E64-9B84-4312-9E55-5A77DF07DA1B}.Debug|1 Skip CUDA.ActiveCfg = Debug|x64
		{91324E64-9B84-4312-9E55-5A77DF07DA1B}.Debug|1 Skip CUDA.Build.0 = Debug|x64
		{91324E64-9B84-4312-9E55-5A77DF07DA1B}.Debug|2 TW GUI.ActiveCfg = Debug|x64
		{91324E64-9B84-4312-9E55-5A77DF07DA1B}.Release|0 Default (x64 CUDA).ActiveCfg = Release|x64
		{91324E64-9B84-4312-9E55-5A77DF07DA1B}.Release|0 Default (x64 CUDA).Build.0 = Release|x64
		{91324E64-9B84-4312-9E55-5A77DF07DA1B}.Release|1 Skip CUDA.ActiveCfg = Release|x64
		{91324E64-9B84-4312-9E55-5A77DF07DA1B}.Release|1 Skip CUDA.Build.0 = Release|x64
		{91324E64-9B84-4312-9E55-5A77DF07DA1B}.Release|2 TW GUI.ActiveCfg = Release|x64
		{C8A4992F-F2CB-40E7-92AA-7D4239653517}.Debug|0 Default (x64 CUDA).ActiveCfg = Debug|x64
		{C8A4992F-F2CB-40E7-92AA-7D4239653517}.Debug|0 Default (x64 CUDA).Build.0 = Debug|x64
		{C8A4992F-F2CB-40E7-92AA-7D4239653517}.Debug|1 Skip CUDA.ActiveCfg = Debug|x64
		{C8A4992F-F2CB-40E7-92AA-7D4239653517}.Debug|1 Skip CUDA.Build.0 = Debug|x64
		{C8A4992F-F2CB-40E7-92AA-7D4239653517}.Debug|2 TW GUI.ActiveCfg = Debug|x64
		{C8A4992F-F2CB-40E7-92AA-7D4239653517}.Release|0 Default (x64 CUDA).ActiveCfg = Release|x64
		{C8A4992F-F2CB-40E7-92AA-7D4239653517}.Release|0 Default (x64 CUDA).Build.0 = Release|x64
		{C8A4992F-F2CB-40E7-92AA-7D4239653517}.Release|1 Skip CUDA.ActiveCfg = Release|x64
		{C8A4992F-F2CB-40E7-92AA-7D4239653517}.Release|1 Skip CUDA.Build.0 = Release|x64
		{C8A4992F-F2CB-40E7-92AA-7D4239653517}.Release|2 TW GUI.ActiveCfg = Release|x64
		{72423431-4A15-4E8D-B987-8E684BD730FE}.Debug|0 Default (x64 CUDA).ActiveCfg = Debug|x64
		{72423431-4A15-4E8D-B987-8E684BD730FE}.Debug|0 Default (x64 CUDA).Build.0 = Debug|x64
		{72423431-4A15-4E8D-B987-8E684BD730FE}.Debug|1 Skip CUDA.ActiveCfg = Debug|x64
		{72423431-4A15-4E8D-B987-8E684BD730FE}.Debug|2 TW GUI.ActiveCfg = Debug|x64
		{72423431-4A15-4E8D-B987-8E684BD730FE}.Release|0 Default (x64 CUDA).ActiveCfg = Release|x64
		{72423431-4A15-4E8D-B987-8E684BD730FE}.Release|0 Default (x64 CUDA).Build.0 = Release|x64
		{72423431-4A15-4E8D-B987-8E684BD730FE}.Release|1 Skip CUDA.ActiveCfg = Release|x64
		{72423431-4A15-4E8D-B987-8E684BD730FE}.Release|2 TW GUI.ActiveCfg = Release|x64
		{C1527127-DD8C-4076-A0A7-39EB2EF23787}.Debug|0 Default (x64 CUDA).ActiveCfg = Debug|x64
		{C1527127-DD8C-4076-A0A7-39EB2EF23787}.Debug|0 Default (x64 CUDA).Build.0 = Debug|x64
		{C1527127-DD8C-4076-A0A7-39EB2EF23787}.Debug|1 Skip CUDA.ActiveCfg = Debug|x64
		{C1527127-DD8C-4076-A0A7-39EB2EF23787}.Debug|1 Skip CUDA.Build.0 = Debug|x64
		{C1527127-DD8C-4076-A0A7-39EB2EF23787}.Debug|2 TW GUI.ActiveCfg = Debug|x64
		{C1527127-DD8C-4076-A0A7-39EB2EF23787}.Debug|2 TW GUI.Build.0 = Debug|x64
		{C1527127-DD8C-4076-A0A7-39EB2EF23787}.Release|0 Default (x64 CUDA).ActiveCfg = Release|x64
		{C1527127-DD8C-4076-A0A7-39EB2EF23787}.Release|0 Default (x64 CUDA).Build.0 = Release|x64
		{C1527127-DD8C-4076-A0A7-39EB2EF23787}.Release|1 Skip CUDA.ActiveCfg = Release|x64
		{C1527127-DD8C-4076-A0A7-39EB2EF23787}.Release|1 Skip CUDA.Build.0 = Release|x64
		{C1527127-DD8C-4076-A0A7-39EB2EF23787}.Release|2 TW GUI.ActiveCfg = Release|x64
		{C1527127-DD8C-4076-A0A7-39EB2EF23787}.Release|2 TW GUI.Build.0 = Release|x64
		{772B1188-A00D-45FC-B352-834227ADAE96}.Debug|0 Default (x64 CUDA).ActiveCfg = Debug|x64
		{772B1188-A00D-45FC-B352-834227ADAE96}.Debug|0 Default (x64 CUDA).Build.0 = Debug|x64
		{772B1188-A00D-45FC-B352-834227ADAE96}.Debug|1 Skip CUDA.ActiveCfg = Debug|x64
		{772B1188-A00D-45FC-B352-834227ADAE96}.Debug|1 Skip CUDA.Build.0 = Debug|x64
		{772B1188-A00D-45FC-B352-834227ADAE96}.Debug|2 TW GUI.ActiveCfg = Debug|x64
		{772B1188-A00D-45FC-B352-834227ADAE96}.Debug|2 TW GUI.Build.0 = Debug|x64
		{772B1188-A00D-45FC-B352-834227ADAE96}.Release|0 Default (x64 CUDA).ActiveCfg = Release|x64
		{772B1188-A00D-45FC-B352-834227ADAE96}.Release|0 Default (x64 CUDA).Build.0 = Release|x64
		{772B1188-A00D-45FC-B352-834227ADAE96}.Release|1 Skip CUDA.ActiveCfg = Release|x64
		{772B1188-A00D-45FC-B352-834227ADAE96}.Release|1 Skip CUDA.Build.0 = Release|x64
		{772B1188-A00D-45FC-B352-834227ADAE96}.Release|2 TW GUI.ActiveCfg = Release|x64
		{772B1188-A00D-45FC-B352-834227ADAE96}.Release|2 TW GUI.Build.0 = Release|x64
		{8C381B5A-3FD7-4311-9C42-F8115587E5FD}.Debug|0 Default (x64 CUDA).ActiveCfg = Debug|x64
		{8C381B5A-3FD7-4311-9C42-F8115587E5FD}.Debug|0 Default (x64 CUDA).Build.0 = Debug|x64
		{8C381B5A-3FD7-4311-9C42-F8115587E5FD}.Debug|1 Skip CUDA.ActiveCfg = Debug|x64
		{8C381B5A-3FD7-4311-9C42-F8115587E5FD}.Debug|1 Skip CUDA.Build.0 = Debug|x64
		{8C381B5A-3FD7-4311-9C42-F8115587E5FD}.Debug|2 TW GUI.ActiveCfg = Debug|x64
		{8C381B5A-3FD7-4311-9C42-F8115587E5FD}.Debug|2 TW GUI.Build.0 = Debug|x64
		{8C381B5A-3FD7-4311-9C42-F8115587E5FD}.Release|0 Default (x64 CUDA).ActiveCfg = Release|x64
		{8C381B5A-3FD7-4311-9C42-F8115587E5FD}.Release|0 Default (x64 CUDA).Build.0 = Release|x64
		{8C381B5A-3FD7-4311-9C42-F8115587E5FD}.Release|1 Skip CUDA.ActiveCfg = Release|x64
		{8C381B5A-3FD7-4311-9C42-F8115587E5FD}.Release|1 Skip CUDA.Build.0 = Release|x64
		{8C381B5A-3FD7-4311-9C42-F8115587E5FD}.Release|2 TW GUI.ActiveCfg = Release|x64
		{8C381B5A-3FD7-4311-9C42-F8115587E5FD}.Release|2 TW GUI.Build.0 = Release|x64
		{3831266C-24FE-4DD6-A4CC-39D0EF33C299}.Debug|0 Default (x64 CUDA).ActiveCfg = Debug|x64
		{3831266C-24FE-4DD6-A4CC-39D0EF33C299}.Debug|0 Default (x64 CUDA).Build.0 = Debug|x64
		{3831266C-24FE-4DD6-A4CC-39D0EF33C299}.Debug|1 Skip CUDA.ActiveCfg = Debug|x64
		{3831266C-24FE-4DD6-A4CC-39D0EF33C299}.Debug|1 Skip CUDA.Build.0 = Debug|x64
		{3831266C-24FE-4DD6-A4CC-39D0EF33C299}.Debug|2 TW GUI.ActiveCfg = Debug|x64
		{3831266C-24FE-4DD6-A4CC-39D0EF33C299}.Debug|2 TW GUI.Build.0 = Debug|x64
		{3831266C-24FE-4DD6-A4CC-39D0EF33C299}.Release|0 Default (x64 CUDA).ActiveCfg = Release|x64
		{3831266C-24FE-4DD6-A4CC-39D0EF33C299}.Release|0 Default (x64 CUDA).Build.0 = Release|x64
		{3831266C-24FE-4DD6-A4CC-39D0EF33C299}.Release|1 Skip CUDA.ActiveCfg = Release|x64
		{3831266C-24FE-4DD6-A4CC-39D0EF33C299}.Release|1 Skip CUDA.Build.0 = Release|x64
		{3831266C-24FE-4DD6-A4CC-39D0EF33C299}.Release|2 TW GUI.ActiveCfg = Release|x64
		{3831266C-24FE-4DD6-A4CC-39D0EF33C299}.Release|2 TW GUI.Build.0 = Release|x64
		{06DAAD7F-AC1C-417E-A903-55FFB859E761}.Debug|0 Default (x64 CUDA).ActiveCfg = Debug|x64
		{06DAAD7F-AC1C-417E-A903-55FFB859E761}.Debug|0 Default (x64 CUDA).Build.0 = Debug|x64
		{06DAAD7F-AC1C-417E-A903-55FFB859E761}.Debug|1 Skip CUDA.ActiveCfg = Debug|x64
		{06DAAD7F-AC1C-417E-A903-55FFB859E761}.Debug|1 Skip CUDA.Build.0 = Debug|x64
		{06DAAD7F-AC1C-417E-A903-55FFB859E761}.Debug|2 TW GUI.ActiveCfg = Debug|x64
		{06DAAD7F-AC1C-417E-A903-55FFB859E761}.Debug|2 TW GUI.Build.0 = Debug|x64
		{06DAAD7F-AC1C-417E-A903-55FFB859E761}.Release|0 Default (x64 CUDA).ActiveCfg = Release|x64
		{06DAAD7F-AC1C-417E-A903-55FFB859E761}.Release|0 Default (x64 CUDA).Build.0 = Release|x64
		{06DAAD7F-AC1C-417E-A903-55FFB859E761}.Release|1 Skip CUDA.ActiveCfg = Release|x64
		{06DAAD7F-AC1C-417E-A903-55FFB859E761}.Release|1 Skip CUDA.Build.0 = Release|x64
		{06DAAD7F-AC1C-417E-A903-55FFB859E761}.Release|2 TW GUI.ActiveCfg = Release|x64
		{06DAAD7F-AC1C-417E-A903-55FFB859E761}.Release|2 TW GUI.Build.0 = Release|x64
		{C61DB58A-5374-48F3-9457-025A1693C8CC}.Debug|0 Default (x64 CUDA).ActiveCfg = Debug|x64
		{C61DB58A-5374-48F3-9457-025A1693C8CC}.Debug|0 Default (x64 CUDA).Build.0 = Debug|x64
		{C61DB58A-5374-48F3-9457-025A1693C8CC}.Debug|1 Skip CUDA.ActiveCfg = Debug|x64
		{C61DB58A-5374-48F3-9457-025A1693C8CC}.Debug|1 Skip CUDA.Build.0 = Debug|x64
		{C61DB58A-5374-48F3-9457-025A1693C8CC}.Debug|2 TW GUI.ActiveCfg = Debug|x64
		{C61DB58A-5374-48F3-9457-025A1693C8CC}.Debug|2 TW GUI.Build.0 = Debug|x64
		{C61DB58A-5374-48F3-9457-025A1693C8CC}.Release|0 Default (x64 CUDA).ActiveCfg = Release|x64
		{C61DB58A-5374-48F3-9457-025A1693C8CC}.Release|0 Default (x64 CUDA).Build.0 = Release|x64
		{C61DB58A-5374-48F3-9457-025A1693C8CC}.Release|1 Skip CUDA.ActiveCfg = Release|x64
		{C61DB58A-5374-48F3-9457-025A1693C8CC}.Release|1 Skip CUDA.Build.0 = Release|x64
		{C61DB58A-5374-48F3-9457-025A1693C8CC}.Release|2 TW GUI.ActiveCfg = Release|x64
		{C61DB58A-5374-48F3-9457-025A1693C8CC}.Release|2 TW GUI.Build.0 = Release|x64
		{48D1D233-B871-41B9-88D8-3667B93DA461}.Debug|0 Default (x64 CUDA).ActiveCfg = Debug|x64
		{48D1D233-B871-41B9-88D8-3667B93DA461}.Debug|0 Default (x64 CUDA).Build.0 = Debug|x64
		{48D1D233-B871-41B9-88D8-3667B93DA461}.Debug|1 Skip CUDA.ActiveCfg = Debug|x64
		{48D1D233-B871-41B9-88D8-3667B93DA461}.Debug|1 Skip CUDA.Build.0 = Debug|x64
		{48D1D233-B871-41B9-88D8-3667B93DA461}.Debug|2 TW GUI.ActiveCfg = Debug|x64
		{48D1D233-B871-41B9-88D8-3667B93DA461}.Debug|2 TW GUI.Build.0 = Debug|x64
		{48D1D233-B871-41B9-88D8-3667B93DA461}.Release|0 Default (x64 CUDA).ActiveCfg = Release|x64
		{48D1D233-B871-41B9-88D8-3667B93DA461}.Release|0 Default (x64 CUDA).Build.0 = Release|x64
		{48D1D233-B871-41B9-88D8-3667B93DA461}.Release|1 Skip CUDA.ActiveCfg = Release|x64
		{48D1D233-B871-41B9-88D8-3667B93DA461}.Release|1 Skip CUDA.Build.0 = Release|x64
		{48D1D233-B871-41B9-88D8-3667B93DA461}.Release|2 TW GUI.ActiveCfg = Release|x64
		{48D1D233-B871-41B9-88D8-3667B93DA461}.Release|2 TW GUI.Build.0 = Release|x64
		{89A6291D-FBE8-418B-84A0-94C688168513}.Debug|0 Default (x64 CUDA).ActiveCfg = Debug|Any CPU
		{89A6291D-FBE8-418B-84A0-94C688168513}.Debug|0 Default (x64 CUDA).Build.0 = Debug|Any CPU
		{89A6291D-FBE8-418B-84A0-94C688168513}.Debug|1 Skip CUDA.ActiveCfg = Debug|Any CPU
		{89A6291D-FBE8-418B-84A0-94C688168513}.Debug|1 Skip CUDA.Build.0 = Debug|Any CPU
		{89A6291D-FBE8-418B-84A0-94C688168513}.Debug|2 TW GUI.ActiveCfg = Debug|Any CPU
		{89A6291D-FBE8-418B-84A0-94C688168513}.Release|0 Default (x64 CUDA).ActiveCfg = Release|Any CPU
		{89A6291D-FBE8-418B-84A0-94C688168513}.Release|0 Default (x64 CUDA).Build.0 = Release|Any CPU
		{89A6291D-FBE8-418B-84A0-94C688168513}.Release|1 Skip CUDA.ActiveCfg = Release|Any CPU
		{89A6291D-FBE8-418B-84A0-94C688168513}.Release|1 Skip CUDA.Build.0 = Release|Any CPU
		{89A6291D-FBE8-418B-84A0-94C688168513}.Release|2 TW GUI.ActiveCfg = Release|Any CPU
		{F1C4D174-C948-4D18-A125-F6855EF55683}.Debug|0 Default (x64 CUDA).ActiveCfg = Debug|Any CPU
		{F1C4D174-C948-4D18-A125-F6855EF55683}.Debug|0 Default (x64 CUDA).Build.0 = Debug|Any CPU
		{F1C4D174-C948-4D18-A125-F6855EF55683}.Debug|1 Skip CUDA.ActiveCfg = Debug|Any CPU
		{F1C4D174-C948-4D18-A125-F6855EF55683}.Debug|1 Skip CUDA.Build.0 = Debug|Any CPU
		{F1C4D174-C948-4D18-A125-F6855EF55683}.Debug|2 TW GUI.ActiveCfg = Debug|Any CPU
		{F1C4D174-C948-4D18-A125-F6855EF55683}.Release|0 Default (x64 CUDA).ActiveCfg = Release|Any CPU
		{F1C4D174-C948-4D18-A125-F6855EF55683}.Release|0 Default (x64 CUDA).Build.0 = Release|Any CPU
		{F1C4D174-C948-4D18-A125-F6855EF55683}.Release|1 Skip CUDA.ActiveCfg = Release|Any CPU
		{F1C4D174-C948-4D18-A125-F6855EF55683}.Release|1 Skip CUDA.Build.0 = Release|Any CPU
		{F1C4D174-C948-4D18-A125-F6855EF55683}.Release|2 TW GUI.ActiveCfg = Release|Any CPU
		{C75532C4-765B-418E-B09B-46D36B2ABDB1}.Debug|0 Default (x64 CUDA).ActiveCfg = Debug|Any CPU
		{C75532C4-765B-418E-B09B-46D36B2ABDB1}.Debug|0 Default (x64 CUDA).Build.0 = Debug|Any CPU
		{C75532C4-765B-418E-B09B-46D36B2ABDB1}.Debug|1 Skip CUDA.ActiveCfg = Debug|Any CPU
		{C75532C4-765B-418E-B09B-46D36B2ABDB1}.Debug|1 Skip CUDA.Build.0 = Debug|Any CPU
		{C75532C4-765B-418E-B09B-46D36B2ABDB1}.Debug|2 TW GUI.ActiveCfg = Debug|Any CPU
		{C75532C4-765B-418E-B09B-46D36B2ABDB1}.Release|0 Default (x64 CUDA).ActiveCfg = Release|Any CPU
		{C75532C4-765B-418E-B09B-46D36B2ABDB1}.Release|0 Default (x64 CUDA).Build.0 = Release|Any CPU
		{C75532C4-765B-418E-B09B-46D36B2ABDB1}.Release|1 Skip CUDA.ActiveCfg = Release|Any CPU
		{C75532C4-765B-418E-B09B-46D36B2ABDB1}.Release|1 Skip CUDA.Build.0 = Release|Any CPU
		{C75532C4-765B-418E-B09B-46D36B2ABDB1}.Release|2 TW GUI.ActiveCfg = Release|Any CPU
		{E4CC63D8-127D-4BC9-80E0-CCB3E9DA06DC}.Debug|0 Default (x64 CUDA).ActiveCfg = Debug|Any CPU
		{E4CC63D8-127D-4BC9-80E0-CCB3E9DA06DC}.Debug|0 Default (x64 CUDA).Build.0 = Debug|Any CPU
		{E4CC63D8-127D-4BC9-80E0-CCB3E9DA06DC}.Debug|1 Skip CUDA.ActiveCfg = Debug|Any CPU
		{E4CC63D8-127D-4BC9-80E0-CCB3E9DA06DC}.Debug|1 Skip CUDA.Build.0 = Debug|Any CPU
		{E4CC63D8-127D-4BC9-80E0-CCB3E9DA06DC}.Debug|2 TW GUI.ActiveCfg = Debug|Any CPU
		{E4CC63D8-127D-4BC9-80E0-CCB3E9DA06DC}.Release|0 Default (x64 CUDA).ActiveCfg = Release|Any CPU
		{E4CC63D8-127D-4BC9-80E0-CCB3E9DA06DC}.Release|0 Default (x64 CUDA).Build.0 = Release|Any CPU
		{E4CC63D8-127D-4BC9-80E0-CCB3E9DA06DC}.Release|1 Skip CUDA.ActiveCfg = Release|Any CPU
		{E4CC63D8-127D-4BC9-80E0-CCB3E9DA06DC}.Release|1 Skip CUDA.Build.0 = Release|Any CPU
		{E4CC63D8-127D-4BC9-80E0-CCB3E9DA06DC}.Release|2 TW GUI.ActiveCfg = Release|Any CPU
		{86955C47-2A02-41A4-AB32-C9E592EB2971}.Debug|0 Default (x64 CUDA).ActiveCfg = Debug|Any CPU
		{86955C47-2A02-41A4-AB32-C9E592EB2971}.Debug|0 Default (x64 CUDA).Build.0 = Debug|Any CPU
		{86955C47-2A02-41A4-AB32-C9E592EB2971}.Debug|1 Skip CUDA.ActiveCfg = Debug|Any CPU
		{86955C47-2A02-41A4-AB32-C9E592EB2971}.Debug|1 Skip CUDA.Build.0 = Debug|Any CPU
		{86955C47-2A02-41A4-AB32-C9E592EB2971}.Debug|2 TW GUI.ActiveCfg = Debug|Any CPU
		{86955C47-2A02-41A4-AB32-C9E592EB2971}.Release|0 Default (x64 CUDA).ActiveCfg = Release|Any CPU
		{86955C47-2A02-41A4-AB32-C9E592EB2971}.Release|0 Default (x64 CUDA).Build.0 = Release|Any CPU
		{86955C47-2A02-41A4-AB32-C9E592EB2971}.Release|1 Skip CUDA.ActiveCfg = Release|Any CPU
		{86955C47-2A02-41A4-AB32-C9E592EB2971}.Release|1 Skip CUDA.Build.0 = Release|Any CPU
		{86955C47-2A02-41A4-AB32-C9E592EB2971}.Release|2 TW GUI.ActiveCfg = Release|Any CPU
	EndGlobalSection
	GlobalSection(SolutionProperties) = preSolution
		HideSolutionNode = FALSE
	EndGlobalSection
	GlobalSection(NestedProjects) = preSolution
		{E45FA5B2-15E6-49E5-ABE5-18FE9A7D027D} = {E347A1BF-B4F0-4C85-8905-CC4E3ADA0964}
		{91324E64-9B84-4312-9E55-5A77DF07DA1B} = {E347A1BF-B4F0-4C85-8905-CC4E3ADA0964}
		{9C8174E7-F1C5-46EE-B64B-CCD59600506E} = {E347A1BF-B4F0-4C85-8905-CC4E3ADA0964}
		{C8A4992F-F2CB-40E7-92AA-7D4239653517} = {E347A1BF-B4F0-4C85-8905-CC4E3ADA0964}
		{72423431-4A15-4E8D-B987-8E684BD730FE} = {E347A1BF-B4F0-4C85-8905-CC4E3ADA0964}
		{C1527127-DD8C-4076-A0A7-39EB2EF23787} = {91CAB9D9-3DFD-48E9-B2D1-1287AB378D9B}
		{772B1188-A00D-45FC-B352-834227ADAE96} = {91CAB9D9-3DFD-48E9-B2D1-1287AB378D9B}
		{8C381B5A-3FD7-4311-9C42-F8115587E5FD} = {91CAB9D9-3DFD-48E9-B2D1-1287AB378D9B}
		{3831266C-24FE-4DD6-A4CC-39D0EF33C299} = {91CAB9D9-3DFD-48E9-B2D1-1287AB378D9B}
		{06DAAD7F-AC1C-417E-A903-55FFB859E761} = {91CAB9D9-3DFD-48E9-B2D1-1287AB378D9B}
		{C61DB58A-5374-48F3-9457-025A1693C8CC} = {91CAB9D9-3DFD-48E9-B2D1-1287AB378D9B}
		{48D1D233-B871-41B9-88D8-3667B93DA461} = {91CAB9D9-3DFD-48E9-B2D1-1287AB378D9B}
		{89A6291D-FBE8-418B-84A0-94C688168513} = {E347A1BF-B4F0-4C85-8905-CC4E3ADA0964}
		{F1C4D174-C948-4D18-A125-F6855EF55683} = {990B0A8D-6BF6-4618-AC1F-06D9D2D7D35C}
		{C75532C4-765B-418E-B09B-46D36B2ABDB1} = {990B0A8D-6BF6-4618-AC1F-06D9D2D7D35C}
		{E4CC63D8-127D-4BC9-80E0-CCB3E9DA06DC} = {990B0A8D-6BF6-4618-AC1F-06D9D2D7D35C}
		{86955C47-2A02-41A4-AB32-C9E592EB2971} = {990B0A8D-6BF6-4618-AC1F-06D9D2D7D35C}
		{990B0A8D-6BF6-4618-AC1F-06D9D2D7D35C} = {E347A1BF-B4F0-4C85-8905-CC4E3ADA0964}
	EndGlobalSection
EndGlobal
