Microsoft Visual Studio Solution File, Format Version 12.00
# Visual Studio 2013
VisualStudioVersion = 12.0.40629.0
MinimumVisualStudioVersion = 10.0.40219.1
Project("{FAE04EC0-301F-11D3-BF4B-00C04F79EFBC}") = "BrainSimulator", "..\..\Platform\BrainSimulator\BrainSimulator.csproj", "{E45FA5B2-15E6-49E5-ABE5-18FE9A7D027D}"
	ProjectSection(ProjectDependencies) = postProject
		{C8A4992F-F2CB-40E7-92AA-7D4239653517} = {C8A4992F-F2CB-40E7-92AA-7D4239653517}
		{72423431-4A15-4E8D-B987-8E684BD730FE} = {72423431-4A15-4E8D-B987-8E684BD730FE}
		{91324E64-9B84-4312-9E55-5A77DF07DA1B} = {91324E64-9B84-4312-9E55-5A77DF07DA1B}
		{F1C4D174-C948-4D18-A125-F6855EF55683} = {F1C4D174-C948-4D18-A125-F6855EF55683}
		{31919B86-921F-4C36-A4F9-3A7BC37928A0} = {31919B86-921F-4C36-A4F9-3A7BC37928A0}
		{C75532C4-765B-418E-B09B-46D36B2ABDB1} = {C75532C4-765B-418E-B09B-46D36B2ABDB1}
		{E4CC63D8-127D-4BC9-80E0-CCB3E9DA06DC} = {E4CC63D8-127D-4BC9-80E0-CCB3E9DA06DC}
	EndProjectSection
EndProject
Project("{FAE04EC0-301F-11D3-BF4B-00C04F79EFBC}") = "Core", "..\..\Platform\Core\Core.csproj", "{91324E64-9B84-4312-9E55-5A77DF07DA1B}"
EndProject
Project("{FAE04EC0-301F-11D3-BF4B-00C04F79EFBC}") = "BasicNodes", "..\BasicNodes\Module\BasicNodes.csproj", "{C8A4992F-F2CB-40E7-92AA-7D4239653517}"
EndProject
Project("{8BC9CEB8-8B4A-11D0-8D11-00A0C91BC942}") = "BasicNodesCuda", "..\BasicNodes\Cuda\BasicNodesCuda.vcxproj", "{72423431-4A15-4E8D-B987-8E684BD730FE}"
EndProject
Project("{2150E333-8FDC-42A3-9474-1A3956D46DE8}") = ".nuget", ".nuget", "{D70BD1FB-5ECE-442E-8AD0-AFB75BF098A5}"
	ProjectSection(SolutionItems) = preProject
		.nuget\NuGet.Config = .nuget\NuGet.Config
		.nuget\NuGet.exe = .nuget\NuGet.exe
		.nuget\NuGet.targets = .nuget\NuGet.targets
	EndProjectSection
EndProject
Project("{2150E333-8FDC-42A3-9474-1A3956D46DE8}") = "Libs", "Libs", "{0ED1D005-98D4-4A01-AF25-21F148BD8197}"
EndProject
Project("{FAE04EC0-301F-11D3-BF4B-00C04F79EFBC}") = "Graph", "..\..\Libs\3rd\Graph\Graph.csproj", "{E4CC63D8-127D-4BC9-80E0-CCB3E9DA06DC}"
EndProject
Project("{FAE04EC0-301F-11D3-BF4B-00C04F79EFBC}") = "WinFormsUI", "..\..\Libs\3rd\WinFormsUI\WinFormsUI.csproj", "{C75532C4-765B-418E-B09B-46D36B2ABDB1}"
EndProject
Project("{FAE04EC0-301F-11D3-BF4B-00C04F79EFBC}") = "YAXLib", "..\..\Libs\3rd\YAXLib\YAXLib\YAXLib.csproj", "{F1C4D174-C948-4D18-A125-F6855EF55683}"
EndProject
Project("{FAE04EC0-301F-11D3-BF4B-00C04F79EFBC}") = "TestingNodes", "Module\TestingNodes.csproj", "{31919B86-921F-4C36-A4F9-3A7BC37928A0}"
EndProject
Global
	GlobalSection(SolutionConfigurationPlatforms) = preSolution
		Debug|0 Default (x64 CUDA) = Debug|0 Default (x64 CUDA)
		Debug|1 Skip CUDA = Debug|1 Skip CUDA
		Release|0 Default (x64 CUDA) = Release|0 Default (x64 CUDA)
		Release|1 Skip CUDA = Release|1 Skip CUDA
	EndGlobalSection
	GlobalSection(ProjectConfigurationPlatforms) = postSolution
		{E45FA5B2-15E6-49E5-ABE5-18FE9A7D027D}.Debug|0 Default (x64 CUDA).ActiveCfg = Debug|Any CPU
		{E45FA5B2-15E6-49E5-ABE5-18FE9A7D027D}.Debug|0 Default (x64 CUDA).Build.0 = Debug|Any CPU
		{E45FA5B2-15E6-49E5-ABE5-18FE9A7D027D}.Debug|1 Skip CUDA.ActiveCfg = Debug|Any CPU
		{E45FA5B2-15E6-49E5-ABE5-18FE9A7D027D}.Debug|1 Skip CUDA.Build.0 = Debug|Any CPU
		{E45FA5B2-15E6-49E5-ABE5-18FE9A7D027D}.Release|0 Default (x64 CUDA).ActiveCfg = Release|Any CPU
		{E45FA5B2-15E6-49E5-ABE5-18FE9A7D027D}.Release|0 Default (x64 CUDA).Build.0 = Release|Any CPU
		{E45FA5B2-15E6-49E5-ABE5-18FE9A7D027D}.Release|1 Skip CUDA.ActiveCfg = Release|Any CPU
		{E45FA5B2-15E6-49E5-ABE5-18FE9A7D027D}.Release|1 Skip CUDA.Build.0 = Release|Any CPU
		{91324E64-9B84-4312-9E55-5A77DF07DA1B}.Debug|0 Default (x64 CUDA).ActiveCfg = Debug|Any CPU
		{91324E64-9B84-4312-9E55-5A77DF07DA1B}.Debug|0 Default (x64 CUDA).Build.0 = Debug|Any CPU
		{91324E64-9B84-4312-9E55-5A77DF07DA1B}.Debug|1 Skip CUDA.ActiveCfg = Debug|Any CPU
		{91324E64-9B84-4312-9E55-5A77DF07DA1B}.Debug|1 Skip CUDA.Build.0 = Debug|Any CPU
		{91324E64-9B84-4312-9E55-5A77DF07DA1B}.Release|0 Default (x64 CUDA).ActiveCfg = Release|Any CPU
		{91324E64-9B84-4312-9E55-5A77DF07DA1B}.Release|0 Default (x64 CUDA).Build.0 = Release|Any CPU
		{91324E64-9B84-4312-9E55-5A77DF07DA1B}.Release|1 Skip CUDA.ActiveCfg = Release|Any CPU
		{91324E64-9B84-4312-9E55-5A77DF07DA1B}.Release|1 Skip CUDA.Build.0 = Release|Any CPU
		{C8A4992F-F2CB-40E7-92AA-7D4239653517}.Debug|0 Default (x64 CUDA).ActiveCfg = Debug|Any CPU
		{C8A4992F-F2CB-40E7-92AA-7D4239653517}.Debug|0 Default (x64 CUDA).Build.0 = Debug|Any CPU
		{C8A4992F-F2CB-40E7-92AA-7D4239653517}.Debug|1 Skip CUDA.ActiveCfg = Debug|Any CPU
		{C8A4992F-F2CB-40E7-92AA-7D4239653517}.Debug|1 Skip CUDA.Build.0 = Debug|Any CPU
		{C8A4992F-F2CB-40E7-92AA-7D4239653517}.Release|0 Default (x64 CUDA).ActiveCfg = Release|Any CPU
		{C8A4992F-F2CB-40E7-92AA-7D4239653517}.Release|0 Default (x64 CUDA).Build.0 = Release|Any CPU
		{C8A4992F-F2CB-40E7-92AA-7D4239653517}.Release|1 Skip CUDA.ActiveCfg = Release|Any CPU
		{C8A4992F-F2CB-40E7-92AA-7D4239653517}.Release|1 Skip CUDA.Build.0 = Release|Any CPU
		{72423431-4A15-4E8D-B987-8E684BD730FE}.Debug|0 Default (x64 CUDA).ActiveCfg = Debug|x64
		{72423431-4A15-4E8D-B987-8E684BD730FE}.Debug|0 Default (x64 CUDA).Build.0 = Debug|x64
		{72423431-4A15-4E8D-B987-8E684BD730FE}.Debug|1 Skip CUDA.ActiveCfg = Debug|x64
		{72423431-4A15-4E8D-B987-8E684BD730FE}.Release|0 Default (x64 CUDA).ActiveCfg = Release|x64
		{72423431-4A15-4E8D-B987-8E684BD730FE}.Release|0 Default (x64 CUDA).Build.0 = Release|x64
		{72423431-4A15-4E8D-B987-8E684BD730FE}.Release|1 Skip CUDA.ActiveCfg = Release|x64
		{E4CC63D8-127D-4BC9-80E0-CCB3E9DA06DC}.Debug|0 Default (x64 CUDA).ActiveCfg = Debug|Any CPU
		{E4CC63D8-127D-4BC9-80E0-CCB3E9DA06DC}.Debug|0 Default (x64 CUDA).Build.0 = Debug|Any CPU
		{E4CC63D8-127D-4BC9-80E0-CCB3E9DA06DC}.Debug|1 Skip CUDA.ActiveCfg = Debug|Any CPU
		{E4CC63D8-127D-4BC9-80E0-CCB3E9DA06DC}.Debug|1 Skip CUDA.Build.0 = Debug|Any CPU
		{E4CC63D8-127D-4BC9-80E0-CCB3E9DA06DC}.Release|0 Default (x64 CUDA).ActiveCfg = Release|Any CPU
		{E4CC63D8-127D-4BC9-80E0-CCB3E9DA06DC}.Release|0 Default (x64 CUDA).Build.0 = Release|Any CPU
		{E4CC63D8-127D-4BC9-80E0-CCB3E9DA06DC}.Release|1 Skip CUDA.ActiveCfg = Release|Any CPU
		{E4CC63D8-127D-4BC9-80E0-CCB3E9DA06DC}.Release|1 Skip CUDA.Build.0 = Release|Any CPU
		{C75532C4-765B-418E-B09B-46D36B2ABDB1}.Debug|0 Default (x64 CUDA).ActiveCfg = Debug|Any CPU
		{C75532C4-765B-418E-B09B-46D36B2ABDB1}.Debug|0 Default (x64 CUDA).Build.0 = Debug|Any CPU
		{C75532C4-765B-418E-B09B-46D36B2ABDB1}.Debug|1 Skip CUDA.ActiveCfg = Debug|Any CPU
		{C75532C4-765B-418E-B09B-46D36B2ABDB1}.Debug|1 Skip CUDA.Build.0 = Debug|Any CPU
		{C75532C4-765B-418E-B09B-46D36B2ABDB1}.Release|0 Default (x64 CUDA).ActiveCfg = Release|Any CPU
		{C75532C4-765B-418E-B09B-46D36B2ABDB1}.Release|0 Default (x64 CUDA).Build.0 = Release|Any CPU
		{C75532C4-765B-418E-B09B-46D36B2ABDB1}.Release|1 Skip CUDA.ActiveCfg = Release|Any CPU
		{C75532C4-765B-418E-B09B-46D36B2ABDB1}.Release|1 Skip CUDA.Build.0 = Release|Any CPU
		{F1C4D174-C948-4D18-A125-F6855EF55683}.Debug|0 Default (x64 CUDA).ActiveCfg = Debug|Any CPU
		{F1C4D174-C948-4D18-A125-F6855EF55683}.Debug|0 Default (x64 CUDA).Build.0 = Debug|Any CPU
		{F1C4D174-C948-4D18-A125-F6855EF55683}.Debug|1 Skip CUDA.ActiveCfg = Debug|Any CPU
		{F1C4D174-C948-4D18-A125-F6855EF55683}.Debug|1 Skip CUDA.Build.0 = Debug|Any CPU
		{F1C4D174-C948-4D18-A125-F6855EF55683}.Release|0 Default (x64 CUDA).ActiveCfg = Release|Any CPU
		{F1C4D174-C948-4D18-A125-F6855EF55683}.Release|0 Default (x64 CUDA).Build.0 = Release|Any CPU
		{F1C4D174-C948-4D18-A125-F6855EF55683}.Release|1 Skip CUDA.ActiveCfg = Release|Any CPU
		{F1C4D174-C948-4D18-A125-F6855EF55683}.Release|1 Skip CUDA.Build.0 = Release|Any CPU
		{31919B86-921F-4C36-A4F9-3A7BC37928A0}.Debug|0 Default (x64 CUDA).ActiveCfg = Debug|Any CPU
		{31919B86-921F-4C36-A4F9-3A7BC37928A0}.Debug|1 Skip CUDA.ActiveCfg = Debug|Any CPU
		{31919B86-921F-4C36-A4F9-3A7BC37928A0}.Debug|1 Skip CUDA.Build.0 = Debug|Any CPU
		{31919B86-921F-4C36-A4F9-3A7BC37928A0}.Release|0 Default (x64 CUDA).ActiveCfg = Release|Any CPU
		{31919B86-921F-4C36-A4F9-3A7BC37928A0}.Release|1 Skip CUDA.ActiveCfg = Release|Any CPU
	EndGlobalSection
	GlobalSection(SolutionProperties) = preSolution
		HideSolutionNode = FALSE
	EndGlobalSection
	GlobalSection(NestedProjects) = preSolution
		{E4CC63D8-127D-4BC9-80E0-CCB3E9DA06DC} = {0ED1D005-98D4-4A01-AF25-21F148BD8197}
		{C75532C4-765B-418E-B09B-46D36B2ABDB1} = {0ED1D005-98D4-4A01-AF25-21F148BD8197}
		{F1C4D174-C948-4D18-A125-F6855EF55683} = {0ED1D005-98D4-4A01-AF25-21F148BD8197}
	EndGlobalSection
EndGlobal
