
Microsoft Visual Studio Solution File, Format Version 12.00
# Visual Studio 2013
VisualStudioVersion = 12.0.31101.0
MinimumVisualStudioVersion = 10.0.40219.1
Project("{FAE04EC0-301F-11D3-BF4B-00C04F79EFBC}") = "Graph", "..\Libraries\Graph\Graph.csproj", "{E4CC63D8-127D-4BC9-80E0-CCB3E9DA06DC}"
EndProject
Project("{FAE04EC0-301F-11D3-BF4B-00C04F79EFBC}") = "WinFormsUI", "..\Libraries\WinFormsUI\WinFormsUI.csproj", "{C75532C4-765B-418E-B09B-46D36B2ABDB1}"
EndProject
Project("{2150E333-8FDC-42A3-9474-1A3956D46DE8}") = ".nuget", ".nuget", "{8BDBD8A4-0ABE-4C8C-955F-6AF8F9AC042A}"
	ProjectSection(SolutionItems) = preProject
		.nuget\NuGet.Config = .nuget\NuGet.Config
		.nuget\NuGet.exe = .nuget\NuGet.exe
		.nuget\NuGet.targets = .nuget\NuGet.targets
	EndProjectSection
EndProject
Project("{FAE04EC0-301F-11D3-BF4B-00C04F79EFBC}") = "NetComm", "..\NetComm\NetComm.csproj", "{62BE9C19-26BE-4834-B5AF-1D3DF4817610}"
EndProject
Project("{FAE04EC0-301F-11D3-BF4B-00C04F79EFBC}") = "MNIST", "..\BSModules\MNIST\MNIST.csproj", "{EDC96485-A8A9-414C-A7D9-65EC0B817732}"
EndProject
Project("{FAE04EC0-301F-11D3-BF4B-00C04F79EFBC}") = "XmlFeedForwardNet", "..\BSModules\XmlFeedForwardNet\XmlFeedForwardNet.csproj", "{D2A13F94-2024-4E44-B25E-8ED038A59CE2}"
EndProject
Project("{FAE04EC0-301F-11D3-BF4B-00C04F79EFBC}") = "InstallerAction", "InstallerAction\InstallerAction.csproj", "{04AF2BAD-2E94-49B1-88CB-18EBEB2219F7}"
EndProject
Project("{FAE04EC0-301F-11D3-BF4B-00C04F79EFBC}") = "BrainSimulator", "..\BrainSimulator\BrainSimulator\BrainSimulator.csproj", "{91324E64-9B84-4312-9E55-5A77DF07DA1B}"
EndProject
Project("{FAE04EC0-301F-11D3-BF4B-00C04F79EFBC}") = "BrainSimulatorGUI", "..\BrainSimulator\BrainSimulatorGUI\BrainSimulatorGUI.csproj", "{E45FA5B2-15E6-49E5-ABE5-18FE9A7D027D}"
EndProject
Project("{8BC9CEB8-8B4A-11D0-8D11-00A0C91BC942}") = "CUDAKernels", "..\BrainSimulator\CUDAKernels\CUDAKernels.vcxproj", "{72423431-4A15-4E8D-B987-8E684BD730FE}"
EndProject
Project("{FAE04EC0-301F-11D3-BF4B-00C04F79EFBC}") = "CustomModels", "..\BrainSimulator\CustomModels\CustomModels.csproj", "{C8A4992F-F2CB-40E7-92AA-7D4239653517}"
EndProject
Project("{54435603-DBB4-11D2-8724-00A0C9A8B90C}") = "BSInstaller", "BSInstaller\BSInstaller.vdproj", "{AD1E4348-A13A-4877-B764-A7944E70F4FE}"
EndProject
Project("{FAE04EC0-301F-11D3-BF4B-00C04F79EFBC}") = "SOM", "..\BSModules\SOM\SOM.csproj", "{2837736A-7F94-4E24-A607-AD3D7F0DBCA7}"
EndProject
Global
	GlobalSection(SolutionConfigurationPlatforms) = preSolution
		CD_ROM|Any CPU = CD_ROM|Any CPU
		CD_ROM|Mixed Platforms = CD_ROM|Mixed Platforms
		CD_ROM|Win32 = CD_ROM|Win32
		CD_ROM|x64 = CD_ROM|x64
		CD_ROM|x86 = CD_ROM|x86
		Debug|Any CPU = Debug|Any CPU
		Debug|Mixed Platforms = Debug|Mixed Platforms
		Debug|Win32 = Debug|Win32
		Debug|x64 = Debug|x64
		Debug|x86 = Debug|x86
		DVD-5|Any CPU = DVD-5|Any CPU
		DVD-5|Mixed Platforms = DVD-5|Mixed Platforms
		DVD-5|Win32 = DVD-5|Win32
		DVD-5|x64 = DVD-5|x64
		DVD-5|x86 = DVD-5|x86
		Release|Any CPU = Release|Any CPU
		Release|Mixed Platforms = Release|Mixed Platforms
		Release|Win32 = Release|Win32
		Release|x64 = Release|x64
		Release|x86 = Release|x86
		SingleImage|Any CPU = SingleImage|Any CPU
		SingleImage|Mixed Platforms = SingleImage|Mixed Platforms
		SingleImage|Win32 = SingleImage|Win32
		SingleImage|x64 = SingleImage|x64
		SingleImage|x86 = SingleImage|x86
	EndGlobalSection
	GlobalSection(ProjectConfigurationPlatforms) = postSolution
		{E4CC63D8-127D-4BC9-80E0-CCB3E9DA06DC}.CD_ROM|Any CPU.ActiveCfg = Debug|Any CPU
		{E4CC63D8-127D-4BC9-80E0-CCB3E9DA06DC}.CD_ROM|Any CPU.Build.0 = Release|Any CPU
		{E4CC63D8-127D-4BC9-80E0-CCB3E9DA06DC}.CD_ROM|Mixed Platforms.ActiveCfg = Debug|Any CPU
		{E4CC63D8-127D-4BC9-80E0-CCB3E9DA06DC}.CD_ROM|Mixed Platforms.Build.0 = Release|x86
		{E4CC63D8-127D-4BC9-80E0-CCB3E9DA06DC}.CD_ROM|Win32.ActiveCfg = Debug|Any CPU
		{E4CC63D8-127D-4BC9-80E0-CCB3E9DA06DC}.CD_ROM|Win32.Build.0 = Release|x86
		{E4CC63D8-127D-4BC9-80E0-CCB3E9DA06DC}.CD_ROM|x64.ActiveCfg = Debug|Any CPU
		{E4CC63D8-127D-4BC9-80E0-CCB3E9DA06DC}.CD_ROM|x86.ActiveCfg = Debug|Any CPU
		{E4CC63D8-127D-4BC9-80E0-CCB3E9DA06DC}.CD_ROM|x86.Build.0 = Debug|x86
		{E4CC63D8-127D-4BC9-80E0-CCB3E9DA06DC}.Debug|Any CPU.ActiveCfg = Debug|Any CPU
		{E4CC63D8-127D-4BC9-80E0-CCB3E9DA06DC}.Debug|Any CPU.Build.0 = Debug|Any CPU
		{E4CC63D8-127D-4BC9-80E0-CCB3E9DA06DC}.Debug|Mixed Platforms.ActiveCfg = Debug|Any CPU
		{E4CC63D8-127D-4BC9-80E0-CCB3E9DA06DC}.Debug|Mixed Platforms.Build.0 = Debug|Any CPU
		{E4CC63D8-127D-4BC9-80E0-CCB3E9DA06DC}.Debug|Win32.ActiveCfg = Debug|Any CPU
		{E4CC63D8-127D-4BC9-80E0-CCB3E9DA06DC}.Debug|x64.ActiveCfg = Debug|Any CPU
		{E4CC63D8-127D-4BC9-80E0-CCB3E9DA06DC}.Debug|x64.Build.0 = Debug|Any CPU
		{E4CC63D8-127D-4BC9-80E0-CCB3E9DA06DC}.Debug|x86.ActiveCfg = Debug|Any CPU
		{E4CC63D8-127D-4BC9-80E0-CCB3E9DA06DC}.Debug|x86.Build.0 = Debug|x86
		{E4CC63D8-127D-4BC9-80E0-CCB3E9DA06DC}.DVD-5|Any CPU.ActiveCfg = Debug|Any CPU
		{E4CC63D8-127D-4BC9-80E0-CCB3E9DA06DC}.DVD-5|Any CPU.Build.0 = Debug|Any CPU
		{E4CC63D8-127D-4BC9-80E0-CCB3E9DA06DC}.DVD-5|Mixed Platforms.ActiveCfg = Debug|Any CPU
		{E4CC63D8-127D-4BC9-80E0-CCB3E9DA06DC}.DVD-5|Mixed Platforms.Build.0 = Debug|x86
		{E4CC63D8-127D-4BC9-80E0-CCB3E9DA06DC}.DVD-5|Win32.ActiveCfg = Debug|Any CPU
		{E4CC63D8-127D-4BC9-80E0-CCB3E9DA06DC}.DVD-5|Win32.Build.0 = Debug|x86
		{E4CC63D8-127D-4BC9-80E0-CCB3E9DA06DC}.DVD-5|x64.ActiveCfg = Debug|Any CPU
		{E4CC63D8-127D-4BC9-80E0-CCB3E9DA06DC}.DVD-5|x86.ActiveCfg = Debug|Any CPU
		{E4CC63D8-127D-4BC9-80E0-CCB3E9DA06DC}.DVD-5|x86.Build.0 = Debug|x86
		{E4CC63D8-127D-4BC9-80E0-CCB3E9DA06DC}.Release|Any CPU.ActiveCfg = Debug|Any CPU
		{E4CC63D8-127D-4BC9-80E0-CCB3E9DA06DC}.Release|Any CPU.Build.0 = Release|Any CPU
		{E4CC63D8-127D-4BC9-80E0-CCB3E9DA06DC}.Release|Mixed Platforms.ActiveCfg = Release|Any CPU
		{E4CC63D8-127D-4BC9-80E0-CCB3E9DA06DC}.Release|Win32.ActiveCfg = Debug|Any CPU
		{E4CC63D8-127D-4BC9-80E0-CCB3E9DA06DC}.Release|x64.ActiveCfg = Debug|Any CPU
		{E4CC63D8-127D-4BC9-80E0-CCB3E9DA06DC}.Release|x86.ActiveCfg = Debug|Any CPU
		{E4CC63D8-127D-4BC9-80E0-CCB3E9DA06DC}.Release|x86.Build.0 = Release|x86
		{E4CC63D8-127D-4BC9-80E0-CCB3E9DA06DC}.SingleImage|Any CPU.ActiveCfg = Debug|Any CPU
		{E4CC63D8-127D-4BC9-80E0-CCB3E9DA06DC}.SingleImage|Any CPU.Build.0 = Release|Any CPU
		{E4CC63D8-127D-4BC9-80E0-CCB3E9DA06DC}.SingleImage|Mixed Platforms.ActiveCfg = Debug|Any CPU
		{E4CC63D8-127D-4BC9-80E0-CCB3E9DA06DC}.SingleImage|Mixed Platforms.Build.0 = Release|x86
		{E4CC63D8-127D-4BC9-80E0-CCB3E9DA06DC}.SingleImage|Win32.ActiveCfg = Debug|Any CPU
		{E4CC63D8-127D-4BC9-80E0-CCB3E9DA06DC}.SingleImage|Win32.Build.0 = Release|x86
		{E4CC63D8-127D-4BC9-80E0-CCB3E9DA06DC}.SingleImage|x64.ActiveCfg = Debug|Any CPU
		{E4CC63D8-127D-4BC9-80E0-CCB3E9DA06DC}.SingleImage|x86.ActiveCfg = Debug|Any CPU
		{E4CC63D8-127D-4BC9-80E0-CCB3E9DA06DC}.SingleImage|x86.Build.0 = Debug|x86
		{C75532C4-765B-418E-B09B-46D36B2ABDB1}.CD_ROM|Any CPU.ActiveCfg = Debug|Any CPU
		{C75532C4-765B-418E-B09B-46D36B2ABDB1}.CD_ROM|Any CPU.Build.0 = Release|Any CPU
		{C75532C4-765B-418E-B09B-46D36B2ABDB1}.CD_ROM|Mixed Platforms.ActiveCfg = Debug|Any CPU
		{C75532C4-765B-418E-B09B-46D36B2ABDB1}.CD_ROM|Mixed Platforms.Build.0 = Release|Any CPU
		{C75532C4-765B-418E-B09B-46D36B2ABDB1}.CD_ROM|Win32.ActiveCfg = Debug|Any CPU
		{C75532C4-765B-418E-B09B-46D36B2ABDB1}.CD_ROM|x64.ActiveCfg = Debug|Any CPU
		{C75532C4-765B-418E-B09B-46D36B2ABDB1}.CD_ROM|x86.ActiveCfg = Debug|Any CPU
		{C75532C4-765B-418E-B09B-46D36B2ABDB1}.Debug|Any CPU.ActiveCfg = Debug|Any CPU
		{C75532C4-765B-418E-B09B-46D36B2ABDB1}.Debug|Any CPU.Build.0 = Debug|Any CPU
		{C75532C4-765B-418E-B09B-46D36B2ABDB1}.Debug|Mixed Platforms.ActiveCfg = Debug|Any CPU
		{C75532C4-765B-418E-B09B-46D36B2ABDB1}.Debug|Mixed Platforms.Build.0 = Debug|Any CPU
		{C75532C4-765B-418E-B09B-46D36B2ABDB1}.Debug|Win32.ActiveCfg = Debug|Any CPU
		{C75532C4-765B-418E-B09B-46D36B2ABDB1}.Debug|x64.ActiveCfg = Debug|Any CPU
		{C75532C4-765B-418E-B09B-46D36B2ABDB1}.Debug|x64.Build.0 = Debug|Any CPU
		{C75532C4-765B-418E-B09B-46D36B2ABDB1}.Debug|x86.ActiveCfg = Debug|Any CPU
		{C75532C4-765B-418E-B09B-46D36B2ABDB1}.DVD-5|Any CPU.ActiveCfg = Debug|Any CPU
		{C75532C4-765B-418E-B09B-46D36B2ABDB1}.DVD-5|Any CPU.Build.0 = Debug|Any CPU
		{C75532C4-765B-418E-B09B-46D36B2ABDB1}.DVD-5|Mixed Platforms.ActiveCfg = Debug|Any CPU
		{C75532C4-765B-418E-B09B-46D36B2ABDB1}.DVD-5|Mixed Platforms.Build.0 = Debug|Any CPU
		{C75532C4-765B-418E-B09B-46D36B2ABDB1}.DVD-5|Win32.ActiveCfg = Debug|Any CPU
		{C75532C4-765B-418E-B09B-46D36B2ABDB1}.DVD-5|x64.ActiveCfg = Debug|Any CPU
		{C75532C4-765B-418E-B09B-46D36B2ABDB1}.DVD-5|x86.ActiveCfg = Debug|Any CPU
		{C75532C4-765B-418E-B09B-46D36B2ABDB1}.Release|Any CPU.ActiveCfg = Debug|Any CPU
		{C75532C4-765B-418E-B09B-46D36B2ABDB1}.Release|Any CPU.Build.0 = Release|Any CPU
		{C75532C4-765B-418E-B09B-46D36B2ABDB1}.Release|Mixed Platforms.ActiveCfg = Release|Any CPU
		{C75532C4-765B-418E-B09B-46D36B2ABDB1}.Release|Win32.ActiveCfg = Debug|Any CPU
		{C75532C4-765B-418E-B09B-46D36B2ABDB1}.Release|x64.ActiveCfg = Debug|Any CPU
		{C75532C4-765B-418E-B09B-46D36B2ABDB1}.Release|x86.ActiveCfg = Debug|Any CPU
		{C75532C4-765B-418E-B09B-46D36B2ABDB1}.SingleImage|Any CPU.ActiveCfg = Debug|Any CPU
		{C75532C4-765B-418E-B09B-46D36B2ABDB1}.SingleImage|Any CPU.Build.0 = Release|Any CPU
		{C75532C4-765B-418E-B09B-46D36B2ABDB1}.SingleImage|Mixed Platforms.ActiveCfg = Debug|Any CPU
		{C75532C4-765B-418E-B09B-46D36B2ABDB1}.SingleImage|Mixed Platforms.Build.0 = Release|Any CPU
		{C75532C4-765B-418E-B09B-46D36B2ABDB1}.SingleImage|Win32.ActiveCfg = Debug|Any CPU
		{C75532C4-765B-418E-B09B-46D36B2ABDB1}.SingleImage|x64.ActiveCfg = Debug|Any CPU
		{C75532C4-765B-418E-B09B-46D36B2ABDB1}.SingleImage|x86.ActiveCfg = Debug|Any CPU
		{62BE9C19-26BE-4834-B5AF-1D3DF4817610}.CD_ROM|Any CPU.ActiveCfg = Release|Any CPU
		{62BE9C19-26BE-4834-B5AF-1D3DF4817610}.CD_ROM|Any CPU.Build.0 = Debug render profiling|Any CPU
		{62BE9C19-26BE-4834-B5AF-1D3DF4817610}.CD_ROM|Mixed Platforms.ActiveCfg = Release|Any CPU
		{62BE9C19-26BE-4834-B5AF-1D3DF4817610}.CD_ROM|Mixed Platforms.Build.0 = Debug render profiling|Any CPU
		{62BE9C19-26BE-4834-B5AF-1D3DF4817610}.CD_ROM|Win32.ActiveCfg = Release|Any CPU
		{62BE9C19-26BE-4834-B5AF-1D3DF4817610}.CD_ROM|x64.ActiveCfg = Release|Any CPU
		{62BE9C19-26BE-4834-B5AF-1D3DF4817610}.CD_ROM|x86.ActiveCfg = Release|Any CPU
		{62BE9C19-26BE-4834-B5AF-1D3DF4817610}.Debug|Any CPU.ActiveCfg = Release|Any CPU
		{62BE9C19-26BE-4834-B5AF-1D3DF4817610}.Debug|Any CPU.Build.0 = Debug|Any CPU
		{62BE9C19-26BE-4834-B5AF-1D3DF4817610}.Debug|Mixed Platforms.ActiveCfg = Debug|Any CPU
		{62BE9C19-26BE-4834-B5AF-1D3DF4817610}.Debug|Mixed Platforms.Build.0 = Debug|Any CPU
		{62BE9C19-26BE-4834-B5AF-1D3DF4817610}.Debug|Win32.ActiveCfg = Release|Any CPU
		{62BE9C19-26BE-4834-B5AF-1D3DF4817610}.Debug|x64.ActiveCfg = Release|Any CPU
		{62BE9C19-26BE-4834-B5AF-1D3DF4817610}.Debug|x64.Build.0 = Debug|Any CPU
		{62BE9C19-26BE-4834-B5AF-1D3DF4817610}.Debug|x86.ActiveCfg = Release|Any CPU
		{62BE9C19-26BE-4834-B5AF-1D3DF4817610}.DVD-5|Any CPU.ActiveCfg = Release|Any CPU
		{62BE9C19-26BE-4834-B5AF-1D3DF4817610}.DVD-5|Any CPU.Build.0 = Debug render profiling|Any CPU
		{62BE9C19-26BE-4834-B5AF-1D3DF4817610}.DVD-5|Mixed Platforms.ActiveCfg = Release|Any CPU
		{62BE9C19-26BE-4834-B5AF-1D3DF4817610}.DVD-5|Mixed Platforms.Build.0 = Debug render profiling|Any CPU
		{62BE9C19-26BE-4834-B5AF-1D3DF4817610}.DVD-5|Win32.ActiveCfg = Release|Any CPU
		{62BE9C19-26BE-4834-B5AF-1D3DF4817610}.DVD-5|x64.ActiveCfg = Release|Any CPU
		{62BE9C19-26BE-4834-B5AF-1D3DF4817610}.DVD-5|x86.ActiveCfg = Release|Any CPU
		{62BE9C19-26BE-4834-B5AF-1D3DF4817610}.Release|Any CPU.ActiveCfg = Release|Any CPU
		{62BE9C19-26BE-4834-B5AF-1D3DF4817610}.Release|Any CPU.Build.0 = Release|Any CPU
		{62BE9C19-26BE-4834-B5AF-1D3DF4817610}.Release|Mixed Platforms.ActiveCfg = Release|Any CPU
		{62BE9C19-26BE-4834-B5AF-1D3DF4817610}.Release|Mixed Platforms.Build.0 = Release|Any CPU
		{62BE9C19-26BE-4834-B5AF-1D3DF4817610}.Release|Win32.ActiveCfg = Release|Any CPU
		{62BE9C19-26BE-4834-B5AF-1D3DF4817610}.Release|x64.ActiveCfg = Release|Any CPU
		{62BE9C19-26BE-4834-B5AF-1D3DF4817610}.Release|x86.ActiveCfg = Release|Any CPU
		{62BE9C19-26BE-4834-B5AF-1D3DF4817610}.SingleImage|Any CPU.ActiveCfg = Release|Any CPU
		{62BE9C19-26BE-4834-B5AF-1D3DF4817610}.SingleImage|Any CPU.Build.0 = Debug render profiling|Any CPU
		{62BE9C19-26BE-4834-B5AF-1D3DF4817610}.SingleImage|Mixed Platforms.ActiveCfg = Release|Any CPU
		{62BE9C19-26BE-4834-B5AF-1D3DF4817610}.SingleImage|Mixed Platforms.Build.0 = Debug render profiling|Any CPU
		{62BE9C19-26BE-4834-B5AF-1D3DF4817610}.SingleImage|Win32.ActiveCfg = Release|Any CPU
		{62BE9C19-26BE-4834-B5AF-1D3DF4817610}.SingleImage|x64.ActiveCfg = Release|Any CPU
		{62BE9C19-26BE-4834-B5AF-1D3DF4817610}.SingleImage|x86.ActiveCfg = Release|Any CPU
		{EDC96485-A8A9-414C-A7D9-65EC0B817732}.CD_ROM|Any CPU.ActiveCfg = Debug|Any CPU
		{EDC96485-A8A9-414C-A7D9-65EC0B817732}.CD_ROM|Any CPU.Build.0 = Release|Any CPU
		{EDC96485-A8A9-414C-A7D9-65EC0B817732}.CD_ROM|Mixed Platforms.ActiveCfg = Debug|Any CPU
		{EDC96485-A8A9-414C-A7D9-65EC0B817732}.CD_ROM|Mixed Platforms.Build.0 = Release|Any CPU
		{EDC96485-A8A9-414C-A7D9-65EC0B817732}.CD_ROM|Win32.ActiveCfg = Debug|Any CPU
		{EDC96485-A8A9-414C-A7D9-65EC0B817732}.CD_ROM|x64.ActiveCfg = Debug|Any CPU
		{EDC96485-A8A9-414C-A7D9-65EC0B817732}.CD_ROM|x86.ActiveCfg = Debug|Any CPU
		{EDC96485-A8A9-414C-A7D9-65EC0B817732}.Debug|Any CPU.ActiveCfg = Debug|Any CPU
		{EDC96485-A8A9-414C-A7D9-65EC0B817732}.Debug|Any CPU.Build.0 = Debug|Any CPU
		{EDC96485-A8A9-414C-A7D9-65EC0B817732}.Debug|Mixed Platforms.ActiveCfg = Debug|Any CPU
		{EDC96485-A8A9-414C-A7D9-65EC0B817732}.Debug|Mixed Platforms.Build.0 = Debug|Any CPU
		{EDC96485-A8A9-414C-A7D9-65EC0B817732}.Debug|Win32.ActiveCfg = Debug|Any CPU
		{EDC96485-A8A9-414C-A7D9-65EC0B817732}.Debug|x64.ActiveCfg = Debug|Any CPU
		{EDC96485-A8A9-414C-A7D9-65EC0B817732}.Debug|x64.Build.0 = Debug|Any CPU
		{EDC96485-A8A9-414C-A7D9-65EC0B817732}.Debug|x86.ActiveCfg = Debug|Any CPU
		{EDC96485-A8A9-414C-A7D9-65EC0B817732}.DVD-5|Any CPU.ActiveCfg = Debug|Any CPU
		{EDC96485-A8A9-414C-A7D9-65EC0B817732}.DVD-5|Any CPU.Build.0 = Debug|Any CPU
		{EDC96485-A8A9-414C-A7D9-65EC0B817732}.DVD-5|Mixed Platforms.ActiveCfg = Debug|Any CPU
		{EDC96485-A8A9-414C-A7D9-65EC0B817732}.DVD-5|Mixed Platforms.Build.0 = Debug|Any CPU
		{EDC96485-A8A9-414C-A7D9-65EC0B817732}.DVD-5|Win32.ActiveCfg = Debug|Any CPU
		{EDC96485-A8A9-414C-A7D9-65EC0B817732}.DVD-5|x64.ActiveCfg = Debug|Any CPU
		{EDC96485-A8A9-414C-A7D9-65EC0B817732}.DVD-5|x86.ActiveCfg = Debug|Any CPU
		{EDC96485-A8A9-414C-A7D9-65EC0B817732}.Release|Any CPU.ActiveCfg = Debug|Any CPU
		{EDC96485-A8A9-414C-A7D9-65EC0B817732}.Release|Any CPU.Build.0 = Release|Any CPU
		{EDC96485-A8A9-414C-A7D9-65EC0B817732}.Release|Mixed Platforms.ActiveCfg = Release|Any CPU
		{EDC96485-A8A9-414C-A7D9-65EC0B817732}.Release|Win32.ActiveCfg = Debug|Any CPU
		{EDC96485-A8A9-414C-A7D9-65EC0B817732}.Release|x64.ActiveCfg = Debug|Any CPU
		{EDC96485-A8A9-414C-A7D9-65EC0B817732}.Release|x86.ActiveCfg = Debug|Any CPU
		{EDC96485-A8A9-414C-A7D9-65EC0B817732}.SingleImage|Any CPU.ActiveCfg = Debug|Any CPU
		{EDC96485-A8A9-414C-A7D9-65EC0B817732}.SingleImage|Any CPU.Build.0 = Release|Any CPU
		{EDC96485-A8A9-414C-A7D9-65EC0B817732}.SingleImage|Mixed Platforms.ActiveCfg = Debug|Any CPU
		{EDC96485-A8A9-414C-A7D9-65EC0B817732}.SingleImage|Mixed Platforms.Build.0 = Release|Any CPU
		{EDC96485-A8A9-414C-A7D9-65EC0B817732}.SingleImage|Win32.ActiveCfg = Debug|Any CPU
		{EDC96485-A8A9-414C-A7D9-65EC0B817732}.SingleImage|x64.ActiveCfg = Debug|Any CPU
		{EDC96485-A8A9-414C-A7D9-65EC0B817732}.SingleImage|x86.ActiveCfg = Debug|Any CPU
		{D2A13F94-2024-4E44-B25E-8ED038A59CE2}.CD_ROM|Any CPU.ActiveCfg = Debug|Any CPU
		{D2A13F94-2024-4E44-B25E-8ED038A59CE2}.CD_ROM|Any CPU.Build.0 = Release|Any CPU
		{D2A13F94-2024-4E44-B25E-8ED038A59CE2}.CD_ROM|Mixed Platforms.ActiveCfg = Debug|Any CPU
		{D2A13F94-2024-4E44-B25E-8ED038A59CE2}.CD_ROM|Mixed Platforms.Build.0 = Release|Any CPU
		{D2A13F94-2024-4E44-B25E-8ED038A59CE2}.CD_ROM|Win32.ActiveCfg = Debug|Any CPU
		{D2A13F94-2024-4E44-B25E-8ED038A59CE2}.CD_ROM|x64.ActiveCfg = Debug|Any CPU
		{D2A13F94-2024-4E44-B25E-8ED038A59CE2}.CD_ROM|x86.ActiveCfg = Debug|Any CPU
		{D2A13F94-2024-4E44-B25E-8ED038A59CE2}.Debug|Any CPU.ActiveCfg = Debug|Any CPU
		{D2A13F94-2024-4E44-B25E-8ED038A59CE2}.Debug|Any CPU.Build.0 = Debug|Any CPU
		{D2A13F94-2024-4E44-B25E-8ED038A59CE2}.Debug|Mixed Platforms.ActiveCfg = Debug|Any CPU
		{D2A13F94-2024-4E44-B25E-8ED038A59CE2}.Debug|Mixed Platforms.Build.0 = Debug|Any CPU
		{D2A13F94-2024-4E44-B25E-8ED038A59CE2}.Debug|Win32.ActiveCfg = Debug|Any CPU
		{D2A13F94-2024-4E44-B25E-8ED038A59CE2}.Debug|x64.ActiveCfg = Debug|Any CPU
		{D2A13F94-2024-4E44-B25E-8ED038A59CE2}.Debug|x64.Build.0 = Debug|Any CPU
		{D2A13F94-2024-4E44-B25E-8ED038A59CE2}.Debug|x86.ActiveCfg = Debug|Any CPU
		{D2A13F94-2024-4E44-B25E-8ED038A59CE2}.DVD-5|Any CPU.ActiveCfg = Debug|Any CPU
		{D2A13F94-2024-4E44-B25E-8ED038A59CE2}.DVD-5|Any CPU.Build.0 = Debug|Any CPU
		{D2A13F94-2024-4E44-B25E-8ED038A59CE2}.DVD-5|Mixed Platforms.ActiveCfg = Debug|Any CPU
		{D2A13F94-2024-4E44-B25E-8ED038A59CE2}.DVD-5|Mixed Platforms.Build.0 = Debug|Any CPU
		{D2A13F94-2024-4E44-B25E-8ED038A59CE2}.DVD-5|Win32.ActiveCfg = Debug|Any CPU
		{D2A13F94-2024-4E44-B25E-8ED038A59CE2}.DVD-5|x64.ActiveCfg = Debug|Any CPU
		{D2A13F94-2024-4E44-B25E-8ED038A59CE2}.DVD-5|x86.ActiveCfg = Debug|Any CPU
		{D2A13F94-2024-4E44-B25E-8ED038A59CE2}.Release|Any CPU.ActiveCfg = Debug|Any CPU
		{D2A13F94-2024-4E44-B25E-8ED038A59CE2}.Release|Any CPU.Build.0 = Release|Any CPU
		{D2A13F94-2024-4E44-B25E-8ED038A59CE2}.Release|Mixed Platforms.ActiveCfg = Release|Any CPU
		{D2A13F94-2024-4E44-B25E-8ED038A59CE2}.Release|Win32.ActiveCfg = Debug|Any CPU
		{D2A13F94-2024-4E44-B25E-8ED038A59CE2}.Release|x64.ActiveCfg = Debug|Any CPU
		{D2A13F94-2024-4E44-B25E-8ED038A59CE2}.Release|x86.ActiveCfg = Debug|Any CPU
		{D2A13F94-2024-4E44-B25E-8ED038A59CE2}.SingleImage|Any CPU.ActiveCfg = Debug|Any CPU
		{D2A13F94-2024-4E44-B25E-8ED038A59CE2}.SingleImage|Any CPU.Build.0 = Release|Any CPU
		{D2A13F94-2024-4E44-B25E-8ED038A59CE2}.SingleImage|Mixed Platforms.ActiveCfg = Debug|Any CPU
		{D2A13F94-2024-4E44-B25E-8ED038A59CE2}.SingleImage|Mixed Platforms.Build.0 = Release|Any CPU
		{D2A13F94-2024-4E44-B25E-8ED038A59CE2}.SingleImage|Win32.ActiveCfg = Debug|Any CPU
		{D2A13F94-2024-4E44-B25E-8ED038A59CE2}.SingleImage|x64.ActiveCfg = Debug|Any CPU
		{D2A13F94-2024-4E44-B25E-8ED038A59CE2}.SingleImage|x86.ActiveCfg = Debug|Any CPU
		{04AF2BAD-2E94-49B1-88CB-18EBEB2219F7}.CD_ROM|Any CPU.ActiveCfg = Debug|Any CPU
		{04AF2BAD-2E94-49B1-88CB-18EBEB2219F7}.CD_ROM|Any CPU.Build.0 = Release|Any CPU
		{04AF2BAD-2E94-49B1-88CB-18EBEB2219F7}.CD_ROM|Mixed Platforms.ActiveCfg = Debug|Any CPU
		{04AF2BAD-2E94-49B1-88CB-18EBEB2219F7}.CD_ROM|Mixed Platforms.Build.0 = Release|Any CPU
		{04AF2BAD-2E94-49B1-88CB-18EBEB2219F7}.CD_ROM|Win32.ActiveCfg = Debug|Any CPU
		{04AF2BAD-2E94-49B1-88CB-18EBEB2219F7}.CD_ROM|x64.ActiveCfg = Debug|Any CPU
		{04AF2BAD-2E94-49B1-88CB-18EBEB2219F7}.CD_ROM|x86.ActiveCfg = Debug|Any CPU
		{04AF2BAD-2E94-49B1-88CB-18EBEB2219F7}.Debug|Any CPU.ActiveCfg = Debug|Any CPU
		{04AF2BAD-2E94-49B1-88CB-18EBEB2219F7}.Debug|Any CPU.Build.0 = Debug|Any CPU
		{04AF2BAD-2E94-49B1-88CB-18EBEB2219F7}.Debug|Mixed Platforms.ActiveCfg = Debug|Any CPU
		{04AF2BAD-2E94-49B1-88CB-18EBEB2219F7}.Debug|Mixed Platforms.Build.0 = Debug|Any CPU
		{04AF2BAD-2E94-49B1-88CB-18EBEB2219F7}.Debug|Win32.ActiveCfg = Debug|Any CPU
		{04AF2BAD-2E94-49B1-88CB-18EBEB2219F7}.Debug|x64.ActiveCfg = Debug|Any CPU
		{04AF2BAD-2E94-49B1-88CB-18EBEB2219F7}.Debug|x86.ActiveCfg = Debug|Any CPU
		{04AF2BAD-2E94-49B1-88CB-18EBEB2219F7}.DVD-5|Any CPU.ActiveCfg = Debug|Any CPU
		{04AF2BAD-2E94-49B1-88CB-18EBEB2219F7}.DVD-5|Any CPU.Build.0 = Debug|Any CPU
		{04AF2BAD-2E94-49B1-88CB-18EBEB2219F7}.DVD-5|Mixed Platforms.ActiveCfg = Debug|Any CPU
		{04AF2BAD-2E94-49B1-88CB-18EBEB2219F7}.DVD-5|Mixed Platforms.Build.0 = Debug|Any CPU
		{04AF2BAD-2E94-49B1-88CB-18EBEB2219F7}.DVD-5|Win32.ActiveCfg = Debug|Any CPU
		{04AF2BAD-2E94-49B1-88CB-18EBEB2219F7}.DVD-5|x64.ActiveCfg = Debug|Any CPU
		{04AF2BAD-2E94-49B1-88CB-18EBEB2219F7}.DVD-5|x86.ActiveCfg = Debug|Any CPU
		{04AF2BAD-2E94-49B1-88CB-18EBEB2219F7}.Release|Any CPU.ActiveCfg = Debug|Any CPU
		{04AF2BAD-2E94-49B1-88CB-18EBEB2219F7}.Release|Any CPU.Build.0 = Release|Any CPU
		{04AF2BAD-2E94-49B1-88CB-18EBEB2219F7}.Release|Mixed Platforms.ActiveCfg = Release|Any CPU
		{04AF2BAD-2E94-49B1-88CB-18EBEB2219F7}.Release|Win32.ActiveCfg = Debug|Any CPU
		{04AF2BAD-2E94-49B1-88CB-18EBEB2219F7}.Release|x64.ActiveCfg = Debug|Any CPU
		{04AF2BAD-2E94-49B1-88CB-18EBEB2219F7}.Release|x86.ActiveCfg = Debug|Any CPU
		{04AF2BAD-2E94-49B1-88CB-18EBEB2219F7}.SingleImage|Any CPU.ActiveCfg = Debug|Any CPU
		{04AF2BAD-2E94-49B1-88CB-18EBEB2219F7}.SingleImage|Any CPU.Build.0 = Release|Any CPU
		{04AF2BAD-2E94-49B1-88CB-18EBEB2219F7}.SingleImage|Mixed Platforms.ActiveCfg = Debug|Any CPU
		{04AF2BAD-2E94-49B1-88CB-18EBEB2219F7}.SingleImage|Mixed Platforms.Build.0 = Release|Any CPU
		{04AF2BAD-2E94-49B1-88CB-18EBEB2219F7}.SingleImage|Win32.ActiveCfg = Debug|Any CPU
		{04AF2BAD-2E94-49B1-88CB-18EBEB2219F7}.SingleImage|x64.ActiveCfg = Debug|Any CPU
		{04AF2BAD-2E94-49B1-88CB-18EBEB2219F7}.SingleImage|x86.ActiveCfg = Debug|Any CPU
		{91324E64-9B84-4312-9E55-5A77DF07DA1B}.CD_ROM|Any CPU.ActiveCfg = Release|Any CPU
		{91324E64-9B84-4312-9E55-5A77DF07DA1B}.CD_ROM|Any CPU.Build.0 = Release|Any CPU
		{91324E64-9B84-4312-9E55-5A77DF07DA1B}.CD_ROM|Mixed Platforms.ActiveCfg = Release|Any CPU
		{91324E64-9B84-4312-9E55-5A77DF07DA1B}.CD_ROM|Mixed Platforms.Build.0 = Release|Any CPU
		{91324E64-9B84-4312-9E55-5A77DF07DA1B}.CD_ROM|Win32.ActiveCfg = Release|Any CPU
		{91324E64-9B84-4312-9E55-5A77DF07DA1B}.CD_ROM|x64.ActiveCfg = Release|Any CPU
		{91324E64-9B84-4312-9E55-5A77DF07DA1B}.CD_ROM|x64.Build.0 = Release|x64
		{91324E64-9B84-4312-9E55-5A77DF07DA1B}.CD_ROM|x86.ActiveCfg = Release|Any CPU
		{91324E64-9B84-4312-9E55-5A77DF07DA1B}.Debug|Any CPU.ActiveCfg = Release|Any CPU
		{91324E64-9B84-4312-9E55-5A77DF07DA1B}.Debug|Any CPU.Build.0 = Debug|Any CPU
		{91324E64-9B84-4312-9E55-5A77DF07DA1B}.Debug|Mixed Platforms.ActiveCfg = Debug|Any CPU
		{91324E64-9B84-4312-9E55-5A77DF07DA1B}.Debug|Win32.ActiveCfg = Release|Any CPU
		{91324E64-9B84-4312-9E55-5A77DF07DA1B}.Debug|x64.ActiveCfg = Release|Any CPU
		{91324E64-9B84-4312-9E55-5A77DF07DA1B}.Debug|x64.Build.0 = Debug|x64
		{91324E64-9B84-4312-9E55-5A77DF07DA1B}.Debug|x86.ActiveCfg = Release|Any CPU
		{91324E64-9B84-4312-9E55-5A77DF07DA1B}.DVD-5|Any CPU.ActiveCfg = Release|Any CPU
		{91324E64-9B84-4312-9E55-5A77DF07DA1B}.DVD-5|Any CPU.Build.0 = Debug|Any CPU
		{91324E64-9B84-4312-9E55-5A77DF07DA1B}.DVD-5|Mixed Platforms.ActiveCfg = Release|Any CPU
		{91324E64-9B84-4312-9E55-5A77DF07DA1B}.DVD-5|Mixed Platforms.Build.0 = Debug|Any CPU
		{91324E64-9B84-4312-9E55-5A77DF07DA1B}.DVD-5|Win32.ActiveCfg = Release|Any CPU
		{91324E64-9B84-4312-9E55-5A77DF07DA1B}.DVD-5|x64.ActiveCfg = Release|Any CPU
		{91324E64-9B84-4312-9E55-5A77DF07DA1B}.DVD-5|x64.Build.0 = Debug|x64
		{91324E64-9B84-4312-9E55-5A77DF07DA1B}.DVD-5|x86.ActiveCfg = Release|Any CPU
		{91324E64-9B84-4312-9E55-5A77DF07DA1B}.Release|Any CPU.ActiveCfg = Release|Any CPU
		{91324E64-9B84-4312-9E55-5A77DF07DA1B}.Release|Any CPU.Build.0 = Release|Any CPU
		{91324E64-9B84-4312-9E55-5A77DF07DA1B}.Release|Mixed Platforms.ActiveCfg = Release|Any CPU
		{91324E64-9B84-4312-9E55-5A77DF07DA1B}.Release|Mixed Platforms.Build.0 = Release|Any CPU
		{91324E64-9B84-4312-9E55-5A77DF07DA1B}.Release|Win32.ActiveCfg = Release|Any CPU
		{91324E64-9B84-4312-9E55-5A77DF07DA1B}.Release|x64.ActiveCfg = Release|Any CPU
		{91324E64-9B84-4312-9E55-5A77DF07DA1B}.Release|x64.Build.0 = Release|x64
		{91324E64-9B84-4312-9E55-5A77DF07DA1B}.Release|x86.ActiveCfg = Release|Any CPU
		{91324E64-9B84-4312-9E55-5A77DF07DA1B}.SingleImage|Any CPU.ActiveCfg = Release|Any CPU
		{91324E64-9B84-4312-9E55-5A77DF07DA1B}.SingleImage|Any CPU.Build.0 = Release|Any CPU
		{91324E64-9B84-4312-9E55-5A77DF07DA1B}.SingleImage|Mixed Platforms.ActiveCfg = Release|Any CPU
		{91324E64-9B84-4312-9E55-5A77DF07DA1B}.SingleImage|Mixed Platforms.Build.0 = Release|Any CPU
		{91324E64-9B84-4312-9E55-5A77DF07DA1B}.SingleImage|Win32.ActiveCfg = Release|Any CPU
		{91324E64-9B84-4312-9E55-5A77DF07DA1B}.SingleImage|x64.ActiveCfg = Release|Any CPU
		{91324E64-9B84-4312-9E55-5A77DF07DA1B}.SingleImage|x64.Build.0 = Release|x64
		{91324E64-9B84-4312-9E55-5A77DF07DA1B}.SingleImage|x86.ActiveCfg = Release|Any CPU
		{E45FA5B2-15E6-49E5-ABE5-18FE9A7D027D}.CD_ROM|Any CPU.ActiveCfg = Release|Any CPU
		{E45FA5B2-15E6-49E5-ABE5-18FE9A7D027D}.CD_ROM|Any CPU.Build.0 = Release|Any CPU
		{E45FA5B2-15E6-49E5-ABE5-18FE9A7D027D}.CD_ROM|Mixed Platforms.ActiveCfg = Release|Any CPU
		{E45FA5B2-15E6-49E5-ABE5-18FE9A7D027D}.CD_ROM|Mixed Platforms.Build.0 = Release|Any CPU
		{E45FA5B2-15E6-49E5-ABE5-18FE9A7D027D}.CD_ROM|Win32.ActiveCfg = Release|Any CPU
		{E45FA5B2-15E6-49E5-ABE5-18FE9A7D027D}.CD_ROM|x64.ActiveCfg = Release|Any CPU
		{E45FA5B2-15E6-49E5-ABE5-18FE9A7D027D}.CD_ROM|x64.Build.0 = Release|x64
		{E45FA5B2-15E6-49E5-ABE5-18FE9A7D027D}.CD_ROM|x86.ActiveCfg = Release|Any CPU
		{E45FA5B2-15E6-49E5-ABE5-18FE9A7D027D}.Debug|Any CPU.ActiveCfg = Release|Any CPU
		{E45FA5B2-15E6-49E5-ABE5-18FE9A7D027D}.Debug|Any CPU.Build.0 = Debug|Any CPU
		{E45FA5B2-15E6-49E5-ABE5-18FE9A7D027D}.Debug|Mixed Platforms.ActiveCfg = Debug|Any CPU
		{E45FA5B2-15E6-49E5-ABE5-18FE9A7D027D}.Debug|Win32.ActiveCfg = Release|Any CPU
		{E45FA5B2-15E6-49E5-ABE5-18FE9A7D027D}.Debug|x64.ActiveCfg = Release|Any CPU
		{E45FA5B2-15E6-49E5-ABE5-18FE9A7D027D}.Debug|x64.Build.0 = Debug|x64
		{E45FA5B2-15E6-49E5-ABE5-18FE9A7D027D}.Debug|x86.ActiveCfg = Release|Any CPU
		{E45FA5B2-15E6-49E5-ABE5-18FE9A7D027D}.DVD-5|Any CPU.ActiveCfg = Release|Any CPU
		{E45FA5B2-15E6-49E5-ABE5-18FE9A7D027D}.DVD-5|Any CPU.Build.0 = Debug|Any CPU
		{E45FA5B2-15E6-49E5-ABE5-18FE9A7D027D}.DVD-5|Mixed Platforms.ActiveCfg = Release|Any CPU
		{E45FA5B2-15E6-49E5-ABE5-18FE9A7D027D}.DVD-5|Mixed Platforms.Build.0 = Debug|Any CPU
		{E45FA5B2-15E6-49E5-ABE5-18FE9A7D027D}.DVD-5|Win32.ActiveCfg = Release|Any CPU
		{E45FA5B2-15E6-49E5-ABE5-18FE9A7D027D}.DVD-5|x64.ActiveCfg = Release|Any CPU
		{E45FA5B2-15E6-49E5-ABE5-18FE9A7D027D}.DVD-5|x64.Build.0 = Debug|x64
		{E45FA5B2-15E6-49E5-ABE5-18FE9A7D027D}.DVD-5|x86.ActiveCfg = Release|Any CPU
		{E45FA5B2-15E6-49E5-ABE5-18FE9A7D027D}.Release|Any CPU.ActiveCfg = Release|Any CPU
		{E45FA5B2-15E6-49E5-ABE5-18FE9A7D027D}.Release|Any CPU.Build.0 = Release|Any CPU
		{E45FA5B2-15E6-49E5-ABE5-18FE9A7D027D}.Release|Mixed Platforms.ActiveCfg = Release|Any CPU
		{E45FA5B2-15E6-49E5-ABE5-18FE9A7D027D}.Release|Mixed Platforms.Build.0 = Release|Any CPU
		{E45FA5B2-15E6-49E5-ABE5-18FE9A7D027D}.Release|Win32.ActiveCfg = Release|Any CPU
		{E45FA5B2-15E6-49E5-ABE5-18FE9A7D027D}.Release|x64.ActiveCfg = Release|Any CPU
		{E45FA5B2-15E6-49E5-ABE5-18FE9A7D027D}.Release|x64.Build.0 = Release|x64
		{E45FA5B2-15E6-49E5-ABE5-18FE9A7D027D}.Release|x86.ActiveCfg = Release|Any CPU
		{E45FA5B2-15E6-49E5-ABE5-18FE9A7D027D}.SingleImage|Any CPU.ActiveCfg = Release|Any CPU
		{E45FA5B2-15E6-49E5-ABE5-18FE9A7D027D}.SingleImage|Any CPU.Build.0 = Release|Any CPU
		{E45FA5B2-15E6-49E5-ABE5-18FE9A7D027D}.SingleImage|Mixed Platforms.ActiveCfg = Release|Any CPU
		{E45FA5B2-15E6-49E5-ABE5-18FE9A7D027D}.SingleImage|Mixed Platforms.Build.0 = Release|Any CPU
		{E45FA5B2-15E6-49E5-ABE5-18FE9A7D027D}.SingleImage|Win32.ActiveCfg = Release|Any CPU
		{E45FA5B2-15E6-49E5-ABE5-18FE9A7D027D}.SingleImage|x64.ActiveCfg = Release|Any CPU
		{E45FA5B2-15E6-49E5-ABE5-18FE9A7D027D}.SingleImage|x64.Build.0 = Release|x64
		{E45FA5B2-15E6-49E5-ABE5-18FE9A7D027D}.SingleImage|x86.ActiveCfg = Release|Any CPU
		{72423431-4A15-4E8D-B987-8E684BD730FE}.CD_ROM|Any CPU.ActiveCfg = Release|x64
		{72423431-4A15-4E8D-B987-8E684BD730FE}.CD_ROM|Mixed Platforms.ActiveCfg = Release|x64
		{72423431-4A15-4E8D-B987-8E684BD730FE}.CD_ROM|Mixed Platforms.Build.0 = Release|Win32
		{72423431-4A15-4E8D-B987-8E684BD730FE}.CD_ROM|Win32.ActiveCfg = Release|x64
		{72423431-4A15-4E8D-B987-8E684BD730FE}.CD_ROM|Win32.Build.0 = Release|Win32
		{72423431-4A15-4E8D-B987-8E684BD730FE}.CD_ROM|x64.ActiveCfg = Release|x64
		{72423431-4A15-4E8D-B987-8E684BD730FE}.CD_ROM|x64.Build.0 = Release|x64
		{72423431-4A15-4E8D-B987-8E684BD730FE}.CD_ROM|x86.ActiveCfg = Release|x64
		{72423431-4A15-4E8D-B987-8E684BD730FE}.CD_ROM|x86.Build.0 = Release|Win32
		{72423431-4A15-4E8D-B987-8E684BD730FE}.Debug|Any CPU.ActiveCfg = Release|x64
		{72423431-4A15-4E8D-B987-8E684BD730FE}.Debug|Mixed Platforms.ActiveCfg = Debug|x64
		{72423431-4A15-4E8D-B987-8E684BD730FE}.Debug|Win32.ActiveCfg = Release|x64
		{72423431-4A15-4E8D-B987-8E684BD730FE}.Debug|Win32.Build.0 = Debug|Win32
		{72423431-4A15-4E8D-B987-8E684BD730FE}.Debug|x64.ActiveCfg = Release|x64
		{72423431-4A15-4E8D-B987-8E684BD730FE}.Debug|x64.Build.0 = Debug|x64
		{72423431-4A15-4E8D-B987-8E684BD730FE}.Debug|x86.ActiveCfg = Release|x64
		{72423431-4A15-4E8D-B987-8E684BD730FE}.Debug|x86.Build.0 = Debug|Win32
		{72423431-4A15-4E8D-B987-8E684BD730FE}.DVD-5|Any CPU.ActiveCfg = Release|x64
		{72423431-4A15-4E8D-B987-8E684BD730FE}.DVD-5|Mixed Platforms.ActiveCfg = Release|x64
		{72423431-4A15-4E8D-B987-8E684BD730FE}.DVD-5|Mixed Platforms.Build.0 = Debug|Win32
		{72423431-4A15-4E8D-B987-8E684BD730FE}.DVD-5|Win32.ActiveCfg = Release|x64
		{72423431-4A15-4E8D-B987-8E684BD730FE}.DVD-5|Win32.Build.0 = Debug|Win32
		{72423431-4A15-4E8D-B987-8E684BD730FE}.DVD-5|x64.ActiveCfg = Release|x64
		{72423431-4A15-4E8D-B987-8E684BD730FE}.DVD-5|x64.Build.0 = Debug|x64
		{72423431-4A15-4E8D-B987-8E684BD730FE}.DVD-5|x86.ActiveCfg = Release|x64
		{72423431-4A15-4E8D-B987-8E684BD730FE}.DVD-5|x86.Build.0 = Debug|Win32
		{72423431-4A15-4E8D-B987-8E684BD730FE}.Release|Any CPU.ActiveCfg = Release|x64
		{72423431-4A15-4E8D-B987-8E684BD730FE}.Release|Mixed Platforms.ActiveCfg = Release|x64
		{72423431-4A15-4E8D-B987-8E684BD730FE}.Release|Mixed Platforms.Build.0 = Release|x64
		{72423431-4A15-4E8D-B987-8E684BD730FE}.Release|Win32.ActiveCfg = Release|x64
		{72423431-4A15-4E8D-B987-8E684BD730FE}.Release|Win32.Build.0 = Release|Win32
		{72423431-4A15-4E8D-B987-8E684BD730FE}.Release|x64.ActiveCfg = Release|x64
		{72423431-4A15-4E8D-B987-8E684BD730FE}.Release|x64.Build.0 = Release|x64
		{72423431-4A15-4E8D-B987-8E684BD730FE}.Release|x86.ActiveCfg = Release|x64
		{72423431-4A15-4E8D-B987-8E684BD730FE}.Release|x86.Build.0 = Release|Win32
		{72423431-4A15-4E8D-B987-8E684BD730FE}.SingleImage|Any CPU.ActiveCfg = Release|x64
		{72423431-4A15-4E8D-B987-8E684BD730FE}.SingleImage|Mixed Platforms.ActiveCfg = Release|x64
		{72423431-4A15-4E8D-B987-8E684BD730FE}.SingleImage|Mixed Platforms.Build.0 = Release|Win32
		{72423431-4A15-4E8D-B987-8E684BD730FE}.SingleImage|Win32.ActiveCfg = Release|x64
		{72423431-4A15-4E8D-B987-8E684BD730FE}.SingleImage|Win32.Build.0 = Release|Win32
		{72423431-4A15-4E8D-B987-8E684BD730FE}.SingleImage|x64.ActiveCfg = Release|x64
		{72423431-4A15-4E8D-B987-8E684BD730FE}.SingleImage|x64.Build.0 = Release|x64
		{72423431-4A15-4E8D-B987-8E684BD730FE}.SingleImage|x86.ActiveCfg = Release|x64
		{72423431-4A15-4E8D-B987-8E684BD730FE}.SingleImage|x86.Build.0 = Release|Win32
		{C8A4992F-F2CB-40E7-92AA-7D4239653517}.CD_ROM|Any CPU.ActiveCfg = Release|Any CPU
		{C8A4992F-F2CB-40E7-92AA-7D4239653517}.CD_ROM|Any CPU.Build.0 = Release|Any CPU
		{C8A4992F-F2CB-40E7-92AA-7D4239653517}.CD_ROM|Mixed Platforms.ActiveCfg = Release|Any CPU
		{C8A4992F-F2CB-40E7-92AA-7D4239653517}.CD_ROM|Mixed Platforms.Build.0 = Release|Any CPU
		{C8A4992F-F2CB-40E7-92AA-7D4239653517}.CD_ROM|Win32.ActiveCfg = Release|Any CPU
		{C8A4992F-F2CB-40E7-92AA-7D4239653517}.CD_ROM|Win32.Build.0 = Release|Any CPU
		{C8A4992F-F2CB-40E7-92AA-7D4239653517}.CD_ROM|x64.ActiveCfg = Release|Any CPU
		{C8A4992F-F2CB-40E7-92AA-7D4239653517}.CD_ROM|x64.Build.0 = Release|Any CPU
		{C8A4992F-F2CB-40E7-92AA-7D4239653517}.CD_ROM|x86.ActiveCfg = Release|Any CPU
		{C8A4992F-F2CB-40E7-92AA-7D4239653517}.CD_ROM|x86.Build.0 = Release|Any CPU
		{C8A4992F-F2CB-40E7-92AA-7D4239653517}.Debug|Any CPU.ActiveCfg = Release|Any CPU
		{C8A4992F-F2CB-40E7-92AA-7D4239653517}.Debug|Any CPU.Build.0 = Release|Any CPU
		{C8A4992F-F2CB-40E7-92AA-7D4239653517}.Debug|Mixed Platforms.ActiveCfg = Debug|Any CPU
		{C8A4992F-F2CB-40E7-92AA-7D4239653517}.Debug|Mixed Platforms.Build.0 = Debug|Any CPU
		{C8A4992F-F2CB-40E7-92AA-7D4239653517}.Debug|Win32.ActiveCfg = Release|Any CPU
		{C8A4992F-F2CB-40E7-92AA-7D4239653517}.Debug|Win32.Build.0 = Release|Any CPU
		{C8A4992F-F2CB-40E7-92AA-7D4239653517}.Debug|x64.ActiveCfg = Release|Any CPU
		{C8A4992F-F2CB-40E7-92AA-7D4239653517}.Debug|x64.Build.0 = Release|Any CPU
		{C8A4992F-F2CB-40E7-92AA-7D4239653517}.Debug|x86.ActiveCfg = Release|Any CPU
		{C8A4992F-F2CB-40E7-92AA-7D4239653517}.Debug|x86.Build.0 = Release|Any CPU
		{C8A4992F-F2CB-40E7-92AA-7D4239653517}.DVD-5|Any CPU.ActiveCfg = Release|Any CPU
		{C8A4992F-F2CB-40E7-92AA-7D4239653517}.DVD-5|Any CPU.Build.0 = Release|Any CPU
		{C8A4992F-F2CB-40E7-92AA-7D4239653517}.DVD-5|Mixed Platforms.ActiveCfg = Release|Any CPU
		{C8A4992F-F2CB-40E7-92AA-7D4239653517}.DVD-5|Mixed Platforms.Build.0 = Release|Any CPU
		{C8A4992F-F2CB-40E7-92AA-7D4239653517}.DVD-5|Win32.ActiveCfg = Release|Any CPU
		{C8A4992F-F2CB-40E7-92AA-7D4239653517}.DVD-5|Win32.Build.0 = Release|Any CPU
		{C8A4992F-F2CB-40E7-92AA-7D4239653517}.DVD-5|x64.ActiveCfg = Release|Any CPU
		{C8A4992F-F2CB-40E7-92AA-7D4239653517}.DVD-5|x64.Build.0 = Release|Any CPU
		{C8A4992F-F2CB-40E7-92AA-7D4239653517}.DVD-5|x86.ActiveCfg = Release|Any CPU
		{C8A4992F-F2CB-40E7-92AA-7D4239653517}.DVD-5|x86.Build.0 = Release|Any CPU
		{C8A4992F-F2CB-40E7-92AA-7D4239653517}.Release|Any CPU.ActiveCfg = Release|Any CPU
		{C8A4992F-F2CB-40E7-92AA-7D4239653517}.Release|Any CPU.Build.0 = Release|Any CPU
		{C8A4992F-F2CB-40E7-92AA-7D4239653517}.Release|Mixed Platforms.ActiveCfg = Release|Any CPU
		{C8A4992F-F2CB-40E7-92AA-7D4239653517}.Release|Mixed Platforms.Build.0 = Release|Any CPU
		{C8A4992F-F2CB-40E7-92AA-7D4239653517}.Release|Win32.ActiveCfg = Release|Any CPU
		{C8A4992F-F2CB-40E7-92AA-7D4239653517}.Release|Win32.Build.0 = Release|Any CPU
		{C8A4992F-F2CB-40E7-92AA-7D4239653517}.Release|x64.ActiveCfg = Release|Any CPU
		{C8A4992F-F2CB-40E7-92AA-7D4239653517}.Release|x64.Build.0 = Release|Any CPU
		{C8A4992F-F2CB-40E7-92AA-7D4239653517}.Release|x86.ActiveCfg = Release|Any CPU
		{C8A4992F-F2CB-40E7-92AA-7D4239653517}.Release|x86.Build.0 = Release|Any CPU
		{C8A4992F-F2CB-40E7-92AA-7D4239653517}.SingleImage|Any CPU.ActiveCfg = Release|Any CPU
		{C8A4992F-F2CB-40E7-92AA-7D4239653517}.SingleImage|Any CPU.Build.0 = Release|Any CPU
		{C8A4992F-F2CB-40E7-92AA-7D4239653517}.SingleImage|Mixed Platforms.ActiveCfg = Release|Any CPU
		{C8A4992F-F2CB-40E7-92AA-7D4239653517}.SingleImage|Mixed Platforms.Build.0 = Release|Any CPU
		{C8A4992F-F2CB-40E7-92AA-7D4239653517}.SingleImage|Win32.ActiveCfg = Release|Any CPU
		{C8A4992F-F2CB-40E7-92AA-7D4239653517}.SingleImage|Win32.Build.0 = Release|Any CPU
		{C8A4992F-F2CB-40E7-92AA-7D4239653517}.SingleImage|x64.ActiveCfg = Release|Any CPU
		{C8A4992F-F2CB-40E7-92AA-7D4239653517}.SingleImage|x64.Build.0 = Release|Any CPU
		{C8A4992F-F2CB-40E7-92AA-7D4239653517}.SingleImage|x86.ActiveCfg = Release|Any CPU
		{C8A4992F-F2CB-40E7-92AA-7D4239653517}.SingleImage|x86.Build.0 = Release|Any CPU
		{AD1E4348-A13A-4877-B764-A7944E70F4FE}.CD_ROM|Any CPU.ActiveCfg = Release
		{AD1E4348-A13A-4877-B764-A7944E70F4FE}.CD_ROM|Any CPU.Build.0 = Release
		{AD1E4348-A13A-4877-B764-A7944E70F4FE}.CD_ROM|Mixed Platforms.ActiveCfg = Release
		{AD1E4348-A13A-4877-B764-A7944E70F4FE}.CD_ROM|Mixed Platforms.Build.0 = Release
		{AD1E4348-A13A-4877-B764-A7944E70F4FE}.CD_ROM|Win32.ActiveCfg = Release
		{AD1E4348-A13A-4877-B764-A7944E70F4FE}.CD_ROM|Win32.Build.0 = Release
		{AD1E4348-A13A-4877-B764-A7944E70F4FE}.CD_ROM|x64.ActiveCfg = Release
		{AD1E4348-A13A-4877-B764-A7944E70F4FE}.CD_ROM|x64.Build.0 = Release
		{AD1E4348-A13A-4877-B764-A7944E70F4FE}.CD_ROM|x86.ActiveCfg = Release
		{AD1E4348-A13A-4877-B764-A7944E70F4FE}.CD_ROM|x86.Build.0 = Release
		{AD1E4348-A13A-4877-B764-A7944E70F4FE}.Debug|Any CPU.ActiveCfg = Release
		{AD1E4348-A13A-4877-B764-A7944E70F4FE}.Debug|Any CPU.Build.0 = Release
		{AD1E4348-A13A-4877-B764-A7944E70F4FE}.Debug|Mixed Platforms.ActiveCfg = Debug
		{AD1E4348-A13A-4877-B764-A7944E70F4FE}.Debug|Mixed Platforms.Build.0 = Debug
		{AD1E4348-A13A-4877-B764-A7944E70F4FE}.Debug|Win32.ActiveCfg = Release
		{AD1E4348-A13A-4877-B764-A7944E70F4FE}.Debug|Win32.Build.0 = Release
		{AD1E4348-A13A-4877-B764-A7944E70F4FE}.Debug|x64.ActiveCfg = Release
		{AD1E4348-A13A-4877-B764-A7944E70F4FE}.Debug|x64.Build.0 = Release
		{AD1E4348-A13A-4877-B764-A7944E70F4FE}.Debug|x86.ActiveCfg = Release
		{AD1E4348-A13A-4877-B764-A7944E70F4FE}.Debug|x86.Build.0 = Release
		{AD1E4348-A13A-4877-B764-A7944E70F4FE}.DVD-5|Any CPU.ActiveCfg = Release
		{AD1E4348-A13A-4877-B764-A7944E70F4FE}.DVD-5|Any CPU.Build.0 = Release
		{AD1E4348-A13A-4877-B764-A7944E70F4FE}.DVD-5|Mixed Platforms.ActiveCfg = Release
		{AD1E4348-A13A-4877-B764-A7944E70F4FE}.DVD-5|Mixed Platforms.Build.0 = Release
		{AD1E4348-A13A-4877-B764-A7944E70F4FE}.DVD-5|Win32.ActiveCfg = Release
		{AD1E4348-A13A-4877-B764-A7944E70F4FE}.DVD-5|Win32.Build.0 = Release
		{AD1E4348-A13A-4877-B764-A7944E70F4FE}.DVD-5|x64.ActiveCfg = Release
		{AD1E4348-A13A-4877-B764-A7944E70F4FE}.DVD-5|x64.Build.0 = Release
		{AD1E4348-A13A-4877-B764-A7944E70F4FE}.DVD-5|x86.ActiveCfg = Release
		{AD1E4348-A13A-4877-B764-A7944E70F4FE}.DVD-5|x86.Build.0 = Release
		{AD1E4348-A13A-4877-B764-A7944E70F4FE}.Release|Any CPU.ActiveCfg = Release
		{AD1E4348-A13A-4877-B764-A7944E70F4FE}.Release|Any CPU.Build.0 = Release
		{AD1E4348-A13A-4877-B764-A7944E70F4FE}.Release|Mixed Platforms.ActiveCfg = Release
		{AD1E4348-A13A-4877-B764-A7944E70F4FE}.Release|Mixed Platforms.Build.0 = Release
		{AD1E4348-A13A-4877-B764-A7944E70F4FE}.Release|Win32.ActiveCfg = Release
		{AD1E4348-A13A-4877-B764-A7944E70F4FE}.Release|Win32.Build.0 = Release
		{AD1E4348-A13A-4877-B764-A7944E70F4FE}.Release|x64.ActiveCfg = Release
		{AD1E4348-A13A-4877-B764-A7944E70F4FE}.Release|x64.Build.0 = Release
		{AD1E4348-A13A-4877-B764-A7944E70F4FE}.Release|x86.ActiveCfg = Release
		{AD1E4348-A13A-4877-B764-A7944E70F4FE}.Release|x86.Build.0 = Release
		{AD1E4348-A13A-4877-B764-A7944E70F4FE}.SingleImage|Any CPU.ActiveCfg = Release
		{AD1E4348-A13A-4877-B764-A7944E70F4FE}.SingleImage|Any CPU.Build.0 = Release
		{AD1E4348-A13A-4877-B764-A7944E70F4FE}.SingleImage|Mixed Platforms.ActiveCfg = Release
		{AD1E4348-A13A-4877-B764-A7944E70F4FE}.SingleImage|Mixed Platforms.Build.0 = Release
		{AD1E4348-A13A-4877-B764-A7944E70F4FE}.SingleImage|Win32.ActiveCfg = Release
		{AD1E4348-A13A-4877-B764-A7944E70F4FE}.SingleImage|Win32.Build.0 = Release
		{AD1E4348-A13A-4877-B764-A7944E70F4FE}.SingleImage|x64.ActiveCfg = Release
		{AD1E4348-A13A-4877-B764-A7944E70F4FE}.SingleImage|x64.Build.0 = Release
		{AD1E4348-A13A-4877-B764-A7944E70F4FE}.SingleImage|x86.ActiveCfg = Release
		{AD1E4348-A13A-4877-B764-A7944E70F4FE}.SingleImage|x86.Build.0 = Release
		{2837736A-7F94-4E24-A607-AD3D7F0DBCA7}.CD_ROM|Any CPU.ActiveCfg = Release|Any CPU
		{2837736A-7F94-4E24-A607-AD3D7F0DBCA7}.CD_ROM|Any CPU.Build.0 = Release|Any CPU
		{2837736A-7F94-4E24-A607-AD3D7F0DBCA7}.CD_ROM|Mixed Platforms.ActiveCfg = Release|Any CPU
		{2837736A-7F94-4E24-A607-AD3D7F0DBCA7}.CD_ROM|Mixed Platforms.Build.0 = Release|Any CPU
		{2837736A-7F94-4E24-A607-AD3D7F0DBCA7}.CD_ROM|Win32.ActiveCfg = Release|Any CPU
		{2837736A-7F94-4E24-A607-AD3D7F0DBCA7}.CD_ROM|x64.ActiveCfg = Release|Any CPU
		{2837736A-7F94-4E24-A607-AD3D7F0DBCA7}.CD_ROM|x86.ActiveCfg = Release|Any CPU
		{2837736A-7F94-4E24-A607-AD3D7F0DBCA7}.Debug|Any CPU.ActiveCfg = Release|Any CPU
		{2837736A-7F94-4E24-A607-AD3D7F0DBCA7}.Debug|Any CPU.Build.0 = Debug|Any CPU
		{2837736A-7F94-4E24-A607-AD3D7F0DBCA7}.Debug|Mixed Platforms.ActiveCfg = Debug|Any CPU
		{2837736A-7F94-4E24-A607-AD3D7F0DBCA7}.Debug|Win32.ActiveCfg = Release|Any CPU
		{2837736A-7F94-4E24-A607-AD3D7F0DBCA7}.Debug|x64.ActiveCfg = Release|Any CPU
		{2837736A-7F94-4E24-A607-AD3D7F0DBCA7}.Debug|x86.ActiveCfg = Release|Any CPU
		{2837736A-7F94-4E24-A607-AD3D7F0DBCA7}.DVD-5|Any CPU.ActiveCfg = Release|Any CPU
		{2837736A-7F94-4E24-A607-AD3D7F0DBCA7}.DVD-5|Any CPU.Build.0 = Debug|Any CPU
		{2837736A-7F94-4E24-A607-AD3D7F0DBCA7}.DVD-5|Mixed Platforms.ActiveCfg = Release|Any CPU
		{2837736A-7F94-4E24-A607-AD3D7F0DBCA7}.DVD-5|Mixed Platforms.Build.0 = Debug|Any CPU
		{2837736A-7F94-4E24-A607-AD3D7F0DBCA7}.DVD-5|Win32.ActiveCfg = Release|Any CPU
		{2837736A-7F94-4E24-A607-AD3D7F0DBCA7}.DVD-5|x64.ActiveCfg = Release|Any CPU
		{2837736A-7F94-4E24-A607-AD3D7F0DBCA7}.DVD-5|x86.ActiveCfg = Release|Any CPU
		{2837736A-7F94-4E24-A607-AD3D7F0DBCA7}.Release|Any CPU.ActiveCfg = Release|Any CPU
		{2837736A-7F94-4E24-A607-AD3D7F0DBCA7}.Release|Any CPU.Build.0 = Release|Any CPU
		{2837736A-7F94-4E24-A607-AD3D7F0DBCA7}.Release|Mixed Platforms.ActiveCfg = Release|Any CPU
		{2837736A-7F94-4E24-A607-AD3D7F0DBCA7}.Release|Mixed Platforms.Build.0 = Release|Any CPU
		{2837736A-7F94-4E24-A607-AD3D7F0DBCA7}.Release|Win32.ActiveCfg = Release|Any CPU
		{2837736A-7F94-4E24-A607-AD3D7F0DBCA7}.Release|x64.ActiveCfg = Release|Any CPU
		{2837736A-7F94-4E24-A607-AD3D7F0DBCA7}.Release|x86.ActiveCfg = Release|Any CPU
		{2837736A-7F94-4E24-A607-AD3D7F0DBCA7}.SingleImage|Any CPU.ActiveCfg = Release|Any CPU
		{2837736A-7F94-4E24-A607-AD3D7F0DBCA7}.SingleImage|Any CPU.Build.0 = Release|Any CPU
		{2837736A-7F94-4E24-A607-AD3D7F0DBCA7}.SingleImage|Mixed Platforms.ActiveCfg = Release|Any CPU
		{2837736A-7F94-4E24-A607-AD3D7F0DBCA7}.SingleImage|Mixed Platforms.Build.0 = Release|Any CPU
		{2837736A-7F94-4E24-A607-AD3D7F0DBCA7}.SingleImage|Win32.ActiveCfg = Release|Any CPU
		{2837736A-7F94-4E24-A607-AD3D7F0DBCA7}.SingleImage|x64.ActiveCfg = Release|Any CPU
		{2837736A-7F94-4E24-A607-AD3D7F0DBCA7}.SingleImage|x86.ActiveCfg = Release|Any CPU
	EndGlobalSection
	GlobalSection(SolutionProperties) = preSolution
		HideSolutionNode = FALSE
	EndGlobalSection
EndGlobal
