
Microsoft Visual Studio Solution File, Format Version 12.00
# Visual Studio 14
VisualStudioVersion = 14.0.25420.1
MinimumVisualStudioVersion = 10.0.40219.1
Project("{FAE04EC0-301F-11D3-BF4B-00C04F79EFBC}") = "School", "Module\School.csproj", "{8C381B5A-3FD7-4311-9C42-F8115587E5FD}"
	ProjectSection(ProjectDependencies) = postProject
		{BFCFA346-8A89-4329-994D-AEA04CE62F69} = {BFCFA346-8A89-4329-994D-AEA04CE62F69}
		{4B4762C5-D0CC-4F18-9DC4-34698ED536B8} = {4B4762C5-D0CC-4F18-9DC4-34698ED536B8}
	EndProjectSection
EndProject
Project("{8BC9CEB8-8B4A-11D0-8D11-00A0C91BC942}") = "SchoolCuda", "Cuda\NewModuleCuda.vcxproj", "{BFCFA346-8A89-4329-994D-AEA04CE62F69}"
EndProject
Project("{2150E333-8FDC-42A3-9474-1A3956D46DE8}") = "Libs", "Libs", "{3E89517F-A313-4E5B-AC40-743D4F60F61B}"
EndProject
Project("{FAE04EC0-301F-11D3-BF4B-00C04F79EFBC}") = "SchoolGUI", "SchoolGUI\SchoolGUI.csproj", "{CED75F77-0FA4-48B3-B193-32C07980EDDA}"
EndProject
Project("{FAE04EC0-301F-11D3-BF4B-00C04F79EFBC}") = "BrainSimToyWorld", "..\BrainSimToyWorld\Module\BrainSimToyWorld.csproj", "{4B4762C5-D0CC-4F18-9DC4-34698ED536B8}"
	ProjectSection(ProjectDependencies) = postProject
		{F59C62C1-A4E9-4CE7-B1C8-17375D4491D6} = {F59C62C1-A4E9-4CE7-B1C8-17375D4491D6}
	EndProjectSection
EndProject
Project("{FAE04EC0-301F-11D3-BF4B-00C04F79EFBC}") = "ToyWorldFactory", "..\ToyWorld\ToyWorldFactory\ToyWorldFactory.csproj", "{F59C62C1-A4E9-4CE7-B1C8-17375D4491D6}"
EndProject
Project("{2150E333-8FDC-42A3-9474-1A3956D46DE8}") = "ToyWorld", "ToyWorld", "{30C2C486-2844-423B-A86A-20F1651924AA}"
EndProject
Project("{FAE04EC0-301F-11D3-BF4B-00C04F79EFBC}") = "ToyWorldAPI", "..\ToyWorld\ToyWorldAPI\ToyWorldAPI.csproj", "{527728E6-91BE-4678-912F-45A507D0BC67}"
EndProject
Project("{FAE04EC0-301F-11D3-BF4B-00C04F79EFBC}") = "TmxMapSerializer", "..\ToyWorld\TmxUtilities\TmxMapSerializer\TmxMapSerializer\TmxMapSerializer.csproj", "{7A4D6FA1-E44B-40E2-9DE8-3606DBC657D9}"
EndProject
Project("{FAE04EC0-301F-11D3-BF4B-00C04F79EFBC}") = "BasicNodes", "..\BasicNodes\Module\BasicNodes.csproj", "{C8A4992F-F2CB-40E7-92AA-7D4239653517}"
	ProjectSection(ProjectDependencies) = postProject
		{72423431-4A15-4E8D-B987-8E684BD730FE} = {72423431-4A15-4E8D-B987-8E684BD730FE}
	EndProjectSection
EndProject
Project("{8BC9CEB8-8B4A-11D0-8D11-00A0C91BC942}") = "BasicNodesCuda", "..\BasicNodes\Cuda\BasicNodesCuda.vcxproj", "{72423431-4A15-4E8D-B987-8E684BD730FE}"
EndProject
Project("{FAE04EC0-301F-11D3-BF4B-00C04F79EFBC}") = "BrainSimulator", "..\..\Platform\BrainSimulator\BrainSimulator.csproj", "{E45FA5B2-15E6-49E5-ABE5-18FE9A7D027D}"
	ProjectSection(ProjectDependencies) = postProject
		{C8A4992F-F2CB-40E7-92AA-7D4239653517} = {C8A4992F-F2CB-40E7-92AA-7D4239653517}
	EndProjectSection
EndProject
Project("{FAE04EC0-301F-11D3-BF4B-00C04F79EFBC}") = "Core", "..\..\Platform\Core\Core.csproj", "{91324E64-9B84-4312-9E55-5A77DF07DA1B}"
EndProject
Project("{FAE04EC0-301F-11D3-BF4B-00C04F79EFBC}") = "CoreRunner", "..\..\Platform\CoreRunner\CoreRunner.csproj", "{18DB0A95-F3A0-4B44-BC90-BB43DE0FDB96}"
EndProject
Project("{FAE04EC0-301F-11D3-BF4B-00C04F79EFBC}") = "Graph", "..\..\Libs\3rd\Graph\Graph.csproj", "{E4CC63D8-127D-4BC9-80E0-CCB3E9DA06DC}"
EndProject
Project("{FAE04EC0-301F-11D3-BF4B-00C04F79EFBC}") = "TypeMap", "..\..\Libs\TypeMap\TypeMap\TypeMap.csproj", "{86955C47-2A02-41A4-AB32-C9E592EB2971}"
EndProject
Project("{FAE04EC0-301F-11D3-BF4B-00C04F79EFBC}") = "WinFormsUI", "..\..\Libs\3rd\WinFormsUI\WinFormsUI.csproj", "{C75532C4-765B-418E-B09B-46D36B2ABDB1}"
EndProject
Project("{FAE04EC0-301F-11D3-BF4B-00C04F79EFBC}") = "YAXLib", "..\..\Libs\3rd\YAXLib\YAXLib\YAXLib.csproj", "{F1C4D174-C948-4D18-A125-F6855EF55683}"
EndProject
Project("{FAE04EC0-301F-11D3-BF4B-00C04F79EFBC}") = "Game", "..\ToyWorld\Game\Game.csproj", "{C61DB58A-5374-48F3-9457-025A1693C8CC}"
EndProject
Project("{FAE04EC0-301F-11D3-BF4B-00C04F79EFBC}") = "LoggerIface", "..\ToyWorld\LoggerIface\LoggerIface.csproj", "{97BD8CC4-EC76-44EF-B774-48062454F4FC}"
EndProject
Project("{FAE04EC0-301F-11D3-BF4B-00C04F79EFBC}") = "Logger", "..\ToyWorld\Logger\Logger.csproj", "{49A532A2-2080-4DBE-AFC8-0B34D9B0B210}"
EndProject
Project("{FAE04EC0-301F-11D3-BF4B-00C04F79EFBC}") = "Render", "..\ToyWorld\Render\Render.csproj", "{C1527127-DD8C-4076-A0A7-39EB2EF23787}"
EndProject
Project("{FAE04EC0-301F-11D3-BF4B-00C04F79EFBC}") = "RenderingBase", "..\ToyWorld\RenderingBase\RenderingBase.csproj", "{272A6B2F-921A-4AC2-ACED-A3E0F487954C}"
EndProject
Project("{FAE04EC0-301F-11D3-BF4B-00C04F79EFBC}") = "Utils", "..\ToyWorld\Utils\Utils.csproj", "{772B1188-A00D-45FC-B352-834227ADAE96}"
EndProject
Project("{FAE04EC0-301F-11D3-BF4B-00C04F79EFBC}") = "World", "..\ToyWorld\World\World.csproj", "{3831266C-24FE-4DD6-A4CC-39D0EF33C299}"
EndProject
Global
	GlobalSection(SolutionConfigurationPlatforms) = preSolution
		Debug|0 Default (x64 CUDA) = Debug|0 Default (x64 CUDA)
		Debug|1 Skip CUDA = Debug|1 Skip CUDA
		Release|0 Default (x64 CUDA) = Release|0 Default (x64 CUDA)
		Release|1 Skip CUDA = Release|1 Skip CUDA
	EndGlobalSection
	GlobalSection(ProjectConfigurationPlatforms) = postSolution
		{8C381B5A-3FD7-4311-9C42-F8115587E5FD}.Debug|0 Default (x64 CUDA).ActiveCfg = Debug|Any CPU
		{8C381B5A-3FD7-4311-9C42-F8115587E5FD}.Debug|0 Default (x64 CUDA).Build.0 = Debug|Any CPU
		{8C381B5A-3FD7-4311-9C42-F8115587E5FD}.Debug|1 Skip CUDA.ActiveCfg = Debug|Any CPU
		{8C381B5A-3FD7-4311-9C42-F8115587E5FD}.Debug|1 Skip CUDA.Build.0 = Debug|Any CPU
		{8C381B5A-3FD7-4311-9C42-F8115587E5FD}.Release|0 Default (x64 CUDA).ActiveCfg = Release|Any CPU
		{8C381B5A-3FD7-4311-9C42-F8115587E5FD}.Release|1 Skip CUDA.ActiveCfg = Release|Any CPU
		{BFCFA346-8A89-4329-994D-AEA04CE62F69}.Debug|0 Default (x64 CUDA).ActiveCfg = Debug|x64
		{BFCFA346-8A89-4329-994D-AEA04CE62F69}.Debug|0 Default (x64 CUDA).Build.0 = Debug|x64
		{BFCFA346-8A89-4329-994D-AEA04CE62F69}.Debug|1 Skip CUDA.ActiveCfg = Debug|x64
		{BFCFA346-8A89-4329-994D-AEA04CE62F69}.Release|0 Default (x64 CUDA).ActiveCfg = Release|x64
		{BFCFA346-8A89-4329-994D-AEA04CE62F69}.Release|1 Skip CUDA.ActiveCfg = Release|Win32
		{CED75F77-0FA4-48B3-B193-32C07980EDDA}.Debug|0 Default (x64 CUDA).ActiveCfg = Debug|Any CPU
		{CED75F77-0FA4-48B3-B193-32C07980EDDA}.Debug|0 Default (x64 CUDA).Build.0 = Debug|Any CPU
		{CED75F77-0FA4-48B3-B193-32C07980EDDA}.Debug|1 Skip CUDA.ActiveCfg = Debug|Any CPU
		{CED75F77-0FA4-48B3-B193-32C07980EDDA}.Debug|1 Skip CUDA.Build.0 = Debug|Any CPU
		{CED75F77-0FA4-48B3-B193-32C07980EDDA}.Release|0 Default (x64 CUDA).ActiveCfg = Release|Any CPU
		{CED75F77-0FA4-48B3-B193-32C07980EDDA}.Release|1 Skip CUDA.ActiveCfg = Release|Any CPU
		{4B4762C5-D0CC-4F18-9DC4-34698ED536B8}.Debug|0 Default (x64 CUDA).ActiveCfg = Debug|Any CPU
		{4B4762C5-D0CC-4F18-9DC4-34698ED536B8}.Debug|0 Default (x64 CUDA).Build.0 = Debug|Any CPU
		{4B4762C5-D0CC-4F18-9DC4-34698ED536B8}.Debug|1 Skip CUDA.ActiveCfg = Debug|Any CPU
		{4B4762C5-D0CC-4F18-9DC4-34698ED536B8}.Debug|1 Skip CUDA.Build.0 = Debug|Any CPU
		{4B4762C5-D0CC-4F18-9DC4-34698ED536B8}.Release|0 Default (x64 CUDA).ActiveCfg = Release|Any CPU
		{4B4762C5-D0CC-4F18-9DC4-34698ED536B8}.Release|1 Skip CUDA.ActiveCfg = Release|Any CPU
		{F59C62C1-A4E9-4CE7-B1C8-17375D4491D6}.Debug|0 Default (x64 CUDA).ActiveCfg = Debug|Any CPU
		{F59C62C1-A4E9-4CE7-B1C8-17375D4491D6}.Debug|0 Default (x64 CUDA).Build.0 = Debug|Any CPU
		{F59C62C1-A4E9-4CE7-B1C8-17375D4491D6}.Debug|1 Skip CUDA.ActiveCfg = Debug|Any CPU
		{F59C62C1-A4E9-4CE7-B1C8-17375D4491D6}.Debug|1 Skip CUDA.Build.0 = Debug|Any CPU
		{F59C62C1-A4E9-4CE7-B1C8-17375D4491D6}.Release|0 Default (x64 CUDA).ActiveCfg = Release|Any CPU
		{F59C62C1-A4E9-4CE7-B1C8-17375D4491D6}.Release|1 Skip CUDA.ActiveCfg = Release|Any CPU
		{527728E6-91BE-4678-912F-45A507D0BC67}.Debug|0 Default (x64 CUDA).ActiveCfg = Debug|Any CPU
		{527728E6-91BE-4678-912F-45A507D0BC67}.Debug|0 Default (x64 CUDA).Build.0 = Debug|Any CPU
		{527728E6-91BE-4678-912F-45A507D0BC67}.Debug|1 Skip CUDA.ActiveCfg = Debug|Any CPU
		{527728E6-91BE-4678-912F-45A507D0BC67}.Debug|1 Skip CUDA.Build.0 = Debug|Any CPU
		{527728E6-91BE-4678-912F-45A507D0BC67}.Release|0 Default (x64 CUDA).ActiveCfg = Release|Any CPU
		{527728E6-91BE-4678-912F-45A507D0BC67}.Release|1 Skip CUDA.ActiveCfg = Release|Any CPU
		{7A4D6FA1-E44B-40E2-9DE8-3606DBC657D9}.Debug|0 Default (x64 CUDA).ActiveCfg = Debug|Any CPU
		{7A4D6FA1-E44B-40E2-9DE8-3606DBC657D9}.Debug|0 Default (x64 CUDA).Build.0 = Debug|Any CPU
		{7A4D6FA1-E44B-40E2-9DE8-3606DBC657D9}.Debug|1 Skip CUDA.ActiveCfg = Debug|Any CPU
		{7A4D6FA1-E44B-40E2-9DE8-3606DBC657D9}.Debug|1 Skip CUDA.Build.0 = Debug|Any CPU
		{7A4D6FA1-E44B-40E2-9DE8-3606DBC657D9}.Release|0 Default (x64 CUDA).ActiveCfg = Release|Any CPU
		{7A4D6FA1-E44B-40E2-9DE8-3606DBC657D9}.Release|1 Skip CUDA.ActiveCfg = Release|Any CPU
		{C8A4992F-F2CB-40E7-92AA-7D4239653517}.Debug|0 Default (x64 CUDA).ActiveCfg = Debug|Any CPU
		{C8A4992F-F2CB-40E7-92AA-7D4239653517}.Debug|0 Default (x64 CUDA).Build.0 = Debug|Any CPU
		{C8A4992F-F2CB-40E7-92AA-7D4239653517}.Debug|1 Skip CUDA.ActiveCfg = Debug|Any CPU
		{C8A4992F-F2CB-40E7-92AA-7D4239653517}.Debug|1 Skip CUDA.Build.0 = Debug|Any CPU
		{C8A4992F-F2CB-40E7-92AA-7D4239653517}.Release|0 Default (x64 CUDA).ActiveCfg = Release|Any CPU
		{C8A4992F-F2CB-40E7-92AA-7D4239653517}.Release|0 Default (x64 CUDA).Build.0 = Release|Any CPU
		{C8A4992F-F2CB-40E7-92AA-7D4239653517}.Release|1 Skip CUDA.ActiveCfg = Release|Any CPU
		{C8A4992F-F2CB-40E7-92AA-7D4239653517}.Release|1 Skip CUDA.Build.0 = Release|Any CPU
		{72423431-4A15-4E8D-B987-8E684BD730FE}.Debug|0 Default (x64 CUDA).ActiveCfg = Debug|x64
		{72423431-4A15-4E8D-B987-8E684BD730FE}.Debug|0 Default (x64 CUDA).Build.0 = Debug|x64
		{72423431-4A15-4E8D-B987-8E684BD730FE}.Debug|1 Skip CUDA.ActiveCfg = Debug|x64
		{72423431-4A15-4E8D-B987-8E684BD730FE}.Release|0 Default (x64 CUDA).ActiveCfg = Release|Win32
		{72423431-4A15-4E8D-B987-8E684BD730FE}.Release|1 Skip CUDA.ActiveCfg = Release|Win32
		{E45FA5B2-15E6-49E5-ABE5-18FE9A7D027D}.Debug|0 Default (x64 CUDA).ActiveCfg = Debug|Any CPU
		{E45FA5B2-15E6-49E5-ABE5-18FE9A7D027D}.Debug|0 Default (x64 CUDA).Build.0 = Debug|Any CPU
		{E45FA5B2-15E6-49E5-ABE5-18FE9A7D027D}.Debug|1 Skip CUDA.ActiveCfg = Debug|Any CPU
		{E45FA5B2-15E6-49E5-ABE5-18FE9A7D027D}.Debug|1 Skip CUDA.Build.0 = Debug|Any CPU
		{E45FA5B2-15E6-49E5-ABE5-18FE9A7D027D}.Release|0 Default (x64 CUDA).ActiveCfg = Release|Any CPU
		{E45FA5B2-15E6-49E5-ABE5-18FE9A7D027D}.Release|0 Default (x64 CUDA).Build.0 = Release|Any CPU
		{E45FA5B2-15E6-49E5-ABE5-18FE9A7D027D}.Release|1 Skip CUDA.ActiveCfg = Release|Any CPU
		{E45FA5B2-15E6-49E5-ABE5-18FE9A7D027D}.Release|1 Skip CUDA.Build.0 = Release|Any CPU
		{91324E64-9B84-4312-9E55-5A77DF07DA1B}.Debug|0 Default (x64 CUDA).ActiveCfg = Debug|Any CPU
		{91324E64-9B84-4312-9E55-5A77DF07DA1B}.Debug|0 Default (x64 CUDA).Build.0 = Debug|Any CPU
		{91324E64-9B84-4312-9E55-5A77DF07DA1B}.Debug|1 Skip CUDA.ActiveCfg = Debug|Any CPU
		{91324E64-9B84-4312-9E55-5A77DF07DA1B}.Debug|1 Skip CUDA.Build.0 = Debug|Any CPU
		{91324E64-9B84-4312-9E55-5A77DF07DA1B}.Release|0 Default (x64 CUDA).ActiveCfg = Release|Any CPU
		{91324E64-9B84-4312-9E55-5A77DF07DA1B}.Release|0 Default (x64 CUDA).Build.0 = Release|Any CPU
		{91324E64-9B84-4312-9E55-5A77DF07DA1B}.Release|1 Skip CUDA.ActiveCfg = Release|Any CPU
		{91324E64-9B84-4312-9E55-5A77DF07DA1B}.Release|1 Skip CUDA.Build.0 = Release|Any CPU
		{18DB0A95-F3A0-4B44-BC90-BB43DE0FDB96}.Debug|0 Default (x64 CUDA).ActiveCfg = Debug|Any CPU
		{18DB0A95-F3A0-4B44-BC90-BB43DE0FDB96}.Debug|0 Default (x64 CUDA).Build.0 = Debug|Any CPU
		{18DB0A95-F3A0-4B44-BC90-BB43DE0FDB96}.Debug|1 Skip CUDA.ActiveCfg = Debug|Any CPU
		{18DB0A95-F3A0-4B44-BC90-BB43DE0FDB96}.Debug|1 Skip CUDA.Build.0 = Debug|Any CPU
		{18DB0A95-F3A0-4B44-BC90-BB43DE0FDB96}.Release|0 Default (x64 CUDA).ActiveCfg = Release|Any CPU
		{18DB0A95-F3A0-4B44-BC90-BB43DE0FDB96}.Release|0 Default (x64 CUDA).Build.0 = Release|Any CPU
		{18DB0A95-F3A0-4B44-BC90-BB43DE0FDB96}.Release|1 Skip CUDA.ActiveCfg = Release|Any CPU
		{18DB0A95-F3A0-4B44-BC90-BB43DE0FDB96}.Release|1 Skip CUDA.Build.0 = Release|Any CPU
		{E4CC63D8-127D-4BC9-80E0-CCB3E9DA06DC}.Debug|0 Default (x64 CUDA).ActiveCfg = Debug|Any CPU
		{E4CC63D8-127D-4BC9-80E0-CCB3E9DA06DC}.Debug|0 Default (x64 CUDA).Build.0 = Debug|Any CPU
		{E4CC63D8-127D-4BC9-80E0-CCB3E9DA06DC}.Debug|1 Skip CUDA.ActiveCfg = Debug|Any CPU
		{E4CC63D8-127D-4BC9-80E0-CCB3E9DA06DC}.Debug|1 Skip CUDA.Build.0 = Debug|Any CPU
		{E4CC63D8-127D-4BC9-80E0-CCB3E9DA06DC}.Release|0 Default (x64 CUDA).ActiveCfg = Release|Any CPU
		{E4CC63D8-127D-4BC9-80E0-CCB3E9DA06DC}.Release|0 Default (x64 CUDA).Build.0 = Release|Any CPU
		{E4CC63D8-127D-4BC9-80E0-CCB3E9DA06DC}.Release|1 Skip CUDA.ActiveCfg = Release|Any CPU
		{E4CC63D8-127D-4BC9-80E0-CCB3E9DA06DC}.Release|1 Skip CUDA.Build.0 = Release|Any CPU
		{86955C47-2A02-41A4-AB32-C9E592EB2971}.Debug|0 Default (x64 CUDA).ActiveCfg = Debug|Any CPU
		{86955C47-2A02-41A4-AB32-C9E592EB2971}.Debug|0 Default (x64 CUDA).Build.0 = Debug|Any CPU
		{86955C47-2A02-41A4-AB32-C9E592EB2971}.Debug|1 Skip CUDA.ActiveCfg = Debug|Any CPU
		{86955C47-2A02-41A4-AB32-C9E592EB2971}.Debug|1 Skip CUDA.Build.0 = Debug|Any CPU
		{86955C47-2A02-41A4-AB32-C9E592EB2971}.Release|0 Default (x64 CUDA).ActiveCfg = Release|Any CPU
		{86955C47-2A02-41A4-AB32-C9E592EB2971}.Release|0 Default (x64 CUDA).Build.0 = Release|Any CPU
		{86955C47-2A02-41A4-AB32-C9E592EB2971}.Release|1 Skip CUDA.ActiveCfg = Release|Any CPU
		{86955C47-2A02-41A4-AB32-C9E592EB2971}.Release|1 Skip CUDA.Build.0 = Release|Any CPU
		{C75532C4-765B-418E-B09B-46D36B2ABDB1}.Debug|0 Default (x64 CUDA).ActiveCfg = Debug|Any CPU
		{C75532C4-765B-418E-B09B-46D36B2ABDB1}.Debug|0 Default (x64 CUDA).Build.0 = Debug|Any CPU
		{C75532C4-765B-418E-B09B-46D36B2ABDB1}.Debug|1 Skip CUDA.ActiveCfg = Debug|Any CPU
		{C75532C4-765B-418E-B09B-46D36B2ABDB1}.Debug|1 Skip CUDA.Build.0 = Debug|Any CPU
		{C75532C4-765B-418E-B09B-46D36B2ABDB1}.Release|0 Default (x64 CUDA).ActiveCfg = Release|Any CPU
		{C75532C4-765B-418E-B09B-46D36B2ABDB1}.Release|0 Default (x64 CUDA).Build.0 = Release|Any CPU
		{C75532C4-765B-418E-B09B-46D36B2ABDB1}.Release|1 Skip CUDA.ActiveCfg = Release|Any CPU
		{C75532C4-765B-418E-B09B-46D36B2ABDB1}.Release|1 Skip CUDA.Build.0 = Release|Any CPU
		{F1C4D174-C948-4D18-A125-F6855EF55683}.Debug|0 Default (x64 CUDA).ActiveCfg = Debug|Any CPU
		{F1C4D174-C948-4D18-A125-F6855EF55683}.Debug|0 Default (x64 CUDA).Build.0 = Debug|Any CPU
		{F1C4D174-C948-4D18-A125-F6855EF55683}.Debug|1 Skip CUDA.ActiveCfg = Debug|Any CPU
		{F1C4D174-C948-4D18-A125-F6855EF55683}.Debug|1 Skip CUDA.Build.0 = Debug|Any CPU
		{F1C4D174-C948-4D18-A125-F6855EF55683}.Release|0 Default (x64 CUDA).ActiveCfg = Release|Any CPU
		{F1C4D174-C948-4D18-A125-F6855EF55683}.Release|0 Default (x64 CUDA).Build.0 = Release|Any CPU
		{F1C4D174-C948-4D18-A125-F6855EF55683}.Release|1 Skip CUDA.ActiveCfg = Release|Any CPU
		{F1C4D174-C948-4D18-A125-F6855EF55683}.Release|1 Skip CUDA.Build.0 = Release|Any CPU
		{C61DB58A-5374-48F3-9457-025A1693C8CC}.Debug|0 Default (x64 CUDA).ActiveCfg = Debug|Any CPU
		{C61DB58A-5374-48F3-9457-025A1693C8CC}.Debug|0 Default (x64 CUDA).Build.0 = Debug|Any CPU
		{C61DB58A-5374-48F3-9457-025A1693C8CC}.Debug|1 Skip CUDA.ActiveCfg = Debug|Any CPU
		{C61DB58A-5374-48F3-9457-025A1693C8CC}.Debug|1 Skip CUDA.Build.0 = Debug|Any CPU
		{C61DB58A-5374-48F3-9457-025A1693C8CC}.Release|0 Default (x64 CUDA).ActiveCfg = Release|Any CPU
		{C61DB58A-5374-48F3-9457-025A1693C8CC}.Release|0 Default (x64 CUDA).Build.0 = Release|Any CPU
		{C61DB58A-5374-48F3-9457-025A1693C8CC}.Release|1 Skip CUDA.ActiveCfg = Release|Any CPU
		{C61DB58A-5374-48F3-9457-025A1693C8CC}.Release|1 Skip CUDA.Build.0 = Release|Any CPU
		{97BD8CC4-EC76-44EF-B774-48062454F4FC}.Debug|0 Default (x64 CUDA).ActiveCfg = Debug|Any CPU
		{97BD8CC4-EC76-44EF-B774-48062454F4FC}.Debug|0 Default (x64 CUDA).Build.0 = Debug|Any CPU
		{97BD8CC4-EC76-44EF-B774-48062454F4FC}.Debug|1 Skip CUDA.ActiveCfg = Debug|Any CPU
		{97BD8CC4-EC76-44EF-B774-48062454F4FC}.Debug|1 Skip CUDA.Build.0 = Debug|Any CPU
		{97BD8CC4-EC76-44EF-B774-48062454F4FC}.Release|0 Default (x64 CUDA).ActiveCfg = Release|Any CPU
		{97BD8CC4-EC76-44EF-B774-48062454F4FC}.Release|0 Default (x64 CUDA).Build.0 = Release|Any CPU
		{97BD8CC4-EC76-44EF-B774-48062454F4FC}.Release|1 Skip CUDA.ActiveCfg = Release|Any CPU
		{97BD8CC4-EC76-44EF-B774-48062454F4FC}.Release|1 Skip CUDA.Build.0 = Release|Any CPU
		{49A532A2-2080-4DBE-AFC8-0B34D9B0B210}.Debug|0 Default (x64 CUDA).ActiveCfg = Debug|Any CPU
		{49A532A2-2080-4DBE-AFC8-0B34D9B0B210}.Debug|0 Default (x64 CUDA).Build.0 = Debug|Any CPU
		{49A532A2-2080-4DBE-AFC8-0B34D9B0B210}.Debug|1 Skip CUDA.ActiveCfg = Debug|Any CPU
		{49A532A2-2080-4DBE-AFC8-0B34D9B0B210}.Debug|1 Skip CUDA.Build.0 = Debug|Any CPU
		{49A532A2-2080-4DBE-AFC8-0B34D9B0B210}.Release|0 Default (x64 CUDA).ActiveCfg = Release|Any CPU
		{49A532A2-2080-4DBE-AFC8-0B34D9B0B210}.Release|0 Default (x64 CUDA).Build.0 = Release|Any CPU
		{49A532A2-2080-4DBE-AFC8-0B34D9B0B210}.Release|1 Skip CUDA.ActiveCfg = Release|Any CPU
		{49A532A2-2080-4DBE-AFC8-0B34D9B0B210}.Release|1 Skip CUDA.Build.0 = Release|Any CPU
		{C1527127-DD8C-4076-A0A7-39EB2EF23787}.Debug|0 Default (x64 CUDA).ActiveCfg = Debug|Any CPU
		{C1527127-DD8C-4076-A0A7-39EB2EF23787}.Debug|0 Default (x64 CUDA).Build.0 = Debug|Any CPU
		{C1527127-DD8C-4076-A0A7-39EB2EF23787}.Debug|1 Skip CUDA.ActiveCfg = Debug|Any CPU
		{C1527127-DD8C-4076-A0A7-39EB2EF23787}.Debug|1 Skip CUDA.Build.0 = Debug|Any CPU
		{C1527127-DD8C-4076-A0A7-39EB2EF23787}.Release|0 Default (x64 CUDA).ActiveCfg = Release|Any CPU
		{C1527127-DD8C-4076-A0A7-39EB2EF23787}.Release|0 Default (x64 CUDA).Build.0 = Release|Any CPU
		{C1527127-DD8C-4076-A0A7-39EB2EF23787}.Release|1 Skip CUDA.ActiveCfg = Release|Any CPU
		{C1527127-DD8C-4076-A0A7-39EB2EF23787}.Release|1 Skip CUDA.Build.0 = Release|Any CPU
		{272A6B2F-921A-4AC2-ACED-A3E0F487954C}.Debug|0 Default (x64 CUDA).ActiveCfg = Debug|Any CPU
		{272A6B2F-921A-4AC2-ACED-A3E0F487954C}.Debug|0 Default (x64 CUDA).Build.0 = Debug|Any CPU
		{272A6B2F-921A-4AC2-ACED-A3E0F487954C}.Debug|1 Skip CUDA.ActiveCfg = Debug|Any CPU
		{272A6B2F-921A-4AC2-ACED-A3E0F487954C}.Debug|1 Skip CUDA.Build.0 = Debug|Any CPU
		{272A6B2F-921A-4AC2-ACED-A3E0F487954C}.Release|0 Default (x64 CUDA).ActiveCfg = Release|Any CPU
		{272A6B2F-921A-4AC2-ACED-A3E0F487954C}.Release|0 Default (x64 CUDA).Build.0 = Release|Any CPU
		{272A6B2F-921A-4AC2-ACED-A3E0F487954C}.Release|1 Skip CUDA.ActiveCfg = Release|Any CPU
		{272A6B2F-921A-4AC2-ACED-A3E0F487954C}.Release|1 Skip CUDA.Build.0 = Release|Any CPU
		{772B1188-A00D-45FC-B352-834227ADAE96}.Debug|0 Default (x64 CUDA).ActiveCfg = Debug|Any CPU
		{772B1188-A00D-45FC-B352-834227ADAE96}.Debug|0 Default (x64 CUDA).Build.0 = Debug|Any CPU
		{772B1188-A00D-45FC-B352-834227ADAE96}.Debug|1 Skip CUDA.ActiveCfg = Debug|Any CPU
		{772B1188-A00D-45FC-B352-834227ADAE96}.Debug|1 Skip CUDA.Build.0 = Debug|Any CPU
		{772B1188-A00D-45FC-B352-834227ADAE96}.Release|0 Default (x64 CUDA).ActiveCfg = Release|Any CPU
		{772B1188-A00D-45FC-B352-834227ADAE96}.Release|0 Default (x64 CUDA).Build.0 = Release|Any CPU
		{772B1188-A00D-45FC-B352-834227ADAE96}.Release|1 Skip CUDA.ActiveCfg = Release|Any CPU
		{772B1188-A00D-45FC-B352-834227ADAE96}.Release|1 Skip CUDA.Build.0 = Release|Any CPU
		{3831266C-24FE-4DD6-A4CC-39D0EF33C299}.Debug|0 Default (x64 CUDA).ActiveCfg = Debug|Any CPU
		{3831266C-24FE-4DD6-A4CC-39D0EF33C299}.Debug|0 Default (x64 CUDA).Build.0 = Debug|Any CPU
		{3831266C-24FE-4DD6-A4CC-39D0EF33C299}.Debug|1 Skip CUDA.ActiveCfg = Debug|Any CPU
		{3831266C-24FE-4DD6-A4CC-39D0EF33C299}.Debug|1 Skip CUDA.Build.0 = Debug|Any CPU
		{3831266C-24FE-4DD6-A4CC-39D0EF33C299}.Release|0 Default (x64 CUDA).ActiveCfg = Release|Any CPU
		{3831266C-24FE-4DD6-A4CC-39D0EF33C299}.Release|0 Default (x64 CUDA).Build.0 = Release|Any CPU
		{3831266C-24FE-4DD6-A4CC-39D0EF33C299}.Release|1 Skip CUDA.ActiveCfg = Release|Any CPU
		{3831266C-24FE-4DD6-A4CC-39D0EF33C299}.Release|1 Skip CUDA.Build.0 = Release|Any CPU
	EndGlobalSection
	GlobalSection(SolutionProperties) = preSolution
		HideSolutionNode = FALSE
	EndGlobalSection
	GlobalSection(NestedProjects) = preSolution
		{4B4762C5-D0CC-4F18-9DC4-34698ED536B8} = {30C2C486-2844-423B-A86A-20F1651924AA}
		{F59C62C1-A4E9-4CE7-B1C8-17375D4491D6} = {30C2C486-2844-423B-A86A-20F1651924AA}
		{527728E6-91BE-4678-912F-45A507D0BC67} = {30C2C486-2844-423B-A86A-20F1651924AA}
		{7A4D6FA1-E44B-40E2-9DE8-3606DBC657D9} = {30C2C486-2844-423B-A86A-20F1651924AA}
		{E4CC63D8-127D-4BC9-80E0-CCB3E9DA06DC} = {3E89517F-A313-4E5B-AC40-743D4F60F61B}
		{86955C47-2A02-41A4-AB32-C9E592EB2971} = {3E89517F-A313-4E5B-AC40-743D4F60F61B}
		{C75532C4-765B-418E-B09B-46D36B2ABDB1} = {3E89517F-A313-4E5B-AC40-743D4F60F61B}
		{F1C4D174-C948-4D18-A125-F6855EF55683} = {3E89517F-A313-4E5B-AC40-743D4F60F61B}
		{C61DB58A-5374-48F3-9457-025A1693C8CC} = {30C2C486-2844-423B-A86A-20F1651924AA}
		{97BD8CC4-EC76-44EF-B774-48062454F4FC} = {30C2C486-2844-423B-A86A-20F1651924AA}
		{49A532A2-2080-4DBE-AFC8-0B34D9B0B210} = {30C2C486-2844-423B-A86A-20F1651924AA}
		{C1527127-DD8C-4076-A0A7-39EB2EF23787} = {30C2C486-2844-423B-A86A-20F1651924AA}
		{272A6B2F-921A-4AC2-ACED-A3E0F487954C} = {30C2C486-2844-423B-A86A-20F1651924AA}
		{772B1188-A00D-45FC-B352-834227ADAE96} = {30C2C486-2844-423B-A86A-20F1651924AA}
		{3831266C-24FE-4DD6-A4CC-39D0EF33C299} = {30C2C486-2844-423B-A86A-20F1651924AA}
	EndGlobalSection
EndGlobal
